
Microsoft Visual Studio Solution File, Format Version 12.00
# Visual Studio Version 16
VisualStudioVersion = 16.0.30717.126
MinimumVisualStudioVersion = 10.0.40219.1
Project("{FAE04EC0-301F-11D3-BF4B-00C04F79EFBC}") = "RandomGuid.UWP", "RandomGuid.UWP\RandomGuid.UWP.csproj", "{9ADFA43F-642B-4FBC-B3BD-E969B1D2441A}"
EndProject
Project("{9A19103F-16F7-4668-BE54-9A1E7A4F7556}") = "RandomGuid.WPF", "RandomGuid.WPF\RandomGuid.WPF.csproj", "{5D42B243-DD6E-4FBF-AFA0-D6E02005A828}"
EndProject
Project("{9A19103F-16F7-4668-BE54-9A1E7A4F7556}") = "RandomGuid.AvaloniaUI", "RandomGuid.AvaloniaUI\RandomGuid.AvaloniaUI.csproj", "{D7F506D6-A46F-4739-AA15-08F3350F05D0}"
EndProject
Project("{2150E333-8FDC-42A3-9474-1A3956D46DE8}") = "Solution Items", "Solution Items", "{9E6FAC60-396D-4275-B60F-0DC283C0AF1D}"
	ProjectSection(SolutionItems) = preProject
		..\..\..\licence.txt = ..\..\..\licence.txt
		Readme.md = Readme.md
	EndProjectSection
EndProject
Project("{FAE04EC0-301F-11D3-BF4B-00C04F79EFBC}") = "RandomGuid.Mobile.UWP", "RandomGuid.Mobile\RandomGuid.Mobile.UWP\RandomGuid.Mobile.UWP.csproj", "{0D908C91-52A2-4E8A-9C00-0AA08D3CA87A}"
EndProject
Project("{FAE04EC0-301F-11D3-BF4B-00C04F79EFBC}") = "RandomGuid.Mobile.Android", "RandomGuid.Mobile\RandomGuid.Mobile.Android\RandomGuid.Mobile.Android.csproj", "{685FF401-3C4E-4EEA-BC4D-55F75EA11E7F}"
EndProject
Project("{FAE04EC0-301F-11D3-BF4B-00C04F79EFBC}") = "RandomGuid.Mobile.iOS", "RandomGuid.Mobile\RandomGuid.Mobile.iOS\RandomGuid.Mobile.iOS.csproj", "{385C4FE6-C77C-4957-9F90-F289175F0EA1}"
EndProject
Project("{9A19103F-16F7-4668-BE54-9A1E7A4F7556}") = "RandomGuid.Mobile", "RandomGuid.Mobile\RandomGuid.Mobile\RandomGuid.Mobile.csproj", "{CD970F9C-07C9-4850-822A-D248104780EB}"
EndProject
Project("{6EC3EE1D-3C4E-46DD-8F32-0CC8E7565705}") = "RandomGuid.AvaloniaFuncUI", "RandomGuid.AvaloniaFuncUI\RandomGuid.AvaloniaFuncUI.fsproj", "{90E15362-061C-47EA-A622-E51B68E4BF82}"
EndProject
Project("{6EC3EE1D-3C4E-46DD-8F32-0CC8E7565705}") = "RandomGui.Bolero.Server", "RandomGui.Bolero\src\RandomGui.Bolero.Server\RandomGui.Bolero.Server.fsproj", "{3DCDFE5A-37D3-470E-A52F-5DA34C3A0912}"
EndProject
Project("{6EC3EE1D-3C4E-46DD-8F32-0CC8E7565705}") = "RandomGui.Bolero.Client", "RandomGui.Bolero\src\RandomGui.Bolero.Client\RandomGui.Bolero.Client.fsproj", "{3730BBEA-355B-4087-B2AD-A3A63C7C266D}"
EndProject
Project("{6EC3EE1D-3C4E-46DD-8F32-0CC8E7565705}") = "RandomGuid.Fabulous", "RandomGuid.Fabulous\RandomGuid.Fabulous\RandomGuid.Fabulous.fsproj", "{C3A54A0C-8AB4-4C3F-9A5B-FA7289F841C9}"
EndProject
Project("{F2A71F9B-5D33-465A-A702-920D77279786}") = "RandomGuid.Fabulous.Android", "RandomGuid.Fabulous\RandomGuid.Fabulous.Android\RandomGuid.Fabulous.Android.fsproj", "{5F2DB149-3C76-4DC5-85C1-430340DEDAF2}"
EndProject
Project("{F2A71F9B-5D33-465A-A702-920D77279786}") = "RandomGuid.Fabulous.Gtk", "RandomGuid.Fabulous\RandomGuid.Fabulous.Gtk\RandomGuid.Fabulous.Gtk.fsproj", "{C6A6BA94-897C-48B5-8046-3DF33897BA94}"
EndProject
Project("{F2A71F9B-5D33-465A-A702-920D77279786}") = "RandomGuid.Fabulous.iOS", "RandomGuid.Fabulous\RandomGuid.Fabulous.iOS\RandomGuid.Fabulous.iOS.fsproj", "{820132E9-57E8-41DE-9E67-336782A68381}"
EndProject
Project("{F2A71F9B-5D33-465A-A702-920D77279786}") = "RandomGuid.Fabulous.macOS", "RandomGuid.Fabulous\RandomGuid.Fabulous.macOS\RandomGuid.Fabulous.macOS.fsproj", "{EA9A5257-39AE-4344-A250-525E7D00B63C}"
EndProject
Project("{FAE04EC0-301F-11D3-BF4B-00C04F79EFBC}") = "RandomGuid.Fabulous.UWP", "RandomGuid.Fabulous\RandomGuid.Fabulous.UWP\RandomGuid.Fabulous.UWP.csproj", "{B9D70A93-2C6D-4F9B-84B3-C55355572105}"
EndProject
Project("{6EC3EE1D-3C4E-46DD-8F32-0CC8E7565705}") = "RandomGuid.Fabulous.WPF", "RandomGuid.Fabulous\RandomGuid.Fabulous.WPF\RandomGuid.Fabulous.WPF.fsproj", "{CB1DF28E-4EB7-42A0-90AF-B3ED920515D2}"
EndProject
Global
	GlobalSection(SolutionConfigurationPlatforms) = preSolution
		Ad-Hoc|Any CPU = Ad-Hoc|Any CPU
		Ad-Hoc|ARM = Ad-Hoc|ARM
		Ad-Hoc|ARM64 = Ad-Hoc|ARM64
		Ad-Hoc|iPhone = Ad-Hoc|iPhone
		Ad-Hoc|iPhoneSimulator = Ad-Hoc|iPhoneSimulator
		Ad-Hoc|x64 = Ad-Hoc|x64
		Ad-Hoc|x86 = Ad-Hoc|x86
		AppStore|Any CPU = AppStore|Any CPU
		AppStore|ARM = AppStore|ARM
		AppStore|ARM64 = AppStore|ARM64
		AppStore|iPhone = AppStore|iPhone
		AppStore|iPhoneSimulator = AppStore|iPhoneSimulator
		AppStore|x64 = AppStore|x64
		AppStore|x86 = AppStore|x86
		Debug|Any CPU = Debug|Any CPU
		Debug|ARM = Debug|ARM
		Debug|ARM64 = Debug|ARM64
		Debug|iPhone = Debug|iPhone
		Debug|iPhoneSimulator = Debug|iPhoneSimulator
		Debug|x64 = Debug|x64
		Debug|x86 = Debug|x86
		Release|Any CPU = Release|Any CPU
		Release|ARM = Release|ARM
		Release|ARM64 = Release|ARM64
		Release|iPhone = Release|iPhone
		Release|iPhoneSimulator = Release|iPhoneSimulator
		Release|x64 = Release|x64
		Release|x86 = Release|x86
	EndGlobalSection
	GlobalSection(ProjectConfigurationPlatforms) = postSolution
		{9ADFA43F-642B-4FBC-B3BD-E969B1D2441A}.Ad-Hoc|Any CPU.ActiveCfg = Debug|x86
		{9ADFA43F-642B-4FBC-B3BD-E969B1D2441A}.Ad-Hoc|Any CPU.Build.0 = Debug|x86
		{9ADFA43F-642B-4FBC-B3BD-E969B1D2441A}.Ad-Hoc|Any CPU.Deploy.0 = Debug|x86
		{9ADFA43F-642B-4FBC-B3BD-E969B1D2441A}.Ad-Hoc|ARM.ActiveCfg = Debug|ARM
		{9ADFA43F-642B-4FBC-B3BD-E969B1D2441A}.Ad-Hoc|ARM.Build.0 = Debug|ARM
		{9ADFA43F-642B-4FBC-B3BD-E969B1D2441A}.Ad-Hoc|ARM.Deploy.0 = Debug|ARM
		{9ADFA43F-642B-4FBC-B3BD-E969B1D2441A}.Ad-Hoc|ARM64.ActiveCfg = Debug|ARM64
		{9ADFA43F-642B-4FBC-B3BD-E969B1D2441A}.Ad-Hoc|ARM64.Build.0 = Debug|ARM64
		{9ADFA43F-642B-4FBC-B3BD-E969B1D2441A}.Ad-Hoc|ARM64.Deploy.0 = Debug|ARM64
		{9ADFA43F-642B-4FBC-B3BD-E969B1D2441A}.Ad-Hoc|iPhone.ActiveCfg = Debug|x86
		{9ADFA43F-642B-4FBC-B3BD-E969B1D2441A}.Ad-Hoc|iPhone.Build.0 = Debug|x86
		{9ADFA43F-642B-4FBC-B3BD-E969B1D2441A}.Ad-Hoc|iPhone.Deploy.0 = Debug|x86
		{9ADFA43F-642B-4FBC-B3BD-E969B1D2441A}.Ad-Hoc|iPhoneSimulator.ActiveCfg = Debug|x86
		{9ADFA43F-642B-4FBC-B3BD-E969B1D2441A}.Ad-Hoc|iPhoneSimulator.Build.0 = Debug|x86
		{9ADFA43F-642B-4FBC-B3BD-E969B1D2441A}.Ad-Hoc|iPhoneSimulator.Deploy.0 = Debug|x86
		{9ADFA43F-642B-4FBC-B3BD-E969B1D2441A}.Ad-Hoc|x64.ActiveCfg = Debug|x64
		{9ADFA43F-642B-4FBC-B3BD-E969B1D2441A}.Ad-Hoc|x64.Build.0 = Debug|x64
		{9ADFA43F-642B-4FBC-B3BD-E969B1D2441A}.Ad-Hoc|x64.Deploy.0 = Debug|x64
		{9ADFA43F-642B-4FBC-B3BD-E969B1D2441A}.Ad-Hoc|x86.ActiveCfg = Debug|x86
		{9ADFA43F-642B-4FBC-B3BD-E969B1D2441A}.Ad-Hoc|x86.Build.0 = Debug|x86
		{9ADFA43F-642B-4FBC-B3BD-E969B1D2441A}.Ad-Hoc|x86.Deploy.0 = Debug|x86
		{9ADFA43F-642B-4FBC-B3BD-E969B1D2441A}.AppStore|Any CPU.ActiveCfg = Debug|x86
		{9ADFA43F-642B-4FBC-B3BD-E969B1D2441A}.AppStore|Any CPU.Build.0 = Debug|x86
		{9ADFA43F-642B-4FBC-B3BD-E969B1D2441A}.AppStore|Any CPU.Deploy.0 = Debug|x86
		{9ADFA43F-642B-4FBC-B3BD-E969B1D2441A}.AppStore|ARM.ActiveCfg = Debug|ARM
		{9ADFA43F-642B-4FBC-B3BD-E969B1D2441A}.AppStore|ARM.Build.0 = Debug|ARM
		{9ADFA43F-642B-4FBC-B3BD-E969B1D2441A}.AppStore|ARM.Deploy.0 = Debug|ARM
		{9ADFA43F-642B-4FBC-B3BD-E969B1D2441A}.AppStore|ARM64.ActiveCfg = Debug|ARM64
		{9ADFA43F-642B-4FBC-B3BD-E969B1D2441A}.AppStore|ARM64.Build.0 = Debug|ARM64
		{9ADFA43F-642B-4FBC-B3BD-E969B1D2441A}.AppStore|ARM64.Deploy.0 = Debug|ARM64
		{9ADFA43F-642B-4FBC-B3BD-E969B1D2441A}.AppStore|iPhone.ActiveCfg = Debug|x86
		{9ADFA43F-642B-4FBC-B3BD-E969B1D2441A}.AppStore|iPhone.Build.0 = Debug|x86
		{9ADFA43F-642B-4FBC-B3BD-E969B1D2441A}.AppStore|iPhone.Deploy.0 = Debug|x86
		{9ADFA43F-642B-4FBC-B3BD-E969B1D2441A}.AppStore|iPhoneSimulator.ActiveCfg = Debug|x86
		{9ADFA43F-642B-4FBC-B3BD-E969B1D2441A}.AppStore|iPhoneSimulator.Build.0 = Debug|x86
		{9ADFA43F-642B-4FBC-B3BD-E969B1D2441A}.AppStore|iPhoneSimulator.Deploy.0 = Debug|x86
		{9ADFA43F-642B-4FBC-B3BD-E969B1D2441A}.AppStore|x64.ActiveCfg = Debug|x64
		{9ADFA43F-642B-4FBC-B3BD-E969B1D2441A}.AppStore|x64.Build.0 = Debug|x64
		{9ADFA43F-642B-4FBC-B3BD-E969B1D2441A}.AppStore|x64.Deploy.0 = Debug|x64
		{9ADFA43F-642B-4FBC-B3BD-E969B1D2441A}.AppStore|x86.ActiveCfg = Debug|x86
		{9ADFA43F-642B-4FBC-B3BD-E969B1D2441A}.AppStore|x86.Build.0 = Debug|x86
		{9ADFA43F-642B-4FBC-B3BD-E969B1D2441A}.AppStore|x86.Deploy.0 = Debug|x86
		{9ADFA43F-642B-4FBC-B3BD-E969B1D2441A}.Debug|Any CPU.ActiveCfg = Debug|x86
		{9ADFA43F-642B-4FBC-B3BD-E969B1D2441A}.Debug|ARM.ActiveCfg = Debug|ARM
		{9ADFA43F-642B-4FBC-B3BD-E969B1D2441A}.Debug|ARM.Build.0 = Debug|ARM
		{9ADFA43F-642B-4FBC-B3BD-E969B1D2441A}.Debug|ARM.Deploy.0 = Debug|ARM
		{9ADFA43F-642B-4FBC-B3BD-E969B1D2441A}.Debug|ARM64.ActiveCfg = Debug|ARM64
		{9ADFA43F-642B-4FBC-B3BD-E969B1D2441A}.Debug|ARM64.Build.0 = Debug|ARM64
		{9ADFA43F-642B-4FBC-B3BD-E969B1D2441A}.Debug|ARM64.Deploy.0 = Debug|ARM64
		{9ADFA43F-642B-4FBC-B3BD-E969B1D2441A}.Debug|iPhone.ActiveCfg = Debug|x86
		{9ADFA43F-642B-4FBC-B3BD-E969B1D2441A}.Debug|iPhoneSimulator.ActiveCfg = Debug|x86
		{9ADFA43F-642B-4FBC-B3BD-E969B1D2441A}.Debug|x64.ActiveCfg = Debug|x64
		{9ADFA43F-642B-4FBC-B3BD-E969B1D2441A}.Debug|x64.Build.0 = Debug|x64
		{9ADFA43F-642B-4FBC-B3BD-E969B1D2441A}.Debug|x64.Deploy.0 = Debug|x64
		{9ADFA43F-642B-4FBC-B3BD-E969B1D2441A}.Debug|x86.ActiveCfg = Debug|x86
		{9ADFA43F-642B-4FBC-B3BD-E969B1D2441A}.Debug|x86.Build.0 = Debug|x86
		{9ADFA43F-642B-4FBC-B3BD-E969B1D2441A}.Debug|x86.Deploy.0 = Debug|x86
		{9ADFA43F-642B-4FBC-B3BD-E969B1D2441A}.Release|Any CPU.ActiveCfg = Release|x86
		{9ADFA43F-642B-4FBC-B3BD-E969B1D2441A}.Release|ARM.ActiveCfg = Release|ARM
		{9ADFA43F-642B-4FBC-B3BD-E969B1D2441A}.Release|ARM.Build.0 = Release|ARM
		{9ADFA43F-642B-4FBC-B3BD-E969B1D2441A}.Release|ARM.Deploy.0 = Release|ARM
		{9ADFA43F-642B-4FBC-B3BD-E969B1D2441A}.Release|ARM64.ActiveCfg = Release|ARM64
		{9ADFA43F-642B-4FBC-B3BD-E969B1D2441A}.Release|ARM64.Build.0 = Release|ARM64
		{9ADFA43F-642B-4FBC-B3BD-E969B1D2441A}.Release|ARM64.Deploy.0 = Release|ARM64
		{9ADFA43F-642B-4FBC-B3BD-E969B1D2441A}.Release|iPhone.ActiveCfg = Release|x86
		{9ADFA43F-642B-4FBC-B3BD-E969B1D2441A}.Release|iPhoneSimulator.ActiveCfg = Release|x86
		{9ADFA43F-642B-4FBC-B3BD-E969B1D2441A}.Release|x64.ActiveCfg = Release|x64
		{9ADFA43F-642B-4FBC-B3BD-E969B1D2441A}.Release|x64.Build.0 = Release|x64
		{9ADFA43F-642B-4FBC-B3BD-E969B1D2441A}.Release|x64.Deploy.0 = Release|x64
		{9ADFA43F-642B-4FBC-B3BD-E969B1D2441A}.Release|x86.ActiveCfg = Release|x86
		{9ADFA43F-642B-4FBC-B3BD-E969B1D2441A}.Release|x86.Build.0 = Release|x86
		{9ADFA43F-642B-4FBC-B3BD-E969B1D2441A}.Release|x86.Deploy.0 = Release|x86
		{5D42B243-DD6E-4FBF-AFA0-D6E02005A828}.Ad-Hoc|Any CPU.ActiveCfg = Debug|Any CPU
		{5D42B243-DD6E-4FBF-AFA0-D6E02005A828}.Ad-Hoc|Any CPU.Build.0 = Debug|Any CPU
		{5D42B243-DD6E-4FBF-AFA0-D6E02005A828}.Ad-Hoc|ARM.ActiveCfg = Debug|Any CPU
		{5D42B243-DD6E-4FBF-AFA0-D6E02005A828}.Ad-Hoc|ARM.Build.0 = Debug|Any CPU
		{5D42B243-DD6E-4FBF-AFA0-D6E02005A828}.Ad-Hoc|ARM64.ActiveCfg = Debug|Any CPU
		{5D42B243-DD6E-4FBF-AFA0-D6E02005A828}.Ad-Hoc|ARM64.Build.0 = Debug|Any CPU
		{5D42B243-DD6E-4FBF-AFA0-D6E02005A828}.Ad-Hoc|iPhone.ActiveCfg = Debug|Any CPU
		{5D42B243-DD6E-4FBF-AFA0-D6E02005A828}.Ad-Hoc|iPhone.Build.0 = Debug|Any CPU
		{5D42B243-DD6E-4FBF-AFA0-D6E02005A828}.Ad-Hoc|iPhoneSimulator.ActiveCfg = Debug|Any CPU
		{5D42B243-DD6E-4FBF-AFA0-D6E02005A828}.Ad-Hoc|iPhoneSimulator.Build.0 = Debug|Any CPU
		{5D42B243-DD6E-4FBF-AFA0-D6E02005A828}.Ad-Hoc|x64.ActiveCfg = Debug|Any CPU
		{5D42B243-DD6E-4FBF-AFA0-D6E02005A828}.Ad-Hoc|x64.Build.0 = Debug|Any CPU
		{5D42B243-DD6E-4FBF-AFA0-D6E02005A828}.Ad-Hoc|x86.ActiveCfg = Debug|Any CPU
		{5D42B243-DD6E-4FBF-AFA0-D6E02005A828}.Ad-Hoc|x86.Build.0 = Debug|Any CPU
		{5D42B243-DD6E-4FBF-AFA0-D6E02005A828}.AppStore|Any CPU.ActiveCfg = Debug|Any CPU
		{5D42B243-DD6E-4FBF-AFA0-D6E02005A828}.AppStore|Any CPU.Build.0 = Debug|Any CPU
		{5D42B243-DD6E-4FBF-AFA0-D6E02005A828}.AppStore|ARM.ActiveCfg = Debug|Any CPU
		{5D42B243-DD6E-4FBF-AFA0-D6E02005A828}.AppStore|ARM.Build.0 = Debug|Any CPU
		{5D42B243-DD6E-4FBF-AFA0-D6E02005A828}.AppStore|ARM64.ActiveCfg = Debug|Any CPU
		{5D42B243-DD6E-4FBF-AFA0-D6E02005A828}.AppStore|ARM64.Build.0 = Debug|Any CPU
		{5D42B243-DD6E-4FBF-AFA0-D6E02005A828}.AppStore|iPhone.ActiveCfg = Debug|Any CPU
		{5D42B243-DD6E-4FBF-AFA0-D6E02005A828}.AppStore|iPhone.Build.0 = Debug|Any CPU
		{5D42B243-DD6E-4FBF-AFA0-D6E02005A828}.AppStore|iPhoneSimulator.ActiveCfg = Debug|Any CPU
		{5D42B243-DD6E-4FBF-AFA0-D6E02005A828}.AppStore|iPhoneSimulator.Build.0 = Debug|Any CPU
		{5D42B243-DD6E-4FBF-AFA0-D6E02005A828}.AppStore|x64.ActiveCfg = Debug|Any CPU
		{5D42B243-DD6E-4FBF-AFA0-D6E02005A828}.AppStore|x64.Build.0 = Debug|Any CPU
		{5D42B243-DD6E-4FBF-AFA0-D6E02005A828}.AppStore|x86.ActiveCfg = Debug|Any CPU
		{5D42B243-DD6E-4FBF-AFA0-D6E02005A828}.AppStore|x86.Build.0 = Debug|Any CPU
		{5D42B243-DD6E-4FBF-AFA0-D6E02005A828}.Debug|Any CPU.ActiveCfg = Debug|Any CPU
		{5D42B243-DD6E-4FBF-AFA0-D6E02005A828}.Debug|Any CPU.Build.0 = Debug|Any CPU
		{5D42B243-DD6E-4FBF-AFA0-D6E02005A828}.Debug|ARM.ActiveCfg = Debug|Any CPU
		{5D42B243-DD6E-4FBF-AFA0-D6E02005A828}.Debug|ARM.Build.0 = Debug|Any CPU
		{5D42B243-DD6E-4FBF-AFA0-D6E02005A828}.Debug|ARM64.ActiveCfg = Debug|Any CPU
		{5D42B243-DD6E-4FBF-AFA0-D6E02005A828}.Debug|ARM64.Build.0 = Debug|Any CPU
		{5D42B243-DD6E-4FBF-AFA0-D6E02005A828}.Debug|iPhone.ActiveCfg = Debug|Any CPU
		{5D42B243-DD6E-4FBF-AFA0-D6E02005A828}.Debug|iPhone.Build.0 = Debug|Any CPU
		{5D42B243-DD6E-4FBF-AFA0-D6E02005A828}.Debug|iPhoneSimulator.ActiveCfg = Debug|Any CPU
		{5D42B243-DD6E-4FBF-AFA0-D6E02005A828}.Debug|iPhoneSimulator.Build.0 = Debug|Any CPU
		{5D42B243-DD6E-4FBF-AFA0-D6E02005A828}.Debug|x64.ActiveCfg = Debug|Any CPU
		{5D42B243-DD6E-4FBF-AFA0-D6E02005A828}.Debug|x64.Build.0 = Debug|Any CPU
		{5D42B243-DD6E-4FBF-AFA0-D6E02005A828}.Debug|x86.ActiveCfg = Debug|Any CPU
		{5D42B243-DD6E-4FBF-AFA0-D6E02005A828}.Debug|x86.Build.0 = Debug|Any CPU
		{5D42B243-DD6E-4FBF-AFA0-D6E02005A828}.Release|Any CPU.ActiveCfg = Release|Any CPU
		{5D42B243-DD6E-4FBF-AFA0-D6E02005A828}.Release|Any CPU.Build.0 = Release|Any CPU
		{5D42B243-DD6E-4FBF-AFA0-D6E02005A828}.Release|ARM.ActiveCfg = Release|Any CPU
		{5D42B243-DD6E-4FBF-AFA0-D6E02005A828}.Release|ARM.Build.0 = Release|Any CPU
		{5D42B243-DD6E-4FBF-AFA0-D6E02005A828}.Release|ARM64.ActiveCfg = Release|Any CPU
		{5D42B243-DD6E-4FBF-AFA0-D6E02005A828}.Release|ARM64.Build.0 = Release|Any CPU
		{5D42B243-DD6E-4FBF-AFA0-D6E02005A828}.Release|iPhone.ActiveCfg = Release|Any CPU
		{5D42B243-DD6E-4FBF-AFA0-D6E02005A828}.Release|iPhone.Build.0 = Release|Any CPU
		{5D42B243-DD6E-4FBF-AFA0-D6E02005A828}.Release|iPhoneSimulator.ActiveCfg = Release|Any CPU
		{5D42B243-DD6E-4FBF-AFA0-D6E02005A828}.Release|iPhoneSimulator.Build.0 = Release|Any CPU
		{5D42B243-DD6E-4FBF-AFA0-D6E02005A828}.Release|x64.ActiveCfg = Release|Any CPU
		{5D42B243-DD6E-4FBF-AFA0-D6E02005A828}.Release|x64.Build.0 = Release|Any CPU
		{5D42B243-DD6E-4FBF-AFA0-D6E02005A828}.Release|x86.ActiveCfg = Release|Any CPU
		{5D42B243-DD6E-4FBF-AFA0-D6E02005A828}.Release|x86.Build.0 = Release|Any CPU
		{D7F506D6-A46F-4739-AA15-08F3350F05D0}.Ad-Hoc|Any CPU.ActiveCfg = Debug|Any CPU
		{D7F506D6-A46F-4739-AA15-08F3350F05D0}.Ad-Hoc|Any CPU.Build.0 = Debug|Any CPU
		{D7F506D6-A46F-4739-AA15-08F3350F05D0}.Ad-Hoc|ARM.ActiveCfg = Debug|Any CPU
		{D7F506D6-A46F-4739-AA15-08F3350F05D0}.Ad-Hoc|ARM.Build.0 = Debug|Any CPU
		{D7F506D6-A46F-4739-AA15-08F3350F05D0}.Ad-Hoc|ARM64.ActiveCfg = Debug|Any CPU
		{D7F506D6-A46F-4739-AA15-08F3350F05D0}.Ad-Hoc|ARM64.Build.0 = Debug|Any CPU
		{D7F506D6-A46F-4739-AA15-08F3350F05D0}.Ad-Hoc|iPhone.ActiveCfg = Debug|Any CPU
		{D7F506D6-A46F-4739-AA15-08F3350F05D0}.Ad-Hoc|iPhone.Build.0 = Debug|Any CPU
		{D7F506D6-A46F-4739-AA15-08F3350F05D0}.Ad-Hoc|iPhoneSimulator.ActiveCfg = Debug|Any CPU
		{D7F506D6-A46F-4739-AA15-08F3350F05D0}.Ad-Hoc|iPhoneSimulator.Build.0 = Debug|Any CPU
		{D7F506D6-A46F-4739-AA15-08F3350F05D0}.Ad-Hoc|x64.ActiveCfg = Debug|Any CPU
		{D7F506D6-A46F-4739-AA15-08F3350F05D0}.Ad-Hoc|x64.Build.0 = Debug|Any CPU
		{D7F506D6-A46F-4739-AA15-08F3350F05D0}.Ad-Hoc|x86.ActiveCfg = Debug|Any CPU
		{D7F506D6-A46F-4739-AA15-08F3350F05D0}.Ad-Hoc|x86.Build.0 = Debug|Any CPU
		{D7F506D6-A46F-4739-AA15-08F3350F05D0}.AppStore|Any CPU.ActiveCfg = Debug|Any CPU
		{D7F506D6-A46F-4739-AA15-08F3350F05D0}.AppStore|Any CPU.Build.0 = Debug|Any CPU
		{D7F506D6-A46F-4739-AA15-08F3350F05D0}.AppStore|ARM.ActiveCfg = Debug|Any CPU
		{D7F506D6-A46F-4739-AA15-08F3350F05D0}.AppStore|ARM.Build.0 = Debug|Any CPU
		{D7F506D6-A46F-4739-AA15-08F3350F05D0}.AppStore|ARM64.ActiveCfg = Debug|Any CPU
		{D7F506D6-A46F-4739-AA15-08F3350F05D0}.AppStore|ARM64.Build.0 = Debug|Any CPU
		{D7F506D6-A46F-4739-AA15-08F3350F05D0}.AppStore|iPhone.ActiveCfg = Debug|Any CPU
		{D7F506D6-A46F-4739-AA15-08F3350F05D0}.AppStore|iPhone.Build.0 = Debug|Any CPU
		{D7F506D6-A46F-4739-AA15-08F3350F05D0}.AppStore|iPhoneSimulator.ActiveCfg = Debug|Any CPU
		{D7F506D6-A46F-4739-AA15-08F3350F05D0}.AppStore|iPhoneSimulator.Build.0 = Debug|Any CPU
		{D7F506D6-A46F-4739-AA15-08F3350F05D0}.AppStore|x64.ActiveCfg = Debug|Any CPU
		{D7F506D6-A46F-4739-AA15-08F3350F05D0}.AppStore|x64.Build.0 = Debug|Any CPU
		{D7F506D6-A46F-4739-AA15-08F3350F05D0}.AppStore|x86.ActiveCfg = Debug|Any CPU
		{D7F506D6-A46F-4739-AA15-08F3350F05D0}.AppStore|x86.Build.0 = Debug|Any CPU
		{D7F506D6-A46F-4739-AA15-08F3350F05D0}.Debug|Any CPU.ActiveCfg = Debug|Any CPU
		{D7F506D6-A46F-4739-AA15-08F3350F05D0}.Debug|Any CPU.Build.0 = Debug|Any CPU
		{D7F506D6-A46F-4739-AA15-08F3350F05D0}.Debug|ARM.ActiveCfg = Debug|Any CPU
		{D7F506D6-A46F-4739-AA15-08F3350F05D0}.Debug|ARM.Build.0 = Debug|Any CPU
		{D7F506D6-A46F-4739-AA15-08F3350F05D0}.Debug|ARM64.ActiveCfg = Debug|Any CPU
		{D7F506D6-A46F-4739-AA15-08F3350F05D0}.Debug|ARM64.Build.0 = Debug|Any CPU
		{D7F506D6-A46F-4739-AA15-08F3350F05D0}.Debug|iPhone.ActiveCfg = Debug|Any CPU
		{D7F506D6-A46F-4739-AA15-08F3350F05D0}.Debug|iPhone.Build.0 = Debug|Any CPU
		{D7F506D6-A46F-4739-AA15-08F3350F05D0}.Debug|iPhoneSimulator.ActiveCfg = Debug|Any CPU
		{D7F506D6-A46F-4739-AA15-08F3350F05D0}.Debug|iPhoneSimulator.Build.0 = Debug|Any CPU
		{D7F506D6-A46F-4739-AA15-08F3350F05D0}.Debug|x64.ActiveCfg = Debug|Any CPU
		{D7F506D6-A46F-4739-AA15-08F3350F05D0}.Debug|x64.Build.0 = Debug|Any CPU
		{D7F506D6-A46F-4739-AA15-08F3350F05D0}.Debug|x86.ActiveCfg = Debug|Any CPU
		{D7F506D6-A46F-4739-AA15-08F3350F05D0}.Debug|x86.Build.0 = Debug|Any CPU
		{D7F506D6-A46F-4739-AA15-08F3350F05D0}.Release|Any CPU.ActiveCfg = Release|Any CPU
		{D7F506D6-A46F-4739-AA15-08F3350F05D0}.Release|Any CPU.Build.0 = Release|Any CPU
		{D7F506D6-A46F-4739-AA15-08F3350F05D0}.Release|ARM.ActiveCfg = Release|Any CPU
		{D7F506D6-A46F-4739-AA15-08F3350F05D0}.Release|ARM.Build.0 = Release|Any CPU
		{D7F506D6-A46F-4739-AA15-08F3350F05D0}.Release|ARM64.ActiveCfg = Release|Any CPU
		{D7F506D6-A46F-4739-AA15-08F3350F05D0}.Release|ARM64.Build.0 = Release|Any CPU
		{D7F506D6-A46F-4739-AA15-08F3350F05D0}.Release|iPhone.ActiveCfg = Release|Any CPU
		{D7F506D6-A46F-4739-AA15-08F3350F05D0}.Release|iPhone.Build.0 = Release|Any CPU
		{D7F506D6-A46F-4739-AA15-08F3350F05D0}.Release|iPhoneSimulator.ActiveCfg = Release|Any CPU
		{D7F506D6-A46F-4739-AA15-08F3350F05D0}.Release|iPhoneSimulator.Build.0 = Release|Any CPU
		{D7F506D6-A46F-4739-AA15-08F3350F05D0}.Release|x64.ActiveCfg = Release|Any CPU
		{D7F506D6-A46F-4739-AA15-08F3350F05D0}.Release|x64.Build.0 = Release|Any CPU
		{D7F506D6-A46F-4739-AA15-08F3350F05D0}.Release|x86.ActiveCfg = Release|Any CPU
		{D7F506D6-A46F-4739-AA15-08F3350F05D0}.Release|x86.Build.0 = Release|Any CPU
		{0D908C91-52A2-4E8A-9C00-0AA08D3CA87A}.Ad-Hoc|Any CPU.ActiveCfg = Debug|ARM
		{0D908C91-52A2-4E8A-9C00-0AA08D3CA87A}.Ad-Hoc|Any CPU.Build.0 = Debug|ARM
		{0D908C91-52A2-4E8A-9C00-0AA08D3CA87A}.Ad-Hoc|Any CPU.Deploy.0 = Debug|ARM
		{0D908C91-52A2-4E8A-9C00-0AA08D3CA87A}.Ad-Hoc|ARM.ActiveCfg = Debug|ARM
		{0D908C91-52A2-4E8A-9C00-0AA08D3CA87A}.Ad-Hoc|ARM.Build.0 = Debug|ARM
		{0D908C91-52A2-4E8A-9C00-0AA08D3CA87A}.Ad-Hoc|ARM.Deploy.0 = Debug|ARM
		{0D908C91-52A2-4E8A-9C00-0AA08D3CA87A}.Ad-Hoc|ARM64.ActiveCfg = Debug|ARM
		{0D908C91-52A2-4E8A-9C00-0AA08D3CA87A}.Ad-Hoc|ARM64.Build.0 = Debug|ARM
		{0D908C91-52A2-4E8A-9C00-0AA08D3CA87A}.Ad-Hoc|ARM64.Deploy.0 = Debug|ARM
		{0D908C91-52A2-4E8A-9C00-0AA08D3CA87A}.Ad-Hoc|iPhone.ActiveCfg = Debug|ARM
		{0D908C91-52A2-4E8A-9C00-0AA08D3CA87A}.Ad-Hoc|iPhone.Build.0 = Debug|ARM
		{0D908C91-52A2-4E8A-9C00-0AA08D3CA87A}.Ad-Hoc|iPhone.Deploy.0 = Debug|ARM
		{0D908C91-52A2-4E8A-9C00-0AA08D3CA87A}.Ad-Hoc|iPhoneSimulator.ActiveCfg = Debug|ARM
		{0D908C91-52A2-4E8A-9C00-0AA08D3CA87A}.Ad-Hoc|iPhoneSimulator.Build.0 = Debug|ARM
		{0D908C91-52A2-4E8A-9C00-0AA08D3CA87A}.Ad-Hoc|iPhoneSimulator.Deploy.0 = Debug|ARM
		{0D908C91-52A2-4E8A-9C00-0AA08D3CA87A}.Ad-Hoc|x64.ActiveCfg = Debug|x64
		{0D908C91-52A2-4E8A-9C00-0AA08D3CA87A}.Ad-Hoc|x64.Build.0 = Debug|x64
		{0D908C91-52A2-4E8A-9C00-0AA08D3CA87A}.Ad-Hoc|x64.Deploy.0 = Debug|x64
		{0D908C91-52A2-4E8A-9C00-0AA08D3CA87A}.Ad-Hoc|x86.ActiveCfg = Debug|x86
		{0D908C91-52A2-4E8A-9C00-0AA08D3CA87A}.Ad-Hoc|x86.Build.0 = Debug|x86
		{0D908C91-52A2-4E8A-9C00-0AA08D3CA87A}.Ad-Hoc|x86.Deploy.0 = Debug|x86
		{0D908C91-52A2-4E8A-9C00-0AA08D3CA87A}.AppStore|Any CPU.ActiveCfg = Debug|ARM
		{0D908C91-52A2-4E8A-9C00-0AA08D3CA87A}.AppStore|Any CPU.Build.0 = Debug|ARM
		{0D908C91-52A2-4E8A-9C00-0AA08D3CA87A}.AppStore|Any CPU.Deploy.0 = Debug|ARM
		{0D908C91-52A2-4E8A-9C00-0AA08D3CA87A}.AppStore|ARM.ActiveCfg = Debug|ARM
		{0D908C91-52A2-4E8A-9C00-0AA08D3CA87A}.AppStore|ARM.Build.0 = Debug|ARM
		{0D908C91-52A2-4E8A-9C00-0AA08D3CA87A}.AppStore|ARM.Deploy.0 = Debug|ARM
		{0D908C91-52A2-4E8A-9C00-0AA08D3CA87A}.AppStore|ARM64.ActiveCfg = Debug|ARM
		{0D908C91-52A2-4E8A-9C00-0AA08D3CA87A}.AppStore|ARM64.Build.0 = Debug|ARM
		{0D908C91-52A2-4E8A-9C00-0AA08D3CA87A}.AppStore|ARM64.Deploy.0 = Debug|ARM
		{0D908C91-52A2-4E8A-9C00-0AA08D3CA87A}.AppStore|iPhone.ActiveCfg = Debug|ARM
		{0D908C91-52A2-4E8A-9C00-0AA08D3CA87A}.AppStore|iPhone.Build.0 = Debug|ARM
		{0D908C91-52A2-4E8A-9C00-0AA08D3CA87A}.AppStore|iPhone.Deploy.0 = Debug|ARM
		{0D908C91-52A2-4E8A-9C00-0AA08D3CA87A}.AppStore|iPhoneSimulator.ActiveCfg = Debug|ARM
		{0D908C91-52A2-4E8A-9C00-0AA08D3CA87A}.AppStore|iPhoneSimulator.Build.0 = Debug|ARM
		{0D908C91-52A2-4E8A-9C00-0AA08D3CA87A}.AppStore|iPhoneSimulator.Deploy.0 = Debug|ARM
		{0D908C91-52A2-4E8A-9C00-0AA08D3CA87A}.AppStore|x64.ActiveCfg = Debug|x64
		{0D908C91-52A2-4E8A-9C00-0AA08D3CA87A}.AppStore|x64.Build.0 = Debug|x64
		{0D908C91-52A2-4E8A-9C00-0AA08D3CA87A}.AppStore|x64.Deploy.0 = Debug|x64
		{0D908C91-52A2-4E8A-9C00-0AA08D3CA87A}.AppStore|x86.ActiveCfg = Debug|x86
		{0D908C91-52A2-4E8A-9C00-0AA08D3CA87A}.AppStore|x86.Build.0 = Debug|x86
		{0D908C91-52A2-4E8A-9C00-0AA08D3CA87A}.AppStore|x86.Deploy.0 = Debug|x86
		{0D908C91-52A2-4E8A-9C00-0AA08D3CA87A}.Debug|Any CPU.ActiveCfg = Debug|x86
		{0D908C91-52A2-4E8A-9C00-0AA08D3CA87A}.Debug|ARM.ActiveCfg = Debug|ARM
		{0D908C91-52A2-4E8A-9C00-0AA08D3CA87A}.Debug|ARM.Build.0 = Debug|ARM
		{0D908C91-52A2-4E8A-9C00-0AA08D3CA87A}.Debug|ARM.Deploy.0 = Debug|ARM
		{0D908C91-52A2-4E8A-9C00-0AA08D3CA87A}.Debug|ARM64.ActiveCfg = Debug|x86
		{0D908C91-52A2-4E8A-9C00-0AA08D3CA87A}.Debug|iPhone.ActiveCfg = Debug|x86
		{0D908C91-52A2-4E8A-9C00-0AA08D3CA87A}.Debug|iPhoneSimulator.ActiveCfg = Debug|x86
		{0D908C91-52A2-4E8A-9C00-0AA08D3CA87A}.Debug|x64.ActiveCfg = Debug|x64
		{0D908C91-52A2-4E8A-9C00-0AA08D3CA87A}.Debug|x64.Build.0 = Debug|x64
		{0D908C91-52A2-4E8A-9C00-0AA08D3CA87A}.Debug|x64.Deploy.0 = Debug|x64
		{0D908C91-52A2-4E8A-9C00-0AA08D3CA87A}.Debug|x86.ActiveCfg = Debug|x86
		{0D908C91-52A2-4E8A-9C00-0AA08D3CA87A}.Debug|x86.Build.0 = Debug|x86
		{0D908C91-52A2-4E8A-9C00-0AA08D3CA87A}.Debug|x86.Deploy.0 = Debug|x86
		{0D908C91-52A2-4E8A-9C00-0AA08D3CA87A}.Release|Any CPU.ActiveCfg = Release|x86
		{0D908C91-52A2-4E8A-9C00-0AA08D3CA87A}.Release|ARM.ActiveCfg = Release|ARM
		{0D908C91-52A2-4E8A-9C00-0AA08D3CA87A}.Release|ARM.Build.0 = Release|ARM
		{0D908C91-52A2-4E8A-9C00-0AA08D3CA87A}.Release|ARM.Deploy.0 = Release|ARM
		{0D908C91-52A2-4E8A-9C00-0AA08D3CA87A}.Release|ARM64.ActiveCfg = Release|x86
		{0D908C91-52A2-4E8A-9C00-0AA08D3CA87A}.Release|iPhone.ActiveCfg = Release|x86
		{0D908C91-52A2-4E8A-9C00-0AA08D3CA87A}.Release|iPhoneSimulator.ActiveCfg = Release|x86
		{0D908C91-52A2-4E8A-9C00-0AA08D3CA87A}.Release|x64.ActiveCfg = Release|x64
		{0D908C91-52A2-4E8A-9C00-0AA08D3CA87A}.Release|x64.Build.0 = Release|x64
		{0D908C91-52A2-4E8A-9C00-0AA08D3CA87A}.Release|x64.Deploy.0 = Release|x64
		{0D908C91-52A2-4E8A-9C00-0AA08D3CA87A}.Release|x86.ActiveCfg = Release|x86
		{0D908C91-52A2-4E8A-9C00-0AA08D3CA87A}.Release|x86.Build.0 = Release|x86
		{0D908C91-52A2-4E8A-9C00-0AA08D3CA87A}.Release|x86.Deploy.0 = Release|x86
		{685FF401-3C4E-4EEA-BC4D-55F75EA11E7F}.Ad-Hoc|Any CPU.ActiveCfg = Debug|Any CPU
		{685FF401-3C4E-4EEA-BC4D-55F75EA11E7F}.Ad-Hoc|Any CPU.Build.0 = Debug|Any CPU
		{685FF401-3C4E-4EEA-BC4D-55F75EA11E7F}.Ad-Hoc|Any CPU.Deploy.0 = Debug|Any CPU
		{685FF401-3C4E-4EEA-BC4D-55F75EA11E7F}.Ad-Hoc|ARM.ActiveCfg = Debug|Any CPU
		{685FF401-3C4E-4EEA-BC4D-55F75EA11E7F}.Ad-Hoc|ARM.Build.0 = Debug|Any CPU
		{685FF401-3C4E-4EEA-BC4D-55F75EA11E7F}.Ad-Hoc|ARM.Deploy.0 = Debug|Any CPU
		{685FF401-3C4E-4EEA-BC4D-55F75EA11E7F}.Ad-Hoc|ARM64.ActiveCfg = Debug|Any CPU
		{685FF401-3C4E-4EEA-BC4D-55F75EA11E7F}.Ad-Hoc|ARM64.Build.0 = Debug|Any CPU
		{685FF401-3C4E-4EEA-BC4D-55F75EA11E7F}.Ad-Hoc|ARM64.Deploy.0 = Debug|Any CPU
		{685FF401-3C4E-4EEA-BC4D-55F75EA11E7F}.Ad-Hoc|iPhone.ActiveCfg = Debug|Any CPU
		{685FF401-3C4E-4EEA-BC4D-55F75EA11E7F}.Ad-Hoc|iPhone.Build.0 = Debug|Any CPU
		{685FF401-3C4E-4EEA-BC4D-55F75EA11E7F}.Ad-Hoc|iPhone.Deploy.0 = Debug|Any CPU
		{685FF401-3C4E-4EEA-BC4D-55F75EA11E7F}.Ad-Hoc|iPhoneSimulator.ActiveCfg = Debug|Any CPU
		{685FF401-3C4E-4EEA-BC4D-55F75EA11E7F}.Ad-Hoc|iPhoneSimulator.Build.0 = Debug|Any CPU
		{685FF401-3C4E-4EEA-BC4D-55F75EA11E7F}.Ad-Hoc|iPhoneSimulator.Deploy.0 = Debug|Any CPU
		{685FF401-3C4E-4EEA-BC4D-55F75EA11E7F}.Ad-Hoc|x64.ActiveCfg = Debug|Any CPU
		{685FF401-3C4E-4EEA-BC4D-55F75EA11E7F}.Ad-Hoc|x64.Build.0 = Debug|Any CPU
		{685FF401-3C4E-4EEA-BC4D-55F75EA11E7F}.Ad-Hoc|x64.Deploy.0 = Debug|Any CPU
		{685FF401-3C4E-4EEA-BC4D-55F75EA11E7F}.Ad-Hoc|x86.ActiveCfg = Debug|Any CPU
		{685FF401-3C4E-4EEA-BC4D-55F75EA11E7F}.Ad-Hoc|x86.Build.0 = Debug|Any CPU
		{685FF401-3C4E-4EEA-BC4D-55F75EA11E7F}.Ad-Hoc|x86.Deploy.0 = Debug|Any CPU
		{685FF401-3C4E-4EEA-BC4D-55F75EA11E7F}.AppStore|Any CPU.ActiveCfg = Debug|Any CPU
		{685FF401-3C4E-4EEA-BC4D-55F75EA11E7F}.AppStore|Any CPU.Build.0 = Debug|Any CPU
		{685FF401-3C4E-4EEA-BC4D-55F75EA11E7F}.AppStore|Any CPU.Deploy.0 = Debug|Any CPU
		{685FF401-3C4E-4EEA-BC4D-55F75EA11E7F}.AppStore|ARM.ActiveCfg = Debug|Any CPU
		{685FF401-3C4E-4EEA-BC4D-55F75EA11E7F}.AppStore|ARM.Build.0 = Debug|Any CPU
		{685FF401-3C4E-4EEA-BC4D-55F75EA11E7F}.AppStore|ARM.Deploy.0 = Debug|Any CPU
		{685FF401-3C4E-4EEA-BC4D-55F75EA11E7F}.AppStore|ARM64.ActiveCfg = Debug|Any CPU
		{685FF401-3C4E-4EEA-BC4D-55F75EA11E7F}.AppStore|ARM64.Build.0 = Debug|Any CPU
		{685FF401-3C4E-4EEA-BC4D-55F75EA11E7F}.AppStore|ARM64.Deploy.0 = Debug|Any CPU
		{685FF401-3C4E-4EEA-BC4D-55F75EA11E7F}.AppStore|iPhone.ActiveCfg = Debug|Any CPU
		{685FF401-3C4E-4EEA-BC4D-55F75EA11E7F}.AppStore|iPhone.Build.0 = Debug|Any CPU
		{685FF401-3C4E-4EEA-BC4D-55F75EA11E7F}.AppStore|iPhone.Deploy.0 = Debug|Any CPU
		{685FF401-3C4E-4EEA-BC4D-55F75EA11E7F}.AppStore|iPhoneSimulator.ActiveCfg = Debug|Any CPU
		{685FF401-3C4E-4EEA-BC4D-55F75EA11E7F}.AppStore|iPhoneSimulator.Build.0 = Debug|Any CPU
		{685FF401-3C4E-4EEA-BC4D-55F75EA11E7F}.AppStore|iPhoneSimulator.Deploy.0 = Debug|Any CPU
		{685FF401-3C4E-4EEA-BC4D-55F75EA11E7F}.AppStore|x64.ActiveCfg = Debug|Any CPU
		{685FF401-3C4E-4EEA-BC4D-55F75EA11E7F}.AppStore|x64.Build.0 = Debug|Any CPU
		{685FF401-3C4E-4EEA-BC4D-55F75EA11E7F}.AppStore|x64.Deploy.0 = Debug|Any CPU
		{685FF401-3C4E-4EEA-BC4D-55F75EA11E7F}.AppStore|x86.ActiveCfg = Debug|Any CPU
		{685FF401-3C4E-4EEA-BC4D-55F75EA11E7F}.AppStore|x86.Build.0 = Debug|Any CPU
		{685FF401-3C4E-4EEA-BC4D-55F75EA11E7F}.AppStore|x86.Deploy.0 = Debug|Any CPU
		{685FF401-3C4E-4EEA-BC4D-55F75EA11E7F}.Debug|Any CPU.ActiveCfg = Debug|Any CPU
		{685FF401-3C4E-4EEA-BC4D-55F75EA11E7F}.Debug|Any CPU.Build.0 = Debug|Any CPU
		{685FF401-3C4E-4EEA-BC4D-55F75EA11E7F}.Debug|Any CPU.Deploy.0 = Debug|Any CPU
		{685FF401-3C4E-4EEA-BC4D-55F75EA11E7F}.Debug|ARM.ActiveCfg = Debug|Any CPU
		{685FF401-3C4E-4EEA-BC4D-55F75EA11E7F}.Debug|ARM.Build.0 = Debug|Any CPU
		{685FF401-3C4E-4EEA-BC4D-55F75EA11E7F}.Debug|ARM.Deploy.0 = Debug|Any CPU
		{685FF401-3C4E-4EEA-BC4D-55F75EA11E7F}.Debug|ARM64.ActiveCfg = Debug|Any CPU
		{685FF401-3C4E-4EEA-BC4D-55F75EA11E7F}.Debug|ARM64.Build.0 = Debug|Any CPU
		{685FF401-3C4E-4EEA-BC4D-55F75EA11E7F}.Debug|ARM64.Deploy.0 = Debug|Any CPU
		{685FF401-3C4E-4EEA-BC4D-55F75EA11E7F}.Debug|iPhone.ActiveCfg = Debug|Any CPU
		{685FF401-3C4E-4EEA-BC4D-55F75EA11E7F}.Debug|iPhone.Build.0 = Debug|Any CPU
		{685FF401-3C4E-4EEA-BC4D-55F75EA11E7F}.Debug|iPhone.Deploy.0 = Debug|Any CPU
		{685FF401-3C4E-4EEA-BC4D-55F75EA11E7F}.Debug|iPhoneSimulator.ActiveCfg = Debug|Any CPU
		{685FF401-3C4E-4EEA-BC4D-55F75EA11E7F}.Debug|iPhoneSimulator.Build.0 = Debug|Any CPU
		{685FF401-3C4E-4EEA-BC4D-55F75EA11E7F}.Debug|iPhoneSimulator.Deploy.0 = Debug|Any CPU
		{685FF401-3C4E-4EEA-BC4D-55F75EA11E7F}.Debug|x64.ActiveCfg = Debug|Any CPU
		{685FF401-3C4E-4EEA-BC4D-55F75EA11E7F}.Debug|x64.Build.0 = Debug|Any CPU
		{685FF401-3C4E-4EEA-BC4D-55F75EA11E7F}.Debug|x64.Deploy.0 = Debug|Any CPU
		{685FF401-3C4E-4EEA-BC4D-55F75EA11E7F}.Debug|x86.ActiveCfg = Debug|Any CPU
		{685FF401-3C4E-4EEA-BC4D-55F75EA11E7F}.Debug|x86.Build.0 = Debug|Any CPU
		{685FF401-3C4E-4EEA-BC4D-55F75EA11E7F}.Debug|x86.Deploy.0 = Debug|Any CPU
		{685FF401-3C4E-4EEA-BC4D-55F75EA11E7F}.Release|Any CPU.ActiveCfg = Release|Any CPU
		{685FF401-3C4E-4EEA-BC4D-55F75EA11E7F}.Release|Any CPU.Build.0 = Release|Any CPU
		{685FF401-3C4E-4EEA-BC4D-55F75EA11E7F}.Release|Any CPU.Deploy.0 = Release|Any CPU
		{685FF401-3C4E-4EEA-BC4D-55F75EA11E7F}.Release|ARM.ActiveCfg = Release|Any CPU
		{685FF401-3C4E-4EEA-BC4D-55F75EA11E7F}.Release|ARM.Build.0 = Release|Any CPU
		{685FF401-3C4E-4EEA-BC4D-55F75EA11E7F}.Release|ARM.Deploy.0 = Release|Any CPU
		{685FF401-3C4E-4EEA-BC4D-55F75EA11E7F}.Release|ARM64.ActiveCfg = Release|Any CPU
		{685FF401-3C4E-4EEA-BC4D-55F75EA11E7F}.Release|ARM64.Build.0 = Release|Any CPU
		{685FF401-3C4E-4EEA-BC4D-55F75EA11E7F}.Release|ARM64.Deploy.0 = Release|Any CPU
		{685FF401-3C4E-4EEA-BC4D-55F75EA11E7F}.Release|iPhone.ActiveCfg = Release|Any CPU
		{685FF401-3C4E-4EEA-BC4D-55F75EA11E7F}.Release|iPhone.Build.0 = Release|Any CPU
		{685FF401-3C4E-4EEA-BC4D-55F75EA11E7F}.Release|iPhone.Deploy.0 = Release|Any CPU
		{685FF401-3C4E-4EEA-BC4D-55F75EA11E7F}.Release|iPhoneSimulator.ActiveCfg = Release|Any CPU
		{685FF401-3C4E-4EEA-BC4D-55F75EA11E7F}.Release|iPhoneSimulator.Build.0 = Release|Any CPU
		{685FF401-3C4E-4EEA-BC4D-55F75EA11E7F}.Release|iPhoneSimulator.Deploy.0 = Release|Any CPU
		{685FF401-3C4E-4EEA-BC4D-55F75EA11E7F}.Release|x64.ActiveCfg = Release|Any CPU
		{685FF401-3C4E-4EEA-BC4D-55F75EA11E7F}.Release|x64.Build.0 = Release|Any CPU
		{685FF401-3C4E-4EEA-BC4D-55F75EA11E7F}.Release|x64.Deploy.0 = Release|Any CPU
		{685FF401-3C4E-4EEA-BC4D-55F75EA11E7F}.Release|x86.ActiveCfg = Release|Any CPU
		{685FF401-3C4E-4EEA-BC4D-55F75EA11E7F}.Release|x86.Build.0 = Release|Any CPU
		{685FF401-3C4E-4EEA-BC4D-55F75EA11E7F}.Release|x86.Deploy.0 = Release|Any CPU
		{385C4FE6-C77C-4957-9F90-F289175F0EA1}.Ad-Hoc|Any CPU.ActiveCfg = Debug|iPhoneSimulator
		{385C4FE6-C77C-4957-9F90-F289175F0EA1}.Ad-Hoc|Any CPU.Build.0 = Debug|iPhoneSimulator
		{385C4FE6-C77C-4957-9F90-F289175F0EA1}.Ad-Hoc|ARM.ActiveCfg = Debug|iPhoneSimulator
		{385C4FE6-C77C-4957-9F90-F289175F0EA1}.Ad-Hoc|ARM.Build.0 = Debug|iPhoneSimulator
		{385C4FE6-C77C-4957-9F90-F289175F0EA1}.Ad-Hoc|ARM64.ActiveCfg = Debug|iPhoneSimulator
		{385C4FE6-C77C-4957-9F90-F289175F0EA1}.Ad-Hoc|ARM64.Build.0 = Debug|iPhoneSimulator
		{385C4FE6-C77C-4957-9F90-F289175F0EA1}.Ad-Hoc|iPhone.ActiveCfg = Debug|iPhone
		{385C4FE6-C77C-4957-9F90-F289175F0EA1}.Ad-Hoc|iPhone.Build.0 = Debug|iPhone
		{385C4FE6-C77C-4957-9F90-F289175F0EA1}.Ad-Hoc|iPhoneSimulator.ActiveCfg = Debug|iPhoneSimulator
		{385C4FE6-C77C-4957-9F90-F289175F0EA1}.Ad-Hoc|iPhoneSimulator.Build.0 = Debug|iPhoneSimulator
		{385C4FE6-C77C-4957-9F90-F289175F0EA1}.Ad-Hoc|x64.ActiveCfg = Debug|iPhoneSimulator
		{385C4FE6-C77C-4957-9F90-F289175F0EA1}.Ad-Hoc|x64.Build.0 = Debug|iPhoneSimulator
		{385C4FE6-C77C-4957-9F90-F289175F0EA1}.Ad-Hoc|x86.ActiveCfg = Debug|iPhoneSimulator
		{385C4FE6-C77C-4957-9F90-F289175F0EA1}.Ad-Hoc|x86.Build.0 = Debug|iPhoneSimulator
		{385C4FE6-C77C-4957-9F90-F289175F0EA1}.AppStore|Any CPU.ActiveCfg = Debug|iPhoneSimulator
		{385C4FE6-C77C-4957-9F90-F289175F0EA1}.AppStore|Any CPU.Build.0 = Debug|iPhoneSimulator
		{385C4FE6-C77C-4957-9F90-F289175F0EA1}.AppStore|ARM.ActiveCfg = Debug|iPhoneSimulator
		{385C4FE6-C77C-4957-9F90-F289175F0EA1}.AppStore|ARM.Build.0 = Debug|iPhoneSimulator
		{385C4FE6-C77C-4957-9F90-F289175F0EA1}.AppStore|ARM64.ActiveCfg = Debug|iPhoneSimulator
		{385C4FE6-C77C-4957-9F90-F289175F0EA1}.AppStore|ARM64.Build.0 = Debug|iPhoneSimulator
		{385C4FE6-C77C-4957-9F90-F289175F0EA1}.AppStore|iPhone.ActiveCfg = Debug|iPhone
		{385C4FE6-C77C-4957-9F90-F289175F0EA1}.AppStore|iPhone.Build.0 = Debug|iPhone
		{385C4FE6-C77C-4957-9F90-F289175F0EA1}.AppStore|iPhoneSimulator.ActiveCfg = Debug|iPhoneSimulator
		{385C4FE6-C77C-4957-9F90-F289175F0EA1}.AppStore|iPhoneSimulator.Build.0 = Debug|iPhoneSimulator
		{385C4FE6-C77C-4957-9F90-F289175F0EA1}.AppStore|x64.ActiveCfg = Debug|iPhoneSimulator
		{385C4FE6-C77C-4957-9F90-F289175F0EA1}.AppStore|x64.Build.0 = Debug|iPhoneSimulator
		{385C4FE6-C77C-4957-9F90-F289175F0EA1}.AppStore|x86.ActiveCfg = Debug|iPhoneSimulator
		{385C4FE6-C77C-4957-9F90-F289175F0EA1}.AppStore|x86.Build.0 = Debug|iPhoneSimulator
		{385C4FE6-C77C-4957-9F90-F289175F0EA1}.Debug|Any CPU.ActiveCfg = Debug|iPhoneSimulator
		{385C4FE6-C77C-4957-9F90-F289175F0EA1}.Debug|ARM.ActiveCfg = Debug|iPhoneSimulator
		{385C4FE6-C77C-4957-9F90-F289175F0EA1}.Debug|ARM64.ActiveCfg = Debug|iPhoneSimulator
		{385C4FE6-C77C-4957-9F90-F289175F0EA1}.Debug|iPhone.ActiveCfg = Debug|iPhone
		{385C4FE6-C77C-4957-9F90-F289175F0EA1}.Debug|iPhone.Build.0 = Debug|iPhone
		{385C4FE6-C77C-4957-9F90-F289175F0EA1}.Debug|iPhoneSimulator.ActiveCfg = Debug|iPhoneSimulator
		{385C4FE6-C77C-4957-9F90-F289175F0EA1}.Debug|iPhoneSimulator.Build.0 = Debug|iPhoneSimulator
		{385C4FE6-C77C-4957-9F90-F289175F0EA1}.Debug|x64.ActiveCfg = Debug|iPhoneSimulator
		{385C4FE6-C77C-4957-9F90-F289175F0EA1}.Debug|x86.ActiveCfg = Debug|iPhoneSimulator
		{385C4FE6-C77C-4957-9F90-F289175F0EA1}.Release|Any CPU.ActiveCfg = Release|iPhoneSimulator
		{385C4FE6-C77C-4957-9F90-F289175F0EA1}.Release|ARM.ActiveCfg = Release|iPhoneSimulator
		{385C4FE6-C77C-4957-9F90-F289175F0EA1}.Release|ARM64.ActiveCfg = Release|iPhoneSimulator
		{385C4FE6-C77C-4957-9F90-F289175F0EA1}.Release|iPhone.ActiveCfg = Release|iPhone
		{385C4FE6-C77C-4957-9F90-F289175F0EA1}.Release|iPhone.Build.0 = Release|iPhone
		{385C4FE6-C77C-4957-9F90-F289175F0EA1}.Release|iPhoneSimulator.ActiveCfg = Release|iPhoneSimulator
		{385C4FE6-C77C-4957-9F90-F289175F0EA1}.Release|iPhoneSimulator.Build.0 = Release|iPhoneSimulator
		{385C4FE6-C77C-4957-9F90-F289175F0EA1}.Release|x64.ActiveCfg = Release|iPhoneSimulator
		{385C4FE6-C77C-4957-9F90-F289175F0EA1}.Release|x86.ActiveCfg = Release|iPhoneSimulator
		{CD970F9C-07C9-4850-822A-D248104780EB}.Ad-Hoc|Any CPU.ActiveCfg = Debug|Any CPU
		{CD970F9C-07C9-4850-822A-D248104780EB}.Ad-Hoc|Any CPU.Build.0 = Debug|Any CPU
		{CD970F9C-07C9-4850-822A-D248104780EB}.Ad-Hoc|ARM.ActiveCfg = Debug|Any CPU
		{CD970F9C-07C9-4850-822A-D248104780EB}.Ad-Hoc|ARM.Build.0 = Debug|Any CPU
		{CD970F9C-07C9-4850-822A-D248104780EB}.Ad-Hoc|ARM64.ActiveCfg = Debug|Any CPU
		{CD970F9C-07C9-4850-822A-D248104780EB}.Ad-Hoc|ARM64.Build.0 = Debug|Any CPU
		{CD970F9C-07C9-4850-822A-D248104780EB}.Ad-Hoc|iPhone.ActiveCfg = Debug|Any CPU
		{CD970F9C-07C9-4850-822A-D248104780EB}.Ad-Hoc|iPhone.Build.0 = Debug|Any CPU
		{CD970F9C-07C9-4850-822A-D248104780EB}.Ad-Hoc|iPhoneSimulator.ActiveCfg = Debug|Any CPU
		{CD970F9C-07C9-4850-822A-D248104780EB}.Ad-Hoc|iPhoneSimulator.Build.0 = Debug|Any CPU
		{CD970F9C-07C9-4850-822A-D248104780EB}.Ad-Hoc|x64.ActiveCfg = Debug|Any CPU
		{CD970F9C-07C9-4850-822A-D248104780EB}.Ad-Hoc|x64.Build.0 = Debug|Any CPU
		{CD970F9C-07C9-4850-822A-D248104780EB}.Ad-Hoc|x86.ActiveCfg = Debug|Any CPU
		{CD970F9C-07C9-4850-822A-D248104780EB}.Ad-Hoc|x86.Build.0 = Debug|Any CPU
		{CD970F9C-07C9-4850-822A-D248104780EB}.AppStore|Any CPU.ActiveCfg = Debug|Any CPU
		{CD970F9C-07C9-4850-822A-D248104780EB}.AppStore|Any CPU.Build.0 = Debug|Any CPU
		{CD970F9C-07C9-4850-822A-D248104780EB}.AppStore|ARM.ActiveCfg = Debug|Any CPU
		{CD970F9C-07C9-4850-822A-D248104780EB}.AppStore|ARM.Build.0 = Debug|Any CPU
		{CD970F9C-07C9-4850-822A-D248104780EB}.AppStore|ARM64.ActiveCfg = Debug|Any CPU
		{CD970F9C-07C9-4850-822A-D248104780EB}.AppStore|ARM64.Build.0 = Debug|Any CPU
		{CD970F9C-07C9-4850-822A-D248104780EB}.AppStore|iPhone.ActiveCfg = Debug|Any CPU
		{CD970F9C-07C9-4850-822A-D248104780EB}.AppStore|iPhone.Build.0 = Debug|Any CPU
		{CD970F9C-07C9-4850-822A-D248104780EB}.AppStore|iPhoneSimulator.ActiveCfg = Debug|Any CPU
		{CD970F9C-07C9-4850-822A-D248104780EB}.AppStore|iPhoneSimulator.Build.0 = Debug|Any CPU
		{CD970F9C-07C9-4850-822A-D248104780EB}.AppStore|x64.ActiveCfg = Debug|Any CPU
		{CD970F9C-07C9-4850-822A-D248104780EB}.AppStore|x64.Build.0 = Debug|Any CPU
		{CD970F9C-07C9-4850-822A-D248104780EB}.AppStore|x86.ActiveCfg = Debug|Any CPU
		{CD970F9C-07C9-4850-822A-D248104780EB}.AppStore|x86.Build.0 = Debug|Any CPU
		{CD970F9C-07C9-4850-822A-D248104780EB}.Debug|Any CPU.ActiveCfg = Debug|Any CPU
		{CD970F9C-07C9-4850-822A-D248104780EB}.Debug|Any CPU.Build.0 = Debug|Any CPU
		{CD970F9C-07C9-4850-822A-D248104780EB}.Debug|ARM.ActiveCfg = Debug|Any CPU
		{CD970F9C-07C9-4850-822A-D248104780EB}.Debug|ARM.Build.0 = Debug|Any CPU
		{CD970F9C-07C9-4850-822A-D248104780EB}.Debug|ARM64.ActiveCfg = Debug|Any CPU
		{CD970F9C-07C9-4850-822A-D248104780EB}.Debug|ARM64.Build.0 = Debug|Any CPU
		{CD970F9C-07C9-4850-822A-D248104780EB}.Debug|iPhone.ActiveCfg = Debug|Any CPU
		{CD970F9C-07C9-4850-822A-D248104780EB}.Debug|iPhone.Build.0 = Debug|Any CPU
		{CD970F9C-07C9-4850-822A-D248104780EB}.Debug|iPhoneSimulator.ActiveCfg = Debug|Any CPU
		{CD970F9C-07C9-4850-822A-D248104780EB}.Debug|iPhoneSimulator.Build.0 = Debug|Any CPU
		{CD970F9C-07C9-4850-822A-D248104780EB}.Debug|x64.ActiveCfg = Debug|Any CPU
		{CD970F9C-07C9-4850-822A-D248104780EB}.Debug|x64.Build.0 = Debug|Any CPU
		{CD970F9C-07C9-4850-822A-D248104780EB}.Debug|x86.ActiveCfg = Debug|Any CPU
		{CD970F9C-07C9-4850-822A-D248104780EB}.Debug|x86.Build.0 = Debug|Any CPU
		{CD970F9C-07C9-4850-822A-D248104780EB}.Release|Any CPU.ActiveCfg = Release|Any CPU
		{CD970F9C-07C9-4850-822A-D248104780EB}.Release|Any CPU.Build.0 = Release|Any CPU
		{CD970F9C-07C9-4850-822A-D248104780EB}.Release|ARM.ActiveCfg = Release|Any CPU
		{CD970F9C-07C9-4850-822A-D248104780EB}.Release|ARM.Build.0 = Release|Any CPU
		{CD970F9C-07C9-4850-822A-D248104780EB}.Release|ARM64.ActiveCfg = Release|Any CPU
		{CD970F9C-07C9-4850-822A-D248104780EB}.Release|ARM64.Build.0 = Release|Any CPU
		{CD970F9C-07C9-4850-822A-D248104780EB}.Release|iPhone.ActiveCfg = Release|Any CPU
		{CD970F9C-07C9-4850-822A-D248104780EB}.Release|iPhone.Build.0 = Release|Any CPU
		{CD970F9C-07C9-4850-822A-D248104780EB}.Release|iPhoneSimulator.ActiveCfg = Release|Any CPU
		{CD970F9C-07C9-4850-822A-D248104780EB}.Release|iPhoneSimulator.Build.0 = Release|Any CPU
		{CD970F9C-07C9-4850-822A-D248104780EB}.Release|x64.ActiveCfg = Release|Any CPU
		{CD970F9C-07C9-4850-822A-D248104780EB}.Release|x64.Build.0 = Release|Any CPU
		{CD970F9C-07C9-4850-822A-D248104780EB}.Release|x86.ActiveCfg = Release|Any CPU
		{CD970F9C-07C9-4850-822A-D248104780EB}.Release|x86.Build.0 = Release|Any CPU
		{90E15362-061C-47EA-A622-E51B68E4BF82}.Ad-Hoc|Any CPU.ActiveCfg = Debug|Any CPU
		{90E15362-061C-47EA-A622-E51B68E4BF82}.Ad-Hoc|Any CPU.Build.0 = Debug|Any CPU
		{90E15362-061C-47EA-A622-E51B68E4BF82}.Ad-Hoc|ARM.ActiveCfg = Debug|Any CPU
		{90E15362-061C-47EA-A622-E51B68E4BF82}.Ad-Hoc|ARM.Build.0 = Debug|Any CPU
		{90E15362-061C-47EA-A622-E51B68E4BF82}.Ad-Hoc|ARM64.ActiveCfg = Debug|Any CPU
		{90E15362-061C-47EA-A622-E51B68E4BF82}.Ad-Hoc|ARM64.Build.0 = Debug|Any CPU
		{90E15362-061C-47EA-A622-E51B68E4BF82}.Ad-Hoc|iPhone.ActiveCfg = Debug|Any CPU
		{90E15362-061C-47EA-A622-E51B68E4BF82}.Ad-Hoc|iPhone.Build.0 = Debug|Any CPU
		{90E15362-061C-47EA-A622-E51B68E4BF82}.Ad-Hoc|iPhoneSimulator.ActiveCfg = Debug|Any CPU
		{90E15362-061C-47EA-A622-E51B68E4BF82}.Ad-Hoc|iPhoneSimulator.Build.0 = Debug|Any CPU
		{90E15362-061C-47EA-A622-E51B68E4BF82}.Ad-Hoc|x64.ActiveCfg = Debug|Any CPU
		{90E15362-061C-47EA-A622-E51B68E4BF82}.Ad-Hoc|x64.Build.0 = Debug|Any CPU
		{90E15362-061C-47EA-A622-E51B68E4BF82}.Ad-Hoc|x86.ActiveCfg = Debug|Any CPU
		{90E15362-061C-47EA-A622-E51B68E4BF82}.Ad-Hoc|x86.Build.0 = Debug|Any CPU
		{90E15362-061C-47EA-A622-E51B68E4BF82}.AppStore|Any CPU.ActiveCfg = Debug|Any CPU
		{90E15362-061C-47EA-A622-E51B68E4BF82}.AppStore|Any CPU.Build.0 = Debug|Any CPU
		{90E15362-061C-47EA-A622-E51B68E4BF82}.AppStore|ARM.ActiveCfg = Debug|Any CPU
		{90E15362-061C-47EA-A622-E51B68E4BF82}.AppStore|ARM.Build.0 = Debug|Any CPU
		{90E15362-061C-47EA-A622-E51B68E4BF82}.AppStore|ARM64.ActiveCfg = Debug|Any CPU
		{90E15362-061C-47EA-A622-E51B68E4BF82}.AppStore|ARM64.Build.0 = Debug|Any CPU
		{90E15362-061C-47EA-A622-E51B68E4BF82}.AppStore|iPhone.ActiveCfg = Debug|Any CPU
		{90E15362-061C-47EA-A622-E51B68E4BF82}.AppStore|iPhone.Build.0 = Debug|Any CPU
		{90E15362-061C-47EA-A622-E51B68E4BF82}.AppStore|iPhoneSimulator.ActiveCfg = Debug|Any CPU
		{90E15362-061C-47EA-A622-E51B68E4BF82}.AppStore|iPhoneSimulator.Build.0 = Debug|Any CPU
		{90E15362-061C-47EA-A622-E51B68E4BF82}.AppStore|x64.ActiveCfg = Debug|Any CPU
		{90E15362-061C-47EA-A622-E51B68E4BF82}.AppStore|x64.Build.0 = Debug|Any CPU
		{90E15362-061C-47EA-A622-E51B68E4BF82}.AppStore|x86.ActiveCfg = Debug|Any CPU
		{90E15362-061C-47EA-A622-E51B68E4BF82}.AppStore|x86.Build.0 = Debug|Any CPU
		{90E15362-061C-47EA-A622-E51B68E4BF82}.Debug|Any CPU.ActiveCfg = Debug|Any CPU
		{90E15362-061C-47EA-A622-E51B68E4BF82}.Debug|Any CPU.Build.0 = Debug|Any CPU
		{90E15362-061C-47EA-A622-E51B68E4BF82}.Debug|ARM.ActiveCfg = Debug|Any CPU
		{90E15362-061C-47EA-A622-E51B68E4BF82}.Debug|ARM.Build.0 = Debug|Any CPU
		{90E15362-061C-47EA-A622-E51B68E4BF82}.Debug|ARM64.ActiveCfg = Debug|Any CPU
		{90E15362-061C-47EA-A622-E51B68E4BF82}.Debug|ARM64.Build.0 = Debug|Any CPU
		{90E15362-061C-47EA-A622-E51B68E4BF82}.Debug|iPhone.ActiveCfg = Debug|Any CPU
		{90E15362-061C-47EA-A622-E51B68E4BF82}.Debug|iPhone.Build.0 = Debug|Any CPU
		{90E15362-061C-47EA-A622-E51B68E4BF82}.Debug|iPhoneSimulator.ActiveCfg = Debug|Any CPU
		{90E15362-061C-47EA-A622-E51B68E4BF82}.Debug|iPhoneSimulator.Build.0 = Debug|Any CPU
		{90E15362-061C-47EA-A622-E51B68E4BF82}.Debug|x64.ActiveCfg = Debug|Any CPU
		{90E15362-061C-47EA-A622-E51B68E4BF82}.Debug|x64.Build.0 = Debug|Any CPU
		{90E15362-061C-47EA-A622-E51B68E4BF82}.Debug|x86.ActiveCfg = Debug|Any CPU
		{90E15362-061C-47EA-A622-E51B68E4BF82}.Debug|x86.Build.0 = Debug|Any CPU
		{90E15362-061C-47EA-A622-E51B68E4BF82}.Release|Any CPU.ActiveCfg = Release|Any CPU
		{90E15362-061C-47EA-A622-E51B68E4BF82}.Release|Any CPU.Build.0 = Release|Any CPU
		{90E15362-061C-47EA-A622-E51B68E4BF82}.Release|ARM.ActiveCfg = Release|Any CPU
		{90E15362-061C-47EA-A622-E51B68E4BF82}.Release|ARM.Build.0 = Release|Any CPU
		{90E15362-061C-47EA-A622-E51B68E4BF82}.Release|ARM64.ActiveCfg = Release|Any CPU
		{90E15362-061C-47EA-A622-E51B68E4BF82}.Release|ARM64.Build.0 = Release|Any CPU
		{90E15362-061C-47EA-A622-E51B68E4BF82}.Release|iPhone.ActiveCfg = Release|Any CPU
		{90E15362-061C-47EA-A622-E51B68E4BF82}.Release|iPhone.Build.0 = Release|Any CPU
		{90E15362-061C-47EA-A622-E51B68E4BF82}.Release|iPhoneSimulator.ActiveCfg = Release|Any CPU
		{90E15362-061C-47EA-A622-E51B68E4BF82}.Release|iPhoneSimulator.Build.0 = Release|Any CPU
		{90E15362-061C-47EA-A622-E51B68E4BF82}.Release|x64.ActiveCfg = Release|Any CPU
		{90E15362-061C-47EA-A622-E51B68E4BF82}.Release|x64.Build.0 = Release|Any CPU
		{90E15362-061C-47EA-A622-E51B68E4BF82}.Release|x86.ActiveCfg = Release|Any CPU
		{90E15362-061C-47EA-A622-E51B68E4BF82}.Release|x86.Build.0 = Release|Any CPU
		{3DCDFE5A-37D3-470E-A52F-5DA34C3A0912}.Ad-Hoc|Any CPU.ActiveCfg = Debug|Any CPU
		{3DCDFE5A-37D3-470E-A52F-5DA34C3A0912}.Ad-Hoc|Any CPU.Build.0 = Debug|Any CPU
		{3DCDFE5A-37D3-470E-A52F-5DA34C3A0912}.Ad-Hoc|ARM.ActiveCfg = Debug|Any CPU
		{3DCDFE5A-37D3-470E-A52F-5DA34C3A0912}.Ad-Hoc|ARM.Build.0 = Debug|Any CPU
		{3DCDFE5A-37D3-470E-A52F-5DA34C3A0912}.Ad-Hoc|ARM64.ActiveCfg = Debug|Any CPU
		{3DCDFE5A-37D3-470E-A52F-5DA34C3A0912}.Ad-Hoc|ARM64.Build.0 = Debug|Any CPU
		{3DCDFE5A-37D3-470E-A52F-5DA34C3A0912}.Ad-Hoc|iPhone.ActiveCfg = Debug|Any CPU
		{3DCDFE5A-37D3-470E-A52F-5DA34C3A0912}.Ad-Hoc|iPhone.Build.0 = Debug|Any CPU
		{3DCDFE5A-37D3-470E-A52F-5DA34C3A0912}.Ad-Hoc|iPhoneSimulator.ActiveCfg = Debug|Any CPU
		{3DCDFE5A-37D3-470E-A52F-5DA34C3A0912}.Ad-Hoc|iPhoneSimulator.Build.0 = Debug|Any CPU
		{3DCDFE5A-37D3-470E-A52F-5DA34C3A0912}.Ad-Hoc|x64.ActiveCfg = Debug|Any CPU
		{3DCDFE5A-37D3-470E-A52F-5DA34C3A0912}.Ad-Hoc|x64.Build.0 = Debug|Any CPU
		{3DCDFE5A-37D3-470E-A52F-5DA34C3A0912}.Ad-Hoc|x86.ActiveCfg = Debug|Any CPU
		{3DCDFE5A-37D3-470E-A52F-5DA34C3A0912}.Ad-Hoc|x86.Build.0 = Debug|Any CPU
		{3DCDFE5A-37D3-470E-A52F-5DA34C3A0912}.AppStore|Any CPU.ActiveCfg = Debug|Any CPU
		{3DCDFE5A-37D3-470E-A52F-5DA34C3A0912}.AppStore|Any CPU.Build.0 = Debug|Any CPU
		{3DCDFE5A-37D3-470E-A52F-5DA34C3A0912}.AppStore|ARM.ActiveCfg = Debug|Any CPU
		{3DCDFE5A-37D3-470E-A52F-5DA34C3A0912}.AppStore|ARM.Build.0 = Debug|Any CPU
		{3DCDFE5A-37D3-470E-A52F-5DA34C3A0912}.AppStore|ARM64.ActiveCfg = Debug|Any CPU
		{3DCDFE5A-37D3-470E-A52F-5DA34C3A0912}.AppStore|ARM64.Build.0 = Debug|Any CPU
		{3DCDFE5A-37D3-470E-A52F-5DA34C3A0912}.AppStore|iPhone.ActiveCfg = Debug|Any CPU
		{3DCDFE5A-37D3-470E-A52F-5DA34C3A0912}.AppStore|iPhone.Build.0 = Debug|Any CPU
		{3DCDFE5A-37D3-470E-A52F-5DA34C3A0912}.AppStore|iPhoneSimulator.ActiveCfg = Debug|Any CPU
		{3DCDFE5A-37D3-470E-A52F-5DA34C3A0912}.AppStore|iPhoneSimulator.Build.0 = Debug|Any CPU
		{3DCDFE5A-37D3-470E-A52F-5DA34C3A0912}.AppStore|x64.ActiveCfg = Debug|Any CPU
		{3DCDFE5A-37D3-470E-A52F-5DA34C3A0912}.AppStore|x64.Build.0 = Debug|Any CPU
		{3DCDFE5A-37D3-470E-A52F-5DA34C3A0912}.AppStore|x86.ActiveCfg = Debug|Any CPU
		{3DCDFE5A-37D3-470E-A52F-5DA34C3A0912}.AppStore|x86.Build.0 = Debug|Any CPU
		{3DCDFE5A-37D3-470E-A52F-5DA34C3A0912}.Debug|Any CPU.ActiveCfg = Debug|Any CPU
		{3DCDFE5A-37D3-470E-A52F-5DA34C3A0912}.Debug|Any CPU.Build.0 = Debug|Any CPU
		{3DCDFE5A-37D3-470E-A52F-5DA34C3A0912}.Debug|ARM.ActiveCfg = Debug|Any CPU
		{3DCDFE5A-37D3-470E-A52F-5DA34C3A0912}.Debug|ARM.Build.0 = Debug|Any CPU
		{3DCDFE5A-37D3-470E-A52F-5DA34C3A0912}.Debug|ARM64.ActiveCfg = Debug|Any CPU
		{3DCDFE5A-37D3-470E-A52F-5DA34C3A0912}.Debug|ARM64.Build.0 = Debug|Any CPU
		{3DCDFE5A-37D3-470E-A52F-5DA34C3A0912}.Debug|iPhone.ActiveCfg = Debug|Any CPU
		{3DCDFE5A-37D3-470E-A52F-5DA34C3A0912}.Debug|iPhone.Build.0 = Debug|Any CPU
		{3DCDFE5A-37D3-470E-A52F-5DA34C3A0912}.Debug|iPhoneSimulator.ActiveCfg = Debug|Any CPU
		{3DCDFE5A-37D3-470E-A52F-5DA34C3A0912}.Debug|iPhoneSimulator.Build.0 = Debug|Any CPU
		{3DCDFE5A-37D3-470E-A52F-5DA34C3A0912}.Debug|x64.ActiveCfg = Debug|Any CPU
		{3DCDFE5A-37D3-470E-A52F-5DA34C3A0912}.Debug|x64.Build.0 = Debug|Any CPU
		{3DCDFE5A-37D3-470E-A52F-5DA34C3A0912}.Debug|x86.ActiveCfg = Debug|Any CPU
		{3DCDFE5A-37D3-470E-A52F-5DA34C3A0912}.Debug|x86.Build.0 = Debug|Any CPU
		{3DCDFE5A-37D3-470E-A52F-5DA34C3A0912}.Release|Any CPU.ActiveCfg = Release|Any CPU
		{3DCDFE5A-37D3-470E-A52F-5DA34C3A0912}.Release|Any CPU.Build.0 = Release|Any CPU
		{3DCDFE5A-37D3-470E-A52F-5DA34C3A0912}.Release|ARM.ActiveCfg = Release|Any CPU
		{3DCDFE5A-37D3-470E-A52F-5DA34C3A0912}.Release|ARM.Build.0 = Release|Any CPU
		{3DCDFE5A-37D3-470E-A52F-5DA34C3A0912}.Release|ARM64.ActiveCfg = Release|Any CPU
		{3DCDFE5A-37D3-470E-A52F-5DA34C3A0912}.Release|ARM64.Build.0 = Release|Any CPU
		{3DCDFE5A-37D3-470E-A52F-5DA34C3A0912}.Release|iPhone.ActiveCfg = Release|Any CPU
		{3DCDFE5A-37D3-470E-A52F-5DA34C3A0912}.Release|iPhone.Build.0 = Release|Any CPU
		{3DCDFE5A-37D3-470E-A52F-5DA34C3A0912}.Release|iPhoneSimulator.ActiveCfg = Release|Any CPU
		{3DCDFE5A-37D3-470E-A52F-5DA34C3A0912}.Release|iPhoneSimulator.Build.0 = Release|Any CPU
		{3DCDFE5A-37D3-470E-A52F-5DA34C3A0912}.Release|x64.ActiveCfg = Release|Any CPU
		{3DCDFE5A-37D3-470E-A52F-5DA34C3A0912}.Release|x64.Build.0 = Release|Any CPU
		{3DCDFE5A-37D3-470E-A52F-5DA34C3A0912}.Release|x86.ActiveCfg = Release|Any CPU
		{3DCDFE5A-37D3-470E-A52F-5DA34C3A0912}.Release|x86.Build.0 = Release|Any CPU
		{3730BBEA-355B-4087-B2AD-A3A63C7C266D}.Ad-Hoc|Any CPU.ActiveCfg = Debug|Any CPU
		{3730BBEA-355B-4087-B2AD-A3A63C7C266D}.Ad-Hoc|Any CPU.Build.0 = Debug|Any CPU
		{3730BBEA-355B-4087-B2AD-A3A63C7C266D}.Ad-Hoc|ARM.ActiveCfg = Debug|Any CPU
		{3730BBEA-355B-4087-B2AD-A3A63C7C266D}.Ad-Hoc|ARM.Build.0 = Debug|Any CPU
		{3730BBEA-355B-4087-B2AD-A3A63C7C266D}.Ad-Hoc|ARM64.ActiveCfg = Debug|Any CPU
		{3730BBEA-355B-4087-B2AD-A3A63C7C266D}.Ad-Hoc|ARM64.Build.0 = Debug|Any CPU
		{3730BBEA-355B-4087-B2AD-A3A63C7C266D}.Ad-Hoc|iPhone.ActiveCfg = Debug|Any CPU
		{3730BBEA-355B-4087-B2AD-A3A63C7C266D}.Ad-Hoc|iPhone.Build.0 = Debug|Any CPU
		{3730BBEA-355B-4087-B2AD-A3A63C7C266D}.Ad-Hoc|iPhoneSimulator.ActiveCfg = Debug|Any CPU
		{3730BBEA-355B-4087-B2AD-A3A63C7C266D}.Ad-Hoc|iPhoneSimulator.Build.0 = Debug|Any CPU
		{3730BBEA-355B-4087-B2AD-A3A63C7C266D}.Ad-Hoc|x64.ActiveCfg = Debug|Any CPU
		{3730BBEA-355B-4087-B2AD-A3A63C7C266D}.Ad-Hoc|x64.Build.0 = Debug|Any CPU
		{3730BBEA-355B-4087-B2AD-A3A63C7C266D}.Ad-Hoc|x86.ActiveCfg = Debug|Any CPU
		{3730BBEA-355B-4087-B2AD-A3A63C7C266D}.Ad-Hoc|x86.Build.0 = Debug|Any CPU
		{3730BBEA-355B-4087-B2AD-A3A63C7C266D}.AppStore|Any CPU.ActiveCfg = Debug|Any CPU
		{3730BBEA-355B-4087-B2AD-A3A63C7C266D}.AppStore|Any CPU.Build.0 = Debug|Any CPU
		{3730BBEA-355B-4087-B2AD-A3A63C7C266D}.AppStore|ARM.ActiveCfg = Debug|Any CPU
		{3730BBEA-355B-4087-B2AD-A3A63C7C266D}.AppStore|ARM.Build.0 = Debug|Any CPU
		{3730BBEA-355B-4087-B2AD-A3A63C7C266D}.AppStore|ARM64.ActiveCfg = Debug|Any CPU
		{3730BBEA-355B-4087-B2AD-A3A63C7C266D}.AppStore|ARM64.Build.0 = Debug|Any CPU
		{3730BBEA-355B-4087-B2AD-A3A63C7C266D}.AppStore|iPhone.ActiveCfg = Debug|Any CPU
		{3730BBEA-355B-4087-B2AD-A3A63C7C266D}.AppStore|iPhone.Build.0 = Debug|Any CPU
		{3730BBEA-355B-4087-B2AD-A3A63C7C266D}.AppStore|iPhoneSimulator.ActiveCfg = Debug|Any CPU
		{3730BBEA-355B-4087-B2AD-A3A63C7C266D}.AppStore|iPhoneSimulator.Build.0 = Debug|Any CPU
		{3730BBEA-355B-4087-B2AD-A3A63C7C266D}.AppStore|x64.ActiveCfg = Debug|Any CPU
		{3730BBEA-355B-4087-B2AD-A3A63C7C266D}.AppStore|x64.Build.0 = Debug|Any CPU
		{3730BBEA-355B-4087-B2AD-A3A63C7C266D}.AppStore|x86.ActiveCfg = Debug|Any CPU
		{3730BBEA-355B-4087-B2AD-A3A63C7C266D}.AppStore|x86.Build.0 = Debug|Any CPU
		{3730BBEA-355B-4087-B2AD-A3A63C7C266D}.Debug|Any CPU.ActiveCfg = Debug|Any CPU
		{3730BBEA-355B-4087-B2AD-A3A63C7C266D}.Debug|Any CPU.Build.0 = Debug|Any CPU
		{3730BBEA-355B-4087-B2AD-A3A63C7C266D}.Debug|ARM.ActiveCfg = Debug|Any CPU
		{3730BBEA-355B-4087-B2AD-A3A63C7C266D}.Debug|ARM.Build.0 = Debug|Any CPU
		{3730BBEA-355B-4087-B2AD-A3A63C7C266D}.Debug|ARM64.ActiveCfg = Debug|Any CPU
		{3730BBEA-355B-4087-B2AD-A3A63C7C266D}.Debug|ARM64.Build.0 = Debug|Any CPU
		{3730BBEA-355B-4087-B2AD-A3A63C7C266D}.Debug|iPhone.ActiveCfg = Debug|Any CPU
		{3730BBEA-355B-4087-B2AD-A3A63C7C266D}.Debug|iPhone.Build.0 = Debug|Any CPU
		{3730BBEA-355B-4087-B2AD-A3A63C7C266D}.Debug|iPhoneSimulator.ActiveCfg = Debug|Any CPU
		{3730BBEA-355B-4087-B2AD-A3A63C7C266D}.Debug|iPhoneSimulator.Build.0 = Debug|Any CPU
		{3730BBEA-355B-4087-B2AD-A3A63C7C266D}.Debug|x64.ActiveCfg = Debug|Any CPU
		{3730BBEA-355B-4087-B2AD-A3A63C7C266D}.Debug|x64.Build.0 = Debug|Any CPU
		{3730BBEA-355B-4087-B2AD-A3A63C7C266D}.Debug|x86.ActiveCfg = Debug|Any CPU
		{3730BBEA-355B-4087-B2AD-A3A63C7C266D}.Debug|x86.Build.0 = Debug|Any CPU
		{3730BBEA-355B-4087-B2AD-A3A63C7C266D}.Release|Any CPU.ActiveCfg = Release|Any CPU
		{3730BBEA-355B-4087-B2AD-A3A63C7C266D}.Release|Any CPU.Build.0 = Release|Any CPU
		{3730BBEA-355B-4087-B2AD-A3A63C7C266D}.Release|ARM.ActiveCfg = Release|Any CPU
		{3730BBEA-355B-4087-B2AD-A3A63C7C266D}.Release|ARM.Build.0 = Release|Any CPU
		{3730BBEA-355B-4087-B2AD-A3A63C7C266D}.Release|ARM64.ActiveCfg = Release|Any CPU
		{3730BBEA-355B-4087-B2AD-A3A63C7C266D}.Release|ARM64.Build.0 = Release|Any CPU
		{3730BBEA-355B-4087-B2AD-A3A63C7C266D}.Release|iPhone.ActiveCfg = Release|Any CPU
		{3730BBEA-355B-4087-B2AD-A3A63C7C266D}.Release|iPhone.Build.0 = Release|Any CPU
		{3730BBEA-355B-4087-B2AD-A3A63C7C266D}.Release|iPhoneSimulator.ActiveCfg = Release|Any CPU
		{3730BBEA-355B-4087-B2AD-A3A63C7C266D}.Release|iPhoneSimulator.Build.0 = Release|Any CPU
		{3730BBEA-355B-4087-B2AD-A3A63C7C266D}.Release|x64.ActiveCfg = Release|Any CPU
		{3730BBEA-355B-4087-B2AD-A3A63C7C266D}.Release|x64.Build.0 = Release|Any CPU
		{3730BBEA-355B-4087-B2AD-A3A63C7C266D}.Release|x86.ActiveCfg = Release|Any CPU
		{3730BBEA-355B-4087-B2AD-A3A63C7C266D}.Release|x86.Build.0 = Release|Any CPU
		{C3A54A0C-8AB4-4C3F-9A5B-FA7289F841C9}.Ad-Hoc|Any CPU.ActiveCfg = Debug|Any CPU
		{C3A54A0C-8AB4-4C3F-9A5B-FA7289F841C9}.Ad-Hoc|Any CPU.Build.0 = Debug|Any CPU
		{C3A54A0C-8AB4-4C3F-9A5B-FA7289F841C9}.Ad-Hoc|ARM.ActiveCfg = Debug|Any CPU
		{C3A54A0C-8AB4-4C3F-9A5B-FA7289F841C9}.Ad-Hoc|ARM.Build.0 = Debug|Any CPU
		{C3A54A0C-8AB4-4C3F-9A5B-FA7289F841C9}.Ad-Hoc|ARM64.ActiveCfg = Debug|Any CPU
		{C3A54A0C-8AB4-4C3F-9A5B-FA7289F841C9}.Ad-Hoc|ARM64.Build.0 = Debug|Any CPU
		{C3A54A0C-8AB4-4C3F-9A5B-FA7289F841C9}.Ad-Hoc|iPhone.ActiveCfg = Debug|Any CPU
		{C3A54A0C-8AB4-4C3F-9A5B-FA7289F841C9}.Ad-Hoc|iPhone.Build.0 = Debug|Any CPU
		{C3A54A0C-8AB4-4C3F-9A5B-FA7289F841C9}.Ad-Hoc|iPhoneSimulator.ActiveCfg = Debug|Any CPU
		{C3A54A0C-8AB4-4C3F-9A5B-FA7289F841C9}.Ad-Hoc|iPhoneSimulator.Build.0 = Debug|Any CPU
		{C3A54A0C-8AB4-4C3F-9A5B-FA7289F841C9}.Ad-Hoc|x64.ActiveCfg = Debug|Any CPU
		{C3A54A0C-8AB4-4C3F-9A5B-FA7289F841C9}.Ad-Hoc|x64.Build.0 = Debug|Any CPU
		{C3A54A0C-8AB4-4C3F-9A5B-FA7289F841C9}.Ad-Hoc|x86.ActiveCfg = Debug|Any CPU
		{C3A54A0C-8AB4-4C3F-9A5B-FA7289F841C9}.Ad-Hoc|x86.Build.0 = Debug|Any CPU
		{C3A54A0C-8AB4-4C3F-9A5B-FA7289F841C9}.AppStore|Any CPU.ActiveCfg = Debug|Any CPU
		{C3A54A0C-8AB4-4C3F-9A5B-FA7289F841C9}.AppStore|Any CPU.Build.0 = Debug|Any CPU
		{C3A54A0C-8AB4-4C3F-9A5B-FA7289F841C9}.AppStore|ARM.ActiveCfg = Debug|Any CPU
		{C3A54A0C-8AB4-4C3F-9A5B-FA7289F841C9}.AppStore|ARM.Build.0 = Debug|Any CPU
		{C3A54A0C-8AB4-4C3F-9A5B-FA7289F841C9}.AppStore|ARM64.ActiveCfg = Debug|Any CPU
		{C3A54A0C-8AB4-4C3F-9A5B-FA7289F841C9}.AppStore|ARM64.Build.0 = Debug|Any CPU
		{C3A54A0C-8AB4-4C3F-9A5B-FA7289F841C9}.AppStore|iPhone.ActiveCfg = Debug|Any CPU
		{C3A54A0C-8AB4-4C3F-9A5B-FA7289F841C9}.AppStore|iPhone.Build.0 = Debug|Any CPU
		{C3A54A0C-8AB4-4C3F-9A5B-FA7289F841C9}.AppStore|iPhoneSimulator.ActiveCfg = Debug|Any CPU
		{C3A54A0C-8AB4-4C3F-9A5B-FA7289F841C9}.AppStore|iPhoneSimulator.Build.0 = Debug|Any CPU
		{C3A54A0C-8AB4-4C3F-9A5B-FA7289F841C9}.AppStore|x64.ActiveCfg = Debug|Any CPU
		{C3A54A0C-8AB4-4C3F-9A5B-FA7289F841C9}.AppStore|x64.Build.0 = Debug|Any CPU
		{C3A54A0C-8AB4-4C3F-9A5B-FA7289F841C9}.AppStore|x86.ActiveCfg = Debug|Any CPU
		{C3A54A0C-8AB4-4C3F-9A5B-FA7289F841C9}.AppStore|x86.Build.0 = Debug|Any CPU
		{C3A54A0C-8AB4-4C3F-9A5B-FA7289F841C9}.Debug|Any CPU.ActiveCfg = Debug|Any CPU
		{C3A54A0C-8AB4-4C3F-9A5B-FA7289F841C9}.Debug|Any CPU.Build.0 = Debug|Any CPU
		{C3A54A0C-8AB4-4C3F-9A5B-FA7289F841C9}.Debug|ARM.ActiveCfg = Debug|Any CPU
		{C3A54A0C-8AB4-4C3F-9A5B-FA7289F841C9}.Debug|ARM.Build.0 = Debug|Any CPU
		{C3A54A0C-8AB4-4C3F-9A5B-FA7289F841C9}.Debug|ARM64.ActiveCfg = Debug|Any CPU
		{C3A54A0C-8AB4-4C3F-9A5B-FA7289F841C9}.Debug|ARM64.Build.0 = Debug|Any CPU
		{C3A54A0C-8AB4-4C3F-9A5B-FA7289F841C9}.Debug|iPhone.ActiveCfg = Debug|Any CPU
		{C3A54A0C-8AB4-4C3F-9A5B-FA7289F841C9}.Debug|iPhone.Build.0 = Debug|Any CPU
		{C3A54A0C-8AB4-4C3F-9A5B-FA7289F841C9}.Debug|iPhoneSimulator.ActiveCfg = Debug|Any CPU
		{C3A54A0C-8AB4-4C3F-9A5B-FA7289F841C9}.Debug|iPhoneSimulator.Build.0 = Debug|Any CPU
		{C3A54A0C-8AB4-4C3F-9A5B-FA7289F841C9}.Debug|x64.ActiveCfg = Debug|Any CPU
		{C3A54A0C-8AB4-4C3F-9A5B-FA7289F841C9}.Debug|x64.Build.0 = Debug|Any CPU
		{C3A54A0C-8AB4-4C3F-9A5B-FA7289F841C9}.Debug|x86.ActiveCfg = Debug|Any CPU
		{C3A54A0C-8AB4-4C3F-9A5B-FA7289F841C9}.Debug|x86.Build.0 = Debug|Any CPU
		{C3A54A0C-8AB4-4C3F-9A5B-FA7289F841C9}.Release|Any CPU.ActiveCfg = Release|Any CPU
		{C3A54A0C-8AB4-4C3F-9A5B-FA7289F841C9}.Release|Any CPU.Build.0 = Release|Any CPU
		{C3A54A0C-8AB4-4C3F-9A5B-FA7289F841C9}.Release|ARM.ActiveCfg = Release|Any CPU
		{C3A54A0C-8AB4-4C3F-9A5B-FA7289F841C9}.Release|ARM.Build.0 = Release|Any CPU
		{C3A54A0C-8AB4-4C3F-9A5B-FA7289F841C9}.Release|ARM64.ActiveCfg = Release|Any CPU
		{C3A54A0C-8AB4-4C3F-9A5B-FA7289F841C9}.Release|ARM64.Build.0 = Release|Any CPU
		{C3A54A0C-8AB4-4C3F-9A5B-FA7289F841C9}.Release|iPhone.ActiveCfg = Release|Any CPU
		{C3A54A0C-8AB4-4C3F-9A5B-FA7289F841C9}.Release|iPhone.Build.0 = Release|Any CPU
		{C3A54A0C-8AB4-4C3F-9A5B-FA7289F841C9}.Release|iPhoneSimulator.ActiveCfg = Release|Any CPU
		{C3A54A0C-8AB4-4C3F-9A5B-FA7289F841C9}.Release|iPhoneSimulator.Build.0 = Release|Any CPU
		{C3A54A0C-8AB4-4C3F-9A5B-FA7289F841C9}.Release|x64.ActiveCfg = Release|Any CPU
		{C3A54A0C-8AB4-4C3F-9A5B-FA7289F841C9}.Release|x64.Build.0 = Release|Any CPU
		{C3A54A0C-8AB4-4C3F-9A5B-FA7289F841C9}.Release|x86.ActiveCfg = Release|Any CPU
		{C3A54A0C-8AB4-4C3F-9A5B-FA7289F841C9}.Release|x86.Build.0 = Release|Any CPU
		{5F2DB149-3C76-4DC5-85C1-430340DEDAF2}.Ad-Hoc|Any CPU.ActiveCfg = Debug|Any CPU
		{5F2DB149-3C76-4DC5-85C1-430340DEDAF2}.Ad-Hoc|Any CPU.Build.0 = Debug|Any CPU
		{5F2DB149-3C76-4DC5-85C1-430340DEDAF2}.Ad-Hoc|Any CPU.Deploy.0 = Debug|Any CPU
		{5F2DB149-3C76-4DC5-85C1-430340DEDAF2}.Ad-Hoc|ARM.ActiveCfg = Debug|Any CPU
		{5F2DB149-3C76-4DC5-85C1-430340DEDAF2}.Ad-Hoc|ARM.Build.0 = Debug|Any CPU
		{5F2DB149-3C76-4DC5-85C1-430340DEDAF2}.Ad-Hoc|ARM.Deploy.0 = Debug|Any CPU
		{5F2DB149-3C76-4DC5-85C1-430340DEDAF2}.Ad-Hoc|ARM64.ActiveCfg = Debug|Any CPU
		{5F2DB149-3C76-4DC5-85C1-430340DEDAF2}.Ad-Hoc|ARM64.Build.0 = Debug|Any CPU
		{5F2DB149-3C76-4DC5-85C1-430340DEDAF2}.Ad-Hoc|ARM64.Deploy.0 = Debug|Any CPU
		{5F2DB149-3C76-4DC5-85C1-430340DEDAF2}.Ad-Hoc|iPhone.ActiveCfg = Debug|Any CPU
		{5F2DB149-3C76-4DC5-85C1-430340DEDAF2}.Ad-Hoc|iPhone.Build.0 = Debug|Any CPU
		{5F2DB149-3C76-4DC5-85C1-430340DEDAF2}.Ad-Hoc|iPhone.Deploy.0 = Debug|Any CPU
		{5F2DB149-3C76-4DC5-85C1-430340DEDAF2}.Ad-Hoc|iPhoneSimulator.ActiveCfg = Debug|Any CPU
		{5F2DB149-3C76-4DC5-85C1-430340DEDAF2}.Ad-Hoc|iPhoneSimulator.Build.0 = Debug|Any CPU
		{5F2DB149-3C76-4DC5-85C1-430340DEDAF2}.Ad-Hoc|iPhoneSimulator.Deploy.0 = Debug|Any CPU
		{5F2DB149-3C76-4DC5-85C1-430340DEDAF2}.Ad-Hoc|x64.ActiveCfg = Debug|Any CPU
		{5F2DB149-3C76-4DC5-85C1-430340DEDAF2}.Ad-Hoc|x64.Build.0 = Debug|Any CPU
		{5F2DB149-3C76-4DC5-85C1-430340DEDAF2}.Ad-Hoc|x64.Deploy.0 = Debug|Any CPU
		{5F2DB149-3C76-4DC5-85C1-430340DEDAF2}.Ad-Hoc|x86.ActiveCfg = Debug|Any CPU
		{5F2DB149-3C76-4DC5-85C1-430340DEDAF2}.Ad-Hoc|x86.Build.0 = Debug|Any CPU
		{5F2DB149-3C76-4DC5-85C1-430340DEDAF2}.Ad-Hoc|x86.Deploy.0 = Debug|Any CPU
		{5F2DB149-3C76-4DC5-85C1-430340DEDAF2}.AppStore|Any CPU.ActiveCfg = Debug|Any CPU
		{5F2DB149-3C76-4DC5-85C1-430340DEDAF2}.AppStore|Any CPU.Build.0 = Debug|Any CPU
		{5F2DB149-3C76-4DC5-85C1-430340DEDAF2}.AppStore|Any CPU.Deploy.0 = Debug|Any CPU
		{5F2DB149-3C76-4DC5-85C1-430340DEDAF2}.AppStore|ARM.ActiveCfg = Debug|Any CPU
		{5F2DB149-3C76-4DC5-85C1-430340DEDAF2}.AppStore|ARM.Build.0 = Debug|Any CPU
		{5F2DB149-3C76-4DC5-85C1-430340DEDAF2}.AppStore|ARM.Deploy.0 = Debug|Any CPU
		{5F2DB149-3C76-4DC5-85C1-430340DEDAF2}.AppStore|ARM64.ActiveCfg = Debug|Any CPU
		{5F2DB149-3C76-4DC5-85C1-430340DEDAF2}.AppStore|ARM64.Build.0 = Debug|Any CPU
		{5F2DB149-3C76-4DC5-85C1-430340DEDAF2}.AppStore|ARM64.Deploy.0 = Debug|Any CPU
		{5F2DB149-3C76-4DC5-85C1-430340DEDAF2}.AppStore|iPhone.ActiveCfg = Debug|Any CPU
		{5F2DB149-3C76-4DC5-85C1-430340DEDAF2}.AppStore|iPhone.Build.0 = Debug|Any CPU
		{5F2DB149-3C76-4DC5-85C1-430340DEDAF2}.AppStore|iPhone.Deploy.0 = Debug|Any CPU
		{5F2DB149-3C76-4DC5-85C1-430340DEDAF2}.AppStore|iPhoneSimulator.ActiveCfg = Debug|Any CPU
		{5F2DB149-3C76-4DC5-85C1-430340DEDAF2}.AppStore|iPhoneSimulator.Build.0 = Debug|Any CPU
		{5F2DB149-3C76-4DC5-85C1-430340DEDAF2}.AppStore|iPhoneSimulator.Deploy.0 = Debug|Any CPU
		{5F2DB149-3C76-4DC5-85C1-430340DEDAF2}.AppStore|x64.ActiveCfg = Debug|Any CPU
		{5F2DB149-3C76-4DC5-85C1-430340DEDAF2}.AppStore|x64.Build.0 = Debug|Any CPU
		{5F2DB149-3C76-4DC5-85C1-430340DEDAF2}.AppStore|x64.Deploy.0 = Debug|Any CPU
		{5F2DB149-3C76-4DC5-85C1-430340DEDAF2}.AppStore|x86.ActiveCfg = Debug|Any CPU
		{5F2DB149-3C76-4DC5-85C1-430340DEDAF2}.AppStore|x86.Build.0 = Debug|Any CPU
		{5F2DB149-3C76-4DC5-85C1-430340DEDAF2}.AppStore|x86.Deploy.0 = Debug|Any CPU
		{5F2DB149-3C76-4DC5-85C1-430340DEDAF2}.Debug|Any CPU.ActiveCfg = Debug|Any CPU
		{5F2DB149-3C76-4DC5-85C1-430340DEDAF2}.Debug|Any CPU.Build.0 = Debug|Any CPU
		{5F2DB149-3C76-4DC5-85C1-430340DEDAF2}.Debug|Any CPU.Deploy.0 = Debug|Any CPU
		{5F2DB149-3C76-4DC5-85C1-430340DEDAF2}.Debug|ARM.ActiveCfg = Debug|Any CPU
		{5F2DB149-3C76-4DC5-85C1-430340DEDAF2}.Debug|ARM.Build.0 = Debug|Any CPU
		{5F2DB149-3C76-4DC5-85C1-430340DEDAF2}.Debug|ARM.Deploy.0 = Debug|Any CPU
		{5F2DB149-3C76-4DC5-85C1-430340DEDAF2}.Debug|ARM64.ActiveCfg = Debug|Any CPU
		{5F2DB149-3C76-4DC5-85C1-430340DEDAF2}.Debug|ARM64.Build.0 = Debug|Any CPU
		{5F2DB149-3C76-4DC5-85C1-430340DEDAF2}.Debug|ARM64.Deploy.0 = Debug|Any CPU
		{5F2DB149-3C76-4DC5-85C1-430340DEDAF2}.Debug|iPhone.ActiveCfg = Debug|Any CPU
		{5F2DB149-3C76-4DC5-85C1-430340DEDAF2}.Debug|iPhone.Build.0 = Debug|Any CPU
		{5F2DB149-3C76-4DC5-85C1-430340DEDAF2}.Debug|iPhone.Deploy.0 = Debug|Any CPU
		{5F2DB149-3C76-4DC5-85C1-430340DEDAF2}.Debug|iPhoneSimulator.ActiveCfg = Debug|Any CPU
		{5F2DB149-3C76-4DC5-85C1-430340DEDAF2}.Debug|iPhoneSimulator.Build.0 = Debug|Any CPU
		{5F2DB149-3C76-4DC5-85C1-430340DEDAF2}.Debug|iPhoneSimulator.Deploy.0 = Debug|Any CPU
		{5F2DB149-3C76-4DC5-85C1-430340DEDAF2}.Debug|x64.ActiveCfg = Debug|Any CPU
		{5F2DB149-3C76-4DC5-85C1-430340DEDAF2}.Debug|x64.Build.0 = Debug|Any CPU
		{5F2DB149-3C76-4DC5-85C1-430340DEDAF2}.Debug|x64.Deploy.0 = Debug|Any CPU
		{5F2DB149-3C76-4DC5-85C1-430340DEDAF2}.Debug|x86.ActiveCfg = Debug|Any CPU
		{5F2DB149-3C76-4DC5-85C1-430340DEDAF2}.Debug|x86.Build.0 = Debug|Any CPU
		{5F2DB149-3C76-4DC5-85C1-430340DEDAF2}.Debug|x86.Deploy.0 = Debug|Any CPU
		{5F2DB149-3C76-4DC5-85C1-430340DEDAF2}.Release|Any CPU.ActiveCfg = Release|Any CPU
		{5F2DB149-3C76-4DC5-85C1-430340DEDAF2}.Release|Any CPU.Build.0 = Release|Any CPU
		{5F2DB149-3C76-4DC5-85C1-430340DEDAF2}.Release|Any CPU.Deploy.0 = Release|Any CPU
		{5F2DB149-3C76-4DC5-85C1-430340DEDAF2}.Release|ARM.ActiveCfg = Release|Any CPU
		{5F2DB149-3C76-4DC5-85C1-430340DEDAF2}.Release|ARM.Build.0 = Release|Any CPU
		{5F2DB149-3C76-4DC5-85C1-430340DEDAF2}.Release|ARM.Deploy.0 = Release|Any CPU
		{5F2DB149-3C76-4DC5-85C1-430340DEDAF2}.Release|ARM64.ActiveCfg = Release|Any CPU
		{5F2DB149-3C76-4DC5-85C1-430340DEDAF2}.Release|ARM64.Build.0 = Release|Any CPU
		{5F2DB149-3C76-4DC5-85C1-430340DEDAF2}.Release|ARM64.Deploy.0 = Release|Any CPU
		{5F2DB149-3C76-4DC5-85C1-430340DEDAF2}.Release|iPhone.ActiveCfg = Release|Any CPU
		{5F2DB149-3C76-4DC5-85C1-430340DEDAF2}.Release|iPhone.Build.0 = Release|Any CPU
		{5F2DB149-3C76-4DC5-85C1-430340DEDAF2}.Release|iPhone.Deploy.0 = Release|Any CPU
		{5F2DB149-3C76-4DC5-85C1-430340DEDAF2}.Release|iPhoneSimulator.ActiveCfg = Release|Any CPU
		{5F2DB149-3C76-4DC5-85C1-430340DEDAF2}.Release|iPhoneSimulator.Build.0 = Release|Any CPU
		{5F2DB149-3C76-4DC5-85C1-430340DEDAF2}.Release|iPhoneSimulator.Deploy.0 = Release|Any CPU
		{5F2DB149-3C76-4DC5-85C1-430340DEDAF2}.Release|x64.ActiveCfg = Release|Any CPU
		{5F2DB149-3C76-4DC5-85C1-430340DEDAF2}.Release|x64.Build.0 = Release|Any CPU
		{5F2DB149-3C76-4DC5-85C1-430340DEDAF2}.Release|x64.Deploy.0 = Release|Any CPU
		{5F2DB149-3C76-4DC5-85C1-430340DEDAF2}.Release|x86.ActiveCfg = Release|Any CPU
		{5F2DB149-3C76-4DC5-85C1-430340DEDAF2}.Release|x86.Build.0 = Release|Any CPU
		{5F2DB149-3C76-4DC5-85C1-430340DEDAF2}.Release|x86.Deploy.0 = Release|Any CPU
		{C6A6BA94-897C-48B5-8046-3DF33897BA94}.Ad-Hoc|Any CPU.ActiveCfg = Debug|Any CPU
		{C6A6BA94-897C-48B5-8046-3DF33897BA94}.Ad-Hoc|Any CPU.Build.0 = Debug|Any CPU
		{C6A6BA94-897C-48B5-8046-3DF33897BA94}.Ad-Hoc|ARM.ActiveCfg = Debug|Any CPU
		{C6A6BA94-897C-48B5-8046-3DF33897BA94}.Ad-Hoc|ARM.Build.0 = Debug|Any CPU
		{C6A6BA94-897C-48B5-8046-3DF33897BA94}.Ad-Hoc|ARM64.ActiveCfg = Debug|Any CPU
		{C6A6BA94-897C-48B5-8046-3DF33897BA94}.Ad-Hoc|ARM64.Build.0 = Debug|Any CPU
		{C6A6BA94-897C-48B5-8046-3DF33897BA94}.Ad-Hoc|iPhone.ActiveCfg = Debug|Any CPU
		{C6A6BA94-897C-48B5-8046-3DF33897BA94}.Ad-Hoc|iPhone.Build.0 = Debug|Any CPU
		{C6A6BA94-897C-48B5-8046-3DF33897BA94}.Ad-Hoc|iPhoneSimulator.ActiveCfg = Debug|Any CPU
		{C6A6BA94-897C-48B5-8046-3DF33897BA94}.Ad-Hoc|iPhoneSimulator.Build.0 = Debug|Any CPU
		{C6A6BA94-897C-48B5-8046-3DF33897BA94}.Ad-Hoc|x64.ActiveCfg = Debug|Any CPU
		{C6A6BA94-897C-48B5-8046-3DF33897BA94}.Ad-Hoc|x64.Build.0 = Debug|Any CPU
		{C6A6BA94-897C-48B5-8046-3DF33897BA94}.Ad-Hoc|x86.ActiveCfg = Debug|Any CPU
		{C6A6BA94-897C-48B5-8046-3DF33897BA94}.Ad-Hoc|x86.Build.0 = Debug|Any CPU
		{C6A6BA94-897C-48B5-8046-3DF33897BA94}.AppStore|Any CPU.ActiveCfg = Debug|Any CPU
		{C6A6BA94-897C-48B5-8046-3DF33897BA94}.AppStore|Any CPU.Build.0 = Debug|Any CPU
		{C6A6BA94-897C-48B5-8046-3DF33897BA94}.AppStore|ARM.ActiveCfg = Debug|Any CPU
		{C6A6BA94-897C-48B5-8046-3DF33897BA94}.AppStore|ARM.Build.0 = Debug|Any CPU
		{C6A6BA94-897C-48B5-8046-3DF33897BA94}.AppStore|ARM64.ActiveCfg = Debug|Any CPU
		{C6A6BA94-897C-48B5-8046-3DF33897BA94}.AppStore|ARM64.Build.0 = Debug|Any CPU
		{C6A6BA94-897C-48B5-8046-3DF33897BA94}.AppStore|iPhone.ActiveCfg = Debug|Any CPU
		{C6A6BA94-897C-48B5-8046-3DF33897BA94}.AppStore|iPhone.Build.0 = Debug|Any CPU
		{C6A6BA94-897C-48B5-8046-3DF33897BA94}.AppStore|iPhoneSimulator.ActiveCfg = Debug|Any CPU
		{C6A6BA94-897C-48B5-8046-3DF33897BA94}.AppStore|iPhoneSimulator.Build.0 = Debug|Any CPU
		{C6A6BA94-897C-48B5-8046-3DF33897BA94}.AppStore|x64.ActiveCfg = Debug|Any CPU
		{C6A6BA94-897C-48B5-8046-3DF33897BA94}.AppStore|x64.Build.0 = Debug|Any CPU
		{C6A6BA94-897C-48B5-8046-3DF33897BA94}.AppStore|x86.ActiveCfg = Debug|Any CPU
		{C6A6BA94-897C-48B5-8046-3DF33897BA94}.AppStore|x86.Build.0 = Debug|Any CPU
		{C6A6BA94-897C-48B5-8046-3DF33897BA94}.Debug|Any CPU.ActiveCfg = Debug|Any CPU
		{C6A6BA94-897C-48B5-8046-3DF33897BA94}.Debug|Any CPU.Build.0 = Debug|Any CPU
		{C6A6BA94-897C-48B5-8046-3DF33897BA94}.Debug|ARM.ActiveCfg = Debug|Any CPU
		{C6A6BA94-897C-48B5-8046-3DF33897BA94}.Debug|ARM.Build.0 = Debug|Any CPU
		{C6A6BA94-897C-48B5-8046-3DF33897BA94}.Debug|ARM64.ActiveCfg = Debug|Any CPU
		{C6A6BA94-897C-48B5-8046-3DF33897BA94}.Debug|ARM64.Build.0 = Debug|Any CPU
		{C6A6BA94-897C-48B5-8046-3DF33897BA94}.Debug|iPhone.ActiveCfg = Debug|Any CPU
		{C6A6BA94-897C-48B5-8046-3DF33897BA94}.Debug|iPhone.Build.0 = Debug|Any CPU
		{C6A6BA94-897C-48B5-8046-3DF33897BA94}.Debug|iPhoneSimulator.ActiveCfg = Debug|Any CPU
		{C6A6BA94-897C-48B5-8046-3DF33897BA94}.Debug|iPhoneSimulator.Build.0 = Debug|Any CPU
		{C6A6BA94-897C-48B5-8046-3DF33897BA94}.Debug|x64.ActiveCfg = Debug|Any CPU
		{C6A6BA94-897C-48B5-8046-3DF33897BA94}.Debug|x64.Build.0 = Debug|Any CPU
		{C6A6BA94-897C-48B5-8046-3DF33897BA94}.Debug|x86.ActiveCfg = Debug|Any CPU
		{C6A6BA94-897C-48B5-8046-3DF33897BA94}.Debug|x86.Build.0 = Debug|Any CPU
		{C6A6BA94-897C-48B5-8046-3DF33897BA94}.Release|Any CPU.ActiveCfg = Release|Any CPU
		{C6A6BA94-897C-48B5-8046-3DF33897BA94}.Release|Any CPU.Build.0 = Release|Any CPU
		{C6A6BA94-897C-48B5-8046-3DF33897BA94}.Release|ARM.ActiveCfg = Release|Any CPU
		{C6A6BA94-897C-48B5-8046-3DF33897BA94}.Release|ARM.Build.0 = Release|Any CPU
		{C6A6BA94-897C-48B5-8046-3DF33897BA94}.Release|ARM64.ActiveCfg = Release|Any CPU
		{C6A6BA94-897C-48B5-8046-3DF33897BA94}.Release|ARM64.Build.0 = Release|Any CPU
		{C6A6BA94-897C-48B5-8046-3DF33897BA94}.Release|iPhone.ActiveCfg = Release|Any CPU
		{C6A6BA94-897C-48B5-8046-3DF33897BA94}.Release|iPhone.Build.0 = Release|Any CPU
		{C6A6BA94-897C-48B5-8046-3DF33897BA94}.Release|iPhoneSimulator.ActiveCfg = Release|Any CPU
		{C6A6BA94-897C-48B5-8046-3DF33897BA94}.Release|iPhoneSimulator.Build.0 = Release|Any CPU
		{C6A6BA94-897C-48B5-8046-3DF33897BA94}.Release|x64.ActiveCfg = Release|Any CPU
		{C6A6BA94-897C-48B5-8046-3DF33897BA94}.Release|x64.Build.0 = Release|Any CPU
		{C6A6BA94-897C-48B5-8046-3DF33897BA94}.Release|x86.ActiveCfg = Release|Any CPU
		{C6A6BA94-897C-48B5-8046-3DF33897BA94}.Release|x86.Build.0 = Release|Any CPU
		{820132E9-57E8-41DE-9E67-336782A68381}.Ad-Hoc|Any CPU.ActiveCfg = Ad-Hoc|iPhoneSimulator
		{820132E9-57E8-41DE-9E67-336782A68381}.Ad-Hoc|ARM.ActiveCfg = Ad-Hoc|iPhoneSimulator
		{820132E9-57E8-41DE-9E67-336782A68381}.Ad-Hoc|ARM64.ActiveCfg = Ad-Hoc|iPhoneSimulator
		{820132E9-57E8-41DE-9E67-336782A68381}.Ad-Hoc|iPhone.ActiveCfg = Ad-Hoc|iPhone
		{820132E9-57E8-41DE-9E67-336782A68381}.Ad-Hoc|iPhone.Build.0 = Ad-Hoc|iPhone
		{820132E9-57E8-41DE-9E67-336782A68381}.Ad-Hoc|iPhoneSimulator.ActiveCfg = Ad-Hoc|iPhoneSimulator
		{820132E9-57E8-41DE-9E67-336782A68381}.Ad-Hoc|iPhoneSimulator.Build.0 = Ad-Hoc|iPhoneSimulator
		{820132E9-57E8-41DE-9E67-336782A68381}.Ad-Hoc|x64.ActiveCfg = Ad-Hoc|iPhoneSimulator
		{820132E9-57E8-41DE-9E67-336782A68381}.Ad-Hoc|x86.ActiveCfg = Ad-Hoc|iPhoneSimulator
		{820132E9-57E8-41DE-9E67-336782A68381}.AppStore|Any CPU.ActiveCfg = AppStore|iPhoneSimulator
		{820132E9-57E8-41DE-9E67-336782A68381}.AppStore|ARM.ActiveCfg = AppStore|iPhoneSimulator
		{820132E9-57E8-41DE-9E67-336782A68381}.AppStore|ARM64.ActiveCfg = AppStore|iPhoneSimulator
		{820132E9-57E8-41DE-9E67-336782A68381}.AppStore|iPhone.ActiveCfg = AppStore|iPhone
		{820132E9-57E8-41DE-9E67-336782A68381}.AppStore|iPhone.Build.0 = AppStore|iPhone
		{820132E9-57E8-41DE-9E67-336782A68381}.AppStore|iPhoneSimulator.ActiveCfg = AppStore|iPhoneSimulator
		{820132E9-57E8-41DE-9E67-336782A68381}.AppStore|iPhoneSimulator.Build.0 = AppStore|iPhoneSimulator
		{820132E9-57E8-41DE-9E67-336782A68381}.AppStore|x64.ActiveCfg = AppStore|iPhoneSimulator
		{820132E9-57E8-41DE-9E67-336782A68381}.AppStore|x86.ActiveCfg = AppStore|iPhoneSimulator
		{820132E9-57E8-41DE-9E67-336782A68381}.Debug|Any CPU.ActiveCfg = Debug|iPhoneSimulator
		{820132E9-57E8-41DE-9E67-336782A68381}.Debug|ARM.ActiveCfg = Debug|iPhoneSimulator
		{820132E9-57E8-41DE-9E67-336782A68381}.Debug|ARM64.ActiveCfg = Debug|iPhoneSimulator
		{820132E9-57E8-41DE-9E67-336782A68381}.Debug|iPhone.ActiveCfg = Debug|iPhone
		{820132E9-57E8-41DE-9E67-336782A68381}.Debug|iPhone.Build.0 = Debug|iPhone
		{820132E9-57E8-41DE-9E67-336782A68381}.Debug|iPhoneSimulator.ActiveCfg = Debug|iPhoneSimulator
		{820132E9-57E8-41DE-9E67-336782A68381}.Debug|iPhoneSimulator.Build.0 = Debug|iPhoneSimulator
		{820132E9-57E8-41DE-9E67-336782A68381}.Debug|x64.ActiveCfg = Debug|iPhoneSimulator
		{820132E9-57E8-41DE-9E67-336782A68381}.Debug|x86.ActiveCfg = Debug|iPhoneSimulator
		{820132E9-57E8-41DE-9E67-336782A68381}.Release|Any CPU.ActiveCfg = Release|iPhoneSimulator
		{820132E9-57E8-41DE-9E67-336782A68381}.Release|ARM.ActiveCfg = Release|iPhoneSimulator
		{820132E9-57E8-41DE-9E67-336782A68381}.Release|ARM64.ActiveCfg = Release|iPhoneSimulator
		{820132E9-57E8-41DE-9E67-336782A68381}.Release|iPhone.ActiveCfg = Release|iPhone
		{820132E9-57E8-41DE-9E67-336782A68381}.Release|iPhone.Build.0 = Release|iPhone
		{820132E9-57E8-41DE-9E67-336782A68381}.Release|iPhoneSimulator.ActiveCfg = Release|iPhoneSimulator
		{820132E9-57E8-41DE-9E67-336782A68381}.Release|iPhoneSimulator.Build.0 = Release|iPhoneSimulator
		{820132E9-57E8-41DE-9E67-336782A68381}.Release|x64.ActiveCfg = Release|iPhoneSimulator
		{820132E9-57E8-41DE-9E67-336782A68381}.Release|x86.ActiveCfg = Release|iPhoneSimulator
		{EA9A5257-39AE-4344-A250-525E7D00B63C}.Ad-Hoc|Any CPU.ActiveCfg = Debug|Any CPU
		{EA9A5257-39AE-4344-A250-525E7D00B63C}.Ad-Hoc|Any CPU.Build.0 = Debug|Any CPU
		{EA9A5257-39AE-4344-A250-525E7D00B63C}.Ad-Hoc|ARM.ActiveCfg = Debug|Any CPU
		{EA9A5257-39AE-4344-A250-525E7D00B63C}.Ad-Hoc|ARM.Build.0 = Debug|Any CPU
		{EA9A5257-39AE-4344-A250-525E7D00B63C}.Ad-Hoc|ARM64.ActiveCfg = Debug|Any CPU
		{EA9A5257-39AE-4344-A250-525E7D00B63C}.Ad-Hoc|ARM64.Build.0 = Debug|Any CPU
		{EA9A5257-39AE-4344-A250-525E7D00B63C}.Ad-Hoc|iPhone.ActiveCfg = Debug|Any CPU
		{EA9A5257-39AE-4344-A250-525E7D00B63C}.Ad-Hoc|iPhone.Build.0 = Debug|Any CPU
		{EA9A5257-39AE-4344-A250-525E7D00B63C}.Ad-Hoc|iPhoneSimulator.ActiveCfg = Debug|Any CPU
		{EA9A5257-39AE-4344-A250-525E7D00B63C}.Ad-Hoc|iPhoneSimulator.Build.0 = Debug|Any CPU
		{EA9A5257-39AE-4344-A250-525E7D00B63C}.Ad-Hoc|x64.ActiveCfg = Debug|Any CPU
		{EA9A5257-39AE-4344-A250-525E7D00B63C}.Ad-Hoc|x64.Build.0 = Debug|Any CPU
		{EA9A5257-39AE-4344-A250-525E7D00B63C}.Ad-Hoc|x86.ActiveCfg = Debug|Any CPU
		{EA9A5257-39AE-4344-A250-525E7D00B63C}.Ad-Hoc|x86.Build.0 = Debug|Any CPU
		{EA9A5257-39AE-4344-A250-525E7D00B63C}.AppStore|Any CPU.ActiveCfg = Debug|Any CPU
		{EA9A5257-39AE-4344-A250-525E7D00B63C}.AppStore|Any CPU.Build.0 = Debug|Any CPU
		{EA9A5257-39AE-4344-A250-525E7D00B63C}.AppStore|ARM.ActiveCfg = Debug|Any CPU
		{EA9A5257-39AE-4344-A250-525E7D00B63C}.AppStore|ARM.Build.0 = Debug|Any CPU
		{EA9A5257-39AE-4344-A250-525E7D00B63C}.AppStore|ARM64.ActiveCfg = Debug|Any CPU
		{EA9A5257-39AE-4344-A250-525E7D00B63C}.AppStore|ARM64.Build.0 = Debug|Any CPU
		{EA9A5257-39AE-4344-A250-525E7D00B63C}.AppStore|iPhone.ActiveCfg = Debug|Any CPU
		{EA9A5257-39AE-4344-A250-525E7D00B63C}.AppStore|iPhone.Build.0 = Debug|Any CPU
		{EA9A5257-39AE-4344-A250-525E7D00B63C}.AppStore|iPhoneSimulator.ActiveCfg = Debug|Any CPU
		{EA9A5257-39AE-4344-A250-525E7D00B63C}.AppStore|iPhoneSimulator.Build.0 = Debug|Any CPU
		{EA9A5257-39AE-4344-A250-525E7D00B63C}.AppStore|x64.ActiveCfg = Debug|Any CPU
		{EA9A5257-39AE-4344-A250-525E7D00B63C}.AppStore|x64.Build.0 = Debug|Any CPU
		{EA9A5257-39AE-4344-A250-525E7D00B63C}.AppStore|x86.ActiveCfg = Debug|Any CPU
		{EA9A5257-39AE-4344-A250-525E7D00B63C}.AppStore|x86.Build.0 = Debug|Any CPU
		{EA9A5257-39AE-4344-A250-525E7D00B63C}.Debug|Any CPU.ActiveCfg = Debug|Any CPU
		{EA9A5257-39AE-4344-A250-525E7D00B63C}.Debug|Any CPU.Build.0 = Debug|Any CPU
		{EA9A5257-39AE-4344-A250-525E7D00B63C}.Debug|ARM.ActiveCfg = Debug|Any CPU
		{EA9A5257-39AE-4344-A250-525E7D00B63C}.Debug|ARM.Build.0 = Debug|Any CPU
		{EA9A5257-39AE-4344-A250-525E7D00B63C}.Debug|ARM64.ActiveCfg = Debug|Any CPU
		{EA9A5257-39AE-4344-A250-525E7D00B63C}.Debug|ARM64.Build.0 = Debug|Any CPU
		{EA9A5257-39AE-4344-A250-525E7D00B63C}.Debug|iPhone.ActiveCfg = Debug|Any CPU
		{EA9A5257-39AE-4344-A250-525E7D00B63C}.Debug|iPhone.Build.0 = Debug|Any CPU
		{EA9A5257-39AE-4344-A250-525E7D00B63C}.Debug|iPhoneSimulator.ActiveCfg = Debug|Any CPU
		{EA9A5257-39AE-4344-A250-525E7D00B63C}.Debug|iPhoneSimulator.Build.0 = Debug|Any CPU
		{EA9A5257-39AE-4344-A250-525E7D00B63C}.Debug|x64.ActiveCfg = Debug|Any CPU
		{EA9A5257-39AE-4344-A250-525E7D00B63C}.Debug|x64.Build.0 = Debug|Any CPU
		{EA9A5257-39AE-4344-A250-525E7D00B63C}.Debug|x86.ActiveCfg = Debug|Any CPU
		{EA9A5257-39AE-4344-A250-525E7D00B63C}.Debug|x86.Build.0 = Debug|Any CPU
		{EA9A5257-39AE-4344-A250-525E7D00B63C}.Release|Any CPU.ActiveCfg = Release|Any CPU
		{EA9A5257-39AE-4344-A250-525E7D00B63C}.Release|Any CPU.Build.0 = Release|Any CPU
		{EA9A5257-39AE-4344-A250-525E7D00B63C}.Release|ARM.ActiveCfg = Release|Any CPU
		{EA9A5257-39AE-4344-A250-525E7D00B63C}.Release|ARM.Build.0 = Release|Any CPU
		{EA9A5257-39AE-4344-A250-525E7D00B63C}.Release|ARM64.ActiveCfg = Release|Any CPU
		{EA9A5257-39AE-4344-A250-525E7D00B63C}.Release|ARM64.Build.0 = Release|Any CPU
		{EA9A5257-39AE-4344-A250-525E7D00B63C}.Release|iPhone.ActiveCfg = Release|Any CPU
		{EA9A5257-39AE-4344-A250-525E7D00B63C}.Release|iPhone.Build.0 = Release|Any CPU
		{EA9A5257-39AE-4344-A250-525E7D00B63C}.Release|iPhoneSimulator.ActiveCfg = Release|Any CPU
		{EA9A5257-39AE-4344-A250-525E7D00B63C}.Release|iPhoneSimulator.Build.0 = Release|Any CPU
		{EA9A5257-39AE-4344-A250-525E7D00B63C}.Release|x64.ActiveCfg = Release|Any CPU
		{EA9A5257-39AE-4344-A250-525E7D00B63C}.Release|x64.Build.0 = Release|Any CPU
		{EA9A5257-39AE-4344-A250-525E7D00B63C}.Release|x86.ActiveCfg = Release|Any CPU
		{EA9A5257-39AE-4344-A250-525E7D00B63C}.Release|x86.Build.0 = Release|Any CPU
		{B9D70A93-2C6D-4F9B-84B3-C55355572105}.Ad-Hoc|Any CPU.ActiveCfg = Debug|x86
		{B9D70A93-2C6D-4F9B-84B3-C55355572105}.Ad-Hoc|Any CPU.Build.0 = Debug|x86
		{B9D70A93-2C6D-4F9B-84B3-C55355572105}.Ad-Hoc|Any CPU.Deploy.0 = Debug|x86
		{B9D70A93-2C6D-4F9B-84B3-C55355572105}.Ad-Hoc|ARM.ActiveCfg = Debug|ARM
		{B9D70A93-2C6D-4F9B-84B3-C55355572105}.Ad-Hoc|ARM.Build.0 = Debug|ARM
		{B9D70A93-2C6D-4F9B-84B3-C55355572105}.Ad-Hoc|ARM.Deploy.0 = Debug|ARM
		{B9D70A93-2C6D-4F9B-84B3-C55355572105}.Ad-Hoc|ARM64.ActiveCfg = Debug|ARM64
		{B9D70A93-2C6D-4F9B-84B3-C55355572105}.Ad-Hoc|ARM64.Build.0 = Debug|ARM64
		{B9D70A93-2C6D-4F9B-84B3-C55355572105}.Ad-Hoc|ARM64.Deploy.0 = Debug|ARM64
		{B9D70A93-2C6D-4F9B-84B3-C55355572105}.Ad-Hoc|iPhone.ActiveCfg = Debug|x86
		{B9D70A93-2C6D-4F9B-84B3-C55355572105}.Ad-Hoc|iPhone.Build.0 = Debug|x86
		{B9D70A93-2C6D-4F9B-84B3-C55355572105}.Ad-Hoc|iPhone.Deploy.0 = Debug|x86
		{B9D70A93-2C6D-4F9B-84B3-C55355572105}.Ad-Hoc|iPhoneSimulator.ActiveCfg = Debug|x86
		{B9D70A93-2C6D-4F9B-84B3-C55355572105}.Ad-Hoc|iPhoneSimulator.Build.0 = Debug|x86
		{B9D70A93-2C6D-4F9B-84B3-C55355572105}.Ad-Hoc|iPhoneSimulator.Deploy.0 = Debug|x86
		{B9D70A93-2C6D-4F9B-84B3-C55355572105}.Ad-Hoc|x64.ActiveCfg = Debug|x64
		{B9D70A93-2C6D-4F9B-84B3-C55355572105}.Ad-Hoc|x64.Build.0 = Debug|x64
		{B9D70A93-2C6D-4F9B-84B3-C55355572105}.Ad-Hoc|x64.Deploy.0 = Debug|x64
		{B9D70A93-2C6D-4F9B-84B3-C55355572105}.Ad-Hoc|x86.ActiveCfg = Debug|x86
		{B9D70A93-2C6D-4F9B-84B3-C55355572105}.Ad-Hoc|x86.Build.0 = Debug|x86
		{B9D70A93-2C6D-4F9B-84B3-C55355572105}.Ad-Hoc|x86.Deploy.0 = Debug|x86
		{B9D70A93-2C6D-4F9B-84B3-C55355572105}.AppStore|Any CPU.ActiveCfg = Debug|x86
		{B9D70A93-2C6D-4F9B-84B3-C55355572105}.AppStore|Any CPU.Build.0 = Debug|x86
		{B9D70A93-2C6D-4F9B-84B3-C55355572105}.AppStore|Any CPU.Deploy.0 = Debug|x86
		{B9D70A93-2C6D-4F9B-84B3-C55355572105}.AppStore|ARM.ActiveCfg = Debug|ARM
		{B9D70A93-2C6D-4F9B-84B3-C55355572105}.AppStore|ARM.Build.0 = Debug|ARM
		{B9D70A93-2C6D-4F9B-84B3-C55355572105}.AppStore|ARM.Deploy.0 = Debug|ARM
		{B9D70A93-2C6D-4F9B-84B3-C55355572105}.AppStore|ARM64.ActiveCfg = Debug|ARM64
		{B9D70A93-2C6D-4F9B-84B3-C55355572105}.AppStore|ARM64.Build.0 = Debug|ARM64
		{B9D70A93-2C6D-4F9B-84B3-C55355572105}.AppStore|ARM64.Deploy.0 = Debug|ARM64
		{B9D70A93-2C6D-4F9B-84B3-C55355572105}.AppStore|iPhone.ActiveCfg = Debug|x86
		{B9D70A93-2C6D-4F9B-84B3-C55355572105}.AppStore|iPhone.Build.0 = Debug|x86
		{B9D70A93-2C6D-4F9B-84B3-C55355572105}.AppStore|iPhone.Deploy.0 = Debug|x86
		{B9D70A93-2C6D-4F9B-84B3-C55355572105}.AppStore|iPhoneSimulator.ActiveCfg = Debug|x86
		{B9D70A93-2C6D-4F9B-84B3-C55355572105}.AppStore|iPhoneSimulator.Build.0 = Debug|x86
		{B9D70A93-2C6D-4F9B-84B3-C55355572105}.AppStore|iPhoneSimulator.Deploy.0 = Debug|x86
		{B9D70A93-2C6D-4F9B-84B3-C55355572105}.AppStore|x64.ActiveCfg = Debug|x64
		{B9D70A93-2C6D-4F9B-84B3-C55355572105}.AppStore|x64.Build.0 = Debug|x64
		{B9D70A93-2C6D-4F9B-84B3-C55355572105}.AppStore|x64.Deploy.0 = Debug|x64
		{B9D70A93-2C6D-4F9B-84B3-C55355572105}.AppStore|x86.ActiveCfg = Debug|x86
		{B9D70A93-2C6D-4F9B-84B3-C55355572105}.AppStore|x86.Build.0 = Debug|x86
		{B9D70A93-2C6D-4F9B-84B3-C55355572105}.AppStore|x86.Deploy.0 = Debug|x86
		{B9D70A93-2C6D-4F9B-84B3-C55355572105}.Debug|Any CPU.ActiveCfg = Debug|x86
		{B9D70A93-2C6D-4F9B-84B3-C55355572105}.Debug|ARM.ActiveCfg = Debug|ARM
		{B9D70A93-2C6D-4F9B-84B3-C55355572105}.Debug|ARM.Build.0 = Debug|ARM
		{B9D70A93-2C6D-4F9B-84B3-C55355572105}.Debug|ARM.Deploy.0 = Debug|ARM
		{B9D70A93-2C6D-4F9B-84B3-C55355572105}.Debug|ARM64.ActiveCfg = Debug|ARM64
		{B9D70A93-2C6D-4F9B-84B3-C55355572105}.Debug|ARM64.Build.0 = Debug|ARM64
		{B9D70A93-2C6D-4F9B-84B3-C55355572105}.Debug|ARM64.Deploy.0 = Debug|ARM64
		{B9D70A93-2C6D-4F9B-84B3-C55355572105}.Debug|iPhone.ActiveCfg = Debug|x86
		{B9D70A93-2C6D-4F9B-84B3-C55355572105}.Debug|iPhoneSimulator.ActiveCfg = Debug|x86
		{B9D70A93-2C6D-4F9B-84B3-C55355572105}.Debug|x64.ActiveCfg = Debug|x64
		{B9D70A93-2C6D-4F9B-84B3-C55355572105}.Debug|x64.Build.0 = Debug|x64
		{B9D70A93-2C6D-4F9B-84B3-C55355572105}.Debug|x64.Deploy.0 = Debug|x64
		{B9D70A93-2C6D-4F9B-84B3-C55355572105}.Debug|x86.ActiveCfg = Debug|x86
		{B9D70A93-2C6D-4F9B-84B3-C55355572105}.Debug|x86.Build.0 = Debug|x86
		{B9D70A93-2C6D-4F9B-84B3-C55355572105}.Debug|x86.Deploy.0 = Debug|x86
		{B9D70A93-2C6D-4F9B-84B3-C55355572105}.Release|Any CPU.ActiveCfg = Release|x86
		{B9D70A93-2C6D-4F9B-84B3-C55355572105}.Release|ARM.ActiveCfg = Release|ARM
		{B9D70A93-2C6D-4F9B-84B3-C55355572105}.Release|ARM.Build.0 = Release|ARM
		{B9D70A93-2C6D-4F9B-84B3-C55355572105}.Release|ARM.Deploy.0 = Release|ARM
		{B9D70A93-2C6D-4F9B-84B3-C55355572105}.Release|ARM64.ActiveCfg = Release|ARM64
		{B9D70A93-2C6D-4F9B-84B3-C55355572105}.Release|ARM64.Build.0 = Release|ARM64
		{B9D70A93-2C6D-4F9B-84B3-C55355572105}.Release|ARM64.Deploy.0 = Release|ARM64
		{B9D70A93-2C6D-4F9B-84B3-C55355572105}.Release|iPhone.ActiveCfg = Release|x86
		{B9D70A93-2C6D-4F9B-84B3-C55355572105}.Release|iPhoneSimulator.ActiveCfg = Release|x86
		{B9D70A93-2C6D-4F9B-84B3-C55355572105}.Release|x64.ActiveCfg = Release|x64
		{B9D70A93-2C6D-4F9B-84B3-C55355572105}.Release|x64.Build.0 = Release|x64
		{B9D70A93-2C6D-4F9B-84B3-C55355572105}.Release|x64.Deploy.0 = Release|x64
		{B9D70A93-2C6D-4F9B-84B3-C55355572105}.Release|x86.ActiveCfg = Release|x86
		{B9D70A93-2C6D-4F9B-84B3-C55355572105}.Release|x86.Build.0 = Release|x86
		{B9D70A93-2C6D-4F9B-84B3-C55355572105}.Release|x86.Deploy.0 = Release|x86
		{CB1DF28E-4EB7-42A0-90AF-B3ED920515D2}.Ad-Hoc|Any CPU.ActiveCfg = Debug|Any CPU
		{CB1DF28E-4EB7-42A0-90AF-B3ED920515D2}.Ad-Hoc|Any CPU.Build.0 = Debug|Any CPU
		{CB1DF28E-4EB7-42A0-90AF-B3ED920515D2}.Ad-Hoc|ARM.ActiveCfg = Debug|Any CPU
		{CB1DF28E-4EB7-42A0-90AF-B3ED920515D2}.Ad-Hoc|ARM.Build.0 = Debug|Any CPU
		{CB1DF28E-4EB7-42A0-90AF-B3ED920515D2}.Ad-Hoc|ARM64.ActiveCfg = Debug|Any CPU
		{CB1DF28E-4EB7-42A0-90AF-B3ED920515D2}.Ad-Hoc|ARM64.Build.0 = Debug|Any CPU
		{CB1DF28E-4EB7-42A0-90AF-B3ED920515D2}.Ad-Hoc|iPhone.ActiveCfg = Debug|Any CPU
		{CB1DF28E-4EB7-42A0-90AF-B3ED920515D2}.Ad-Hoc|iPhone.Build.0 = Debug|Any CPU
		{CB1DF28E-4EB7-42A0-90AF-B3ED920515D2}.Ad-Hoc|iPhoneSimulator.ActiveCfg = Debug|Any CPU
		{CB1DF28E-4EB7-42A0-90AF-B3ED920515D2}.Ad-Hoc|iPhoneSimulator.Build.0 = Debug|Any CPU
		{CB1DF28E-4EB7-42A0-90AF-B3ED920515D2}.Ad-Hoc|x64.ActiveCfg = Debug|Any CPU
		{CB1DF28E-4EB7-42A0-90AF-B3ED920515D2}.Ad-Hoc|x64.Build.0 = Debug|Any CPU
		{CB1DF28E-4EB7-42A0-90AF-B3ED920515D2}.Ad-Hoc|x86.ActiveCfg = Debug|Any CPU
		{CB1DF28E-4EB7-42A0-90AF-B3ED920515D2}.Ad-Hoc|x86.Build.0 = Debug|Any CPU
		{CB1DF28E-4EB7-42A0-90AF-B3ED920515D2}.AppStore|Any CPU.ActiveCfg = Debug|Any CPU
		{CB1DF28E-4EB7-42A0-90AF-B3ED920515D2}.AppStore|Any CPU.Build.0 = Debug|Any CPU
		{CB1DF28E-4EB7-42A0-90AF-B3ED920515D2}.AppStore|ARM.ActiveCfg = Debug|Any CPU
		{CB1DF28E-4EB7-42A0-90AF-B3ED920515D2}.AppStore|ARM.Build.0 = Debug|Any CPU
		{CB1DF28E-4EB7-42A0-90AF-B3ED920515D2}.AppStore|ARM64.ActiveCfg = Debug|Any CPU
		{CB1DF28E-4EB7-42A0-90AF-B3ED920515D2}.AppStore|ARM64.Build.0 = Debug|Any CPU
		{CB1DF28E-4EB7-42A0-90AF-B3ED920515D2}.AppStore|iPhone.ActiveCfg = Debug|Any CPU
		{CB1DF28E-4EB7-42A0-90AF-B3ED920515D2}.AppStore|iPhone.Build.0 = Debug|Any CPU
		{CB1DF28E-4EB7-42A0-90AF-B3ED920515D2}.AppStore|iPhoneSimulator.ActiveCfg = Debug|Any CPU
		{CB1DF28E-4EB7-42A0-90AF-B3ED920515D2}.AppStore|iPhoneSimulator.Build.0 = Debug|Any CPU
		{CB1DF28E-4EB7-42A0-90AF-B3ED920515D2}.AppStore|x64.ActiveCfg = Debug|Any CPU
		{CB1DF28E-4EB7-42A0-90AF-B3ED920515D2}.AppStore|x64.Build.0 = Debug|Any CPU
		{CB1DF28E-4EB7-42A0-90AF-B3ED920515D2}.AppStore|x86.ActiveCfg = Debug|Any CPU
		{CB1DF28E-4EB7-42A0-90AF-B3ED920515D2}.AppStore|x86.Build.0 = Debug|Any CPU
		{CB1DF28E-4EB7-42A0-90AF-B3ED920515D2}.Debug|Any CPU.ActiveCfg = Debug|Any CPU
		{CB1DF28E-4EB7-42A0-90AF-B3ED920515D2}.Debug|Any CPU.Build.0 = Debug|Any CPU
		{CB1DF28E-4EB7-42A0-90AF-B3ED920515D2}.Debug|ARM.ActiveCfg = Debug|Any CPU
		{CB1DF28E-4EB7-42A0-90AF-B3ED920515D2}.Debug|ARM.Build.0 = Debug|Any CPU
		{CB1DF28E-4EB7-42A0-90AF-B3ED920515D2}.Debug|ARM64.ActiveCfg = Debug|Any CPU
		{CB1DF28E-4EB7-42A0-90AF-B3ED920515D2}.Debug|ARM64.Build.0 = Debug|Any CPU
		{CB1DF28E-4EB7-42A0-90AF-B3ED920515D2}.Debug|iPhone.ActiveCfg = Debug|Any CPU
		{CB1DF28E-4EB7-42A0-90AF-B3ED920515D2}.Debug|iPhone.Build.0 = Debug|Any CPU
		{CB1DF28E-4EB7-42A0-90AF-B3ED920515D2}.Debug|iPhoneSimulator.ActiveCfg = Debug|Any CPU
		{CB1DF28E-4EB7-42A0-90AF-B3ED920515D2}.Debug|iPhoneSimulator.Build.0 = Debug|Any CPU
		{CB1DF28E-4EB7-42A0-90AF-B3ED920515D2}.Debug|x64.ActiveCfg = Debug|Any CPU
		{CB1DF28E-4EB7-42A0-90AF-B3ED920515D2}.Debug|x64.Build.0 = Debug|Any CPU
		{CB1DF28E-4EB7-42A0-90AF-B3ED920515D2}.Debug|x86.ActiveCfg = Debug|Any CPU
		{CB1DF28E-4EB7-42A0-90AF-B3ED920515D2}.Debug|x86.Build.0 = Debug|Any CPU
		{CB1DF28E-4EB7-42A0-90AF-B3ED920515D2}.Release|Any CPU.ActiveCfg = Release|Any CPU
		{CB1DF28E-4EB7-42A0-90AF-B3ED920515D2}.Release|Any CPU.Build.0 = Release|Any CPU
		{CB1DF28E-4EB7-42A0-90AF-B3ED920515D2}.Release|ARM.ActiveCfg = Release|Any CPU
		{CB1DF28E-4EB7-42A0-90AF-B3ED920515D2}.Release|ARM.Build.0 = Release|Any CPU
		{CB1DF28E-4EB7-42A0-90AF-B3ED920515D2}.Release|ARM64.ActiveCfg = Release|Any CPU
		{CB1DF28E-4EB7-42A0-90AF-B3ED920515D2}.Release|ARM64.Build.0 = Release|Any CPU
		{CB1DF28E-4EB7-42A0-90AF-B3ED920515D2}.Release|iPhone.ActiveCfg = Release|Any CPU
		{CB1DF28E-4EB7-42A0-90AF-B3ED920515D2}.Release|iPhone.Build.0 = Release|Any CPU
		{CB1DF28E-4EB7-42A0-90AF-B3ED920515D2}.Release|iPhoneSimulator.ActiveCfg = Release|Any CPU
		{CB1DF28E-4EB7-42A0-90AF-B3ED920515D2}.Release|iPhoneSimulator.Build.0 = Release|Any CPU
		{CB1DF28E-4EB7-42A0-90AF-B3ED920515D2}.Release|x64.ActiveCfg = Release|Any CPU
		{CB1DF28E-4EB7-42A0-90AF-B3ED920515D2}.Release|x64.Build.0 = Release|Any CPU
		{CB1DF28E-4EB7-42A0-90AF-B3ED920515D2}.Release|x86.ActiveCfg = Release|Any CPU
		{CB1DF28E-4EB7-42A0-90AF-B3ED920515D2}.Release|x86.Build.0 = Release|Any CPU
	EndGlobalSection
	GlobalSection(SolutionProperties) = preSolution
		HideSolutionNode = FALSE
	EndGlobalSection
	GlobalSection(ExtensibilityGlobals) = postSolution
		SolutionGuid = {70CC7C48-F5FC-4F80-BFAD-BBA1D8C088EE}
	EndGlobalSection
EndGlobal
