
Microsoft Visual Studio Solution File, Format Version 12.00
# Visual Studio 15
VisualStudioVersion = 15.0.26730.10
MinimumVisualStudioVersion = 10.0.40219.1

Project("{6EC3EE1D-3C4E-46DD-8F32-0CC8E7565705}") = "RandomGuid.Fabulous", "RandomGuid.Fabulous\RandomGuid.Fabulous.fsproj", "{5C9C121A-4114-44E1-8D66-B76F6B6B6AE4}"
EndProject

Project("{F2A71F9B-5D33-465A-A702-920D77279786}") = "RandomGuid.Fabulous.Android", "RandomGuid.Fabulous.Android\RandomGuid.Fabulous.Android.fsproj", "{5F2DB149-3C76-4DC5-85C1-430340DEDAF2}"
EndProject

Project("{F2A71F9B-5D33-465A-A702-920D77279786}") = "RandomGuid.Fabulous.Gtk", "RandomGuid.Fabulous.Gtk\RandomGuid.Fabulous.Gtk.fsproj", "{DEBE66D9-5B47-45A1-84D2-76C0F9AE38DA}"
EndProject

Project("{F2A71F9B-5D33-465A-A702-920D77279786}") = "RandomGuid.Fabulous.iOS", "RandomGuid.Fabulous.iOS\RandomGuid.Fabulous.iOS.fsproj", "{820132E9-57E8-41DE-9E67-336782A68381}"
EndProject

Project("{F2A71F9B-5D33-465A-A702-920D77279786}") = "RandomGuid.Fabulous.macOS", "RandomGuid.Fabulous.macOS\RandomGuid.Fabulous.macOS.fsproj", "{EA9A5257-39AE-4344-A250-525E7D00B63C}"
EndProject

Project("{F2A71F9B-5D33-465A-A702-920D77279786}") = "RandomGuid.Fabulous.WPF", "RandomGuid.Fabulous.WPF\RandomGuid.Fabulous.WPF.fsproj", "{AFCD117E-44AE-499D-AAA3-3B9AEA26C3D9}"
EndProject

Project("{FAE04EC0-301F-11D3-BF4B-00C04F79EFBC}") = "RandomGuid.Fabulous.UWP", "RandomGuid.Fabulous.UWP\RandomGuid.Fabulous.UWP.csproj", "{B9D70A93-2C6D-4F9B-84B3-C55355572105}"
EndProject

Global
	GlobalSection(SolutionConfigurationPlatforms) = preSolution
		Ad-Hoc|Any CPU = Ad-Hoc|Any CPU
		Ad-Hoc|ARM = Ad-Hoc|ARM
		Ad-Hoc|iPhone = Ad-Hoc|iPhone
		Ad-Hoc|iPhoneSimulator = Ad-Hoc|iPhoneSimulator
		Ad-Hoc|x64 = Ad-Hoc|x64
		Ad-Hoc|x86 = Ad-Hoc|x86
		AppStore|Any CPU = AppStore|Any CPU
		AppStore|ARM = AppStore|ARM
		AppStore|iPhone = AppStore|iPhone
		AppStore|iPhoneSimulator = AppStore|iPhoneSimulator
		AppStore|x64 = AppStore|x64
		AppStore|x86 = AppStore|x86
		Debug|Any CPU = Debug|Any CPU
		Debug|ARM = Debug|ARM
		Debug|iPhone = Debug|iPhone
		Debug|iPhoneSimulator = Debug|iPhoneSimulator
		Debug|x64 = Debug|x64
		Debug|x86 = Debug|x86
		Release|Any CPU = Release|Any CPU
		Release|ARM = Release|ARM
		Release|iPhone = Release|iPhone
		Release|iPhoneSimulator = Release|iPhoneSimulator
		Release|x64 = Release|x64
		Release|x86 = Release|x86
	EndGlobalSection
	GlobalSection(ProjectConfigurationPlatforms) = postSolution
		{5C9C121A-4114-44E1-8D66-B76F6B6B6AE4}.Ad-Hoc|Any CPU.ActiveCfg = Debug|Any CPU
		{5C9C121A-4114-44E1-8D66-B76F6B6B6AE4}.Ad-Hoc|Any CPU.Build.0 = Debug|Any CPU
		{5C9C121A-4114-44E1-8D66-B76F6B6B6AE4}.Ad-Hoc|ARM.ActiveCfg = Debug|Any CPU
		{5C9C121A-4114-44E1-8D66-B76F6B6B6AE4}.Ad-Hoc|ARM.Build.0 = Debug|Any CPU
		{5C9C121A-4114-44E1-8D66-B76F6B6B6AE4}.Ad-Hoc|iPhone.ActiveCfg = Debug|Any CPU
		{5C9C121A-4114-44E1-8D66-B76F6B6B6AE4}.Ad-Hoc|iPhone.Build.0 = Debug|Any CPU
		{5C9C121A-4114-44E1-8D66-B76F6B6B6AE4}.Ad-Hoc|iPhoneSimulator.ActiveCfg = Debug|Any CPU
		{5C9C121A-4114-44E1-8D66-B76F6B6B6AE4}.Ad-Hoc|iPhoneSimulator.Build.0 = Debug|Any CPU
		{5C9C121A-4114-44E1-8D66-B76F6B6B6AE4}.Ad-Hoc|x64.ActiveCfg = Debug|Any CPU
		{5C9C121A-4114-44E1-8D66-B76F6B6B6AE4}.Ad-Hoc|x64.Build.0 = Debug|Any CPU
		{5C9C121A-4114-44E1-8D66-B76F6B6B6AE4}.Ad-Hoc|x86.ActiveCfg = Debug|Any CPU
		{5C9C121A-4114-44E1-8D66-B76F6B6B6AE4}.Ad-Hoc|x86.Build.0 = Debug|Any CPU
		{5C9C121A-4114-44E1-8D66-B76F6B6B6AE4}.AppStore|Any CPU.ActiveCfg = Debug|Any CPU
		{5C9C121A-4114-44E1-8D66-B76F6B6B6AE4}.AppStore|Any CPU.Build.0 = Debug|Any CPU
		{5C9C121A-4114-44E1-8D66-B76F6B6B6AE4}.AppStore|ARM.ActiveCfg = Debug|Any CPU
		{5C9C121A-4114-44E1-8D66-B76F6B6B6AE4}.AppStore|ARM.Build.0 = Debug|Any CPU
		{5C9C121A-4114-44E1-8D66-B76F6B6B6AE4}.AppStore|iPhone.ActiveCfg = Debug|Any CPU
		{5C9C121A-4114-44E1-8D66-B76F6B6B6AE4}.AppStore|iPhone.Build.0 = Debug|Any CPU
		{5C9C121A-4114-44E1-8D66-B76F6B6B6AE4}.AppStore|iPhoneSimulator.ActiveCfg = Debug|Any CPU
		{5C9C121A-4114-44E1-8D66-B76F6B6B6AE4}.AppStore|iPhoneSimulator.Build.0 = Debug|Any CPU
		{5C9C121A-4114-44E1-8D66-B76F6B6B6AE4}.AppStore|x64.ActiveCfg = Debug|Any CPU
		{5C9C121A-4114-44E1-8D66-B76F6B6B6AE4}.AppStore|x64.Build.0 = Debug|Any CPU
		{5C9C121A-4114-44E1-8D66-B76F6B6B6AE4}.AppStore|x86.ActiveCfg = Debug|Any CPU
		{5C9C121A-4114-44E1-8D66-B76F6B6B6AE4}.AppStore|x86.Build.0 = Debug|Any CPU
		{5C9C121A-4114-44E1-8D66-B76F6B6B6AE4}.Debug|Any CPU.ActiveCfg = Debug|Any CPU
		{5C9C121A-4114-44E1-8D66-B76F6B6B6AE4}.Debug|Any CPU.Build.0 = Debug|Any CPU
		{5C9C121A-4114-44E1-8D66-B76F6B6B6AE4}.Debug|ARM.ActiveCfg = Debug|Any CPU
		{5C9C121A-4114-44E1-8D66-B76F6B6B6AE4}.Debug|ARM.Build.0 = Debug|Any CPU
		{5C9C121A-4114-44E1-8D66-B76F6B6B6AE4}.Debug|iPhone.ActiveCfg = Debug|Any CPU
		{5C9C121A-4114-44E1-8D66-B76F6B6B6AE4}.Debug|iPhone.Build.0 = Debug|Any CPU
		{5C9C121A-4114-44E1-8D66-B76F6B6B6AE4}.Debug|iPhoneSimulator.ActiveCfg = Debug|Any CPU
		{5C9C121A-4114-44E1-8D66-B76F6B6B6AE4}.Debug|iPhoneSimulator.Build.0 = Debug|Any CPU
		{5C9C121A-4114-44E1-8D66-B76F6B6B6AE4}.Debug|x64.ActiveCfg = Debug|Any CPU
		{5C9C121A-4114-44E1-8D66-B76F6B6B6AE4}.Debug|x64.Build.0 = Debug|Any CPU
		{5C9C121A-4114-44E1-8D66-B76F6B6B6AE4}.Debug|x86.ActiveCfg = Debug|Any CPU
		{5C9C121A-4114-44E1-8D66-B76F6B6B6AE4}.Debug|x86.Build.0 = Debug|Any CPU
		{5C9C121A-4114-44E1-8D66-B76F6B6B6AE4}.Release|Any CPU.ActiveCfg = Release|Any CPU
		{5C9C121A-4114-44E1-8D66-B76F6B6B6AE4}.Release|Any CPU.Build.0 = Release|Any CPU
		{5C9C121A-4114-44E1-8D66-B76F6B6B6AE4}.Release|ARM.ActiveCfg = Release|Any CPU
		{5C9C121A-4114-44E1-8D66-B76F6B6B6AE4}.Release|ARM.Build.0 = Release|Any CPU
		{5C9C121A-4114-44E1-8D66-B76F6B6B6AE4}.Release|iPhone.ActiveCfg = Release|Any CPU
		{5C9C121A-4114-44E1-8D66-B76F6B6B6AE4}.Release|iPhone.Build.0 = Release|Any CPU
		{5C9C121A-4114-44E1-8D66-B76F6B6B6AE4}.Release|iPhoneSimulator.ActiveCfg = Release|Any CPU
		{5C9C121A-4114-44E1-8D66-B76F6B6B6AE4}.Release|iPhoneSimulator.Build.0 = Release|Any CPU
		{5C9C121A-4114-44E1-8D66-B76F6B6B6AE4}.Release|x64.ActiveCfg = Release|Any CPU
		{5C9C121A-4114-44E1-8D66-B76F6B6B6AE4}.Release|x64.Build.0 = Release|Any CPU
		{5C9C121A-4114-44E1-8D66-B76F6B6B6AE4}.Release|x86.ActiveCfg = Release|Any CPU
		{5C9C121A-4114-44E1-8D66-B76F6B6B6AE4}.Release|x86.Build.0 = Release|Any CPU
		{820132E9-57E8-41DE-9E67-336782A68381}.Ad-Hoc|Any CPU.ActiveCfg = Ad-Hoc|iPhone
		{820132E9-57E8-41DE-9E67-336782A68381}.Ad-Hoc|ARM.ActiveCfg = Ad-Hoc|iPhone
		{820132E9-57E8-41DE-9E67-336782A68381}.Ad-Hoc|iPhone.ActiveCfg = Ad-Hoc|iPhone
		{820132E9-57E8-41DE-9E67-336782A68381}.Ad-Hoc|iPhone.Build.0 = Ad-Hoc|iPhone
		{820132E9-57E8-41DE-9E67-336782A68381}.Ad-Hoc|iPhoneSimulator.ActiveCfg = Ad-Hoc|iPhoneSimulator
		{820132E9-57E8-41DE-9E67-336782A68381}.Ad-Hoc|iPhoneSimulator.Build.0 = Ad-Hoc|iPhoneSimulator
		{820132E9-57E8-41DE-9E67-336782A68381}.Ad-Hoc|x64.ActiveCfg = Ad-Hoc|iPhone
		{820132E9-57E8-41DE-9E67-336782A68381}.Ad-Hoc|x86.ActiveCfg = Ad-Hoc|iPhone
		{820132E9-57E8-41DE-9E67-336782A68381}.AppStore|Any CPU.ActiveCfg = AppStore|iPhone
		{820132E9-57E8-41DE-9E67-336782A68381}.AppStore|ARM.ActiveCfg = AppStore|iPhone
		{820132E9-57E8-41DE-9E67-336782A68381}.AppStore|iPhone.ActiveCfg = AppStore|iPhone
		{820132E9-57E8-41DE-9E67-336782A68381}.AppStore|iPhone.Build.0 = AppStore|iPhone
		{820132E9-57E8-41DE-9E67-336782A68381}.AppStore|iPhoneSimulator.ActiveCfg = AppStore|iPhoneSimulator
		{820132E9-57E8-41DE-9E67-336782A68381}.AppStore|iPhoneSimulator.Build.0 = AppStore|iPhoneSimulator
		{820132E9-57E8-41DE-9E67-336782A68381}.AppStore|x64.ActiveCfg = AppStore|iPhone
		{820132E9-57E8-41DE-9E67-336782A68381}.AppStore|x86.ActiveCfg = AppStore|iPhone
		{820132E9-57E8-41DE-9E67-336782A68381}.Debug|Any CPU.ActiveCfg = Debug|iPhone
		{820132E9-57E8-41DE-9E67-336782A68381}.Debug|ARM.ActiveCfg = Debug|iPhone
		{820132E9-57E8-41DE-9E67-336782A68381}.Debug|iPhone.ActiveCfg = Debug|iPhone
		{820132E9-57E8-41DE-9E67-336782A68381}.Debug|iPhone.Build.0 = Debug|iPhone
		{820132E9-57E8-41DE-9E67-336782A68381}.Debug|iPhoneSimulator.ActiveCfg = Debug|iPhoneSimulator
		{820132E9-57E8-41DE-9E67-336782A68381}.Debug|iPhoneSimulator.Build.0 = Debug|iPhoneSimulator
		{820132E9-57E8-41DE-9E67-336782A68381}.Debug|x64.ActiveCfg = Debug|iPhone
		{820132E9-57E8-41DE-9E67-336782A68381}.Debug|x86.ActiveCfg = Debug|iPhone
		{820132E9-57E8-41DE-9E67-336782A68381}.Release|Any CPU.ActiveCfg = Release|iPhone
		{820132E9-57E8-41DE-9E67-336782A68381}.Release|ARM.ActiveCfg = Release|iPhone
		{820132E9-57E8-41DE-9E67-336782A68381}.Release|iPhone.ActiveCfg = Release|iPhone
		{820132E9-57E8-41DE-9E67-336782A68381}.Release|iPhone.Build.0 = Release|iPhone
		{820132E9-57E8-41DE-9E67-336782A68381}.Release|iPhoneSimulator.ActiveCfg = Release|iPhoneSimulator
		{820132E9-57E8-41DE-9E67-336782A68381}.Release|iPhoneSimulator.Build.0 = Release|iPhoneSimulator
		{820132E9-57E8-41DE-9E67-336782A68381}.Release|x64.ActiveCfg = Release|iPhone
		{820132E9-57E8-41DE-9E67-336782A68381}.Release|x86.ActiveCfg = Release|iPhone
		{04F6A3ED-3375-4375-A4E2-9B6C7A725427}.Ad-Hoc|Any CPU.ActiveCfg = Release|x86
		{04F6A3ED-3375-4375-A4E2-9B6C7A725427}.Ad-Hoc|Any CPU.Build.0 = Release|x86
		{04F6A3ED-3375-4375-A4E2-9B6C7A725427}.Ad-Hoc|Any CPU.Deploy.0 = Release|x86
		{04F6A3ED-3375-4375-A4E2-9B6C7A725427}.Ad-Hoc|ARM.ActiveCfg = Release|ARM
		{04F6A3ED-3375-4375-A4E2-9B6C7A725427}.Ad-Hoc|ARM.Build.0 = Release|ARM
		{04F6A3ED-3375-4375-A4E2-9B6C7A725427}.Ad-Hoc|ARM.Deploy.0 = Release|ARM
		{04F6A3ED-3375-4375-A4E2-9B6C7A725427}.Ad-Hoc|iPhone.ActiveCfg = Release|x86
		{04F6A3ED-3375-4375-A4E2-9B6C7A725427}.Ad-Hoc|iPhone.Build.0 = Release|x86
		{04F6A3ED-3375-4375-A4E2-9B6C7A725427}.Ad-Hoc|iPhone.Deploy.0 = Release|x86
		{04F6A3ED-3375-4375-A4E2-9B6C7A725427}.Ad-Hoc|iPhoneSimulator.ActiveCfg = Release|x86
		{04F6A3ED-3375-4375-A4E2-9B6C7A725427}.Ad-Hoc|iPhoneSimulator.Build.0 = Release|x86
		{04F6A3ED-3375-4375-A4E2-9B6C7A725427}.Ad-Hoc|iPhoneSimulator.Deploy.0 = Release|x86
		{04F6A3ED-3375-4375-A4E2-9B6C7A725427}.Ad-Hoc|x64.ActiveCfg = Release|x64
		{04F6A3ED-3375-4375-A4E2-9B6C7A725427}.Ad-Hoc|x64.Build.0 = Release|x64
		{04F6A3ED-3375-4375-A4E2-9B6C7A725427}.Ad-Hoc|x64.Deploy.0 = Release|x64
		{04F6A3ED-3375-4375-A4E2-9B6C7A725427}.Ad-Hoc|x86.ActiveCfg = Release|x86
		{04F6A3ED-3375-4375-A4E2-9B6C7A725427}.Ad-Hoc|x86.Build.0 = Release|x86
		{04F6A3ED-3375-4375-A4E2-9B6C7A725427}.Ad-Hoc|x86.Deploy.0 = Release|x86
		{04F6A3ED-3375-4375-A4E2-9B6C7A725427}.AppStore|Any CPU.ActiveCfg = Release|x86
		{04F6A3ED-3375-4375-A4E2-9B6C7A725427}.AppStore|Any CPU.Build.0 = Release|x86
		{04F6A3ED-3375-4375-A4E2-9B6C7A725427}.AppStore|Any CPU.Deploy.0 = Release|x86
		{04F6A3ED-3375-4375-A4E2-9B6C7A725427}.AppStore|ARM.ActiveCfg = Release|ARM
		{04F6A3ED-3375-4375-A4E2-9B6C7A725427}.AppStore|ARM.Build.0 = Release|ARM
		{04F6A3ED-3375-4375-A4E2-9B6C7A725427}.AppStore|ARM.Deploy.0 = Release|ARM
		{04F6A3ED-3375-4375-A4E2-9B6C7A725427}.AppStore|iPhone.ActiveCfg = Release|x86
		{04F6A3ED-3375-4375-A4E2-9B6C7A725427}.AppStore|iPhone.Build.0 = Release|x86
		{04F6A3ED-3375-4375-A4E2-9B6C7A725427}.AppStore|iPhone.Deploy.0 = Release|x86
		{04F6A3ED-3375-4375-A4E2-9B6C7A725427}.AppStore|iPhoneSimulator.ActiveCfg = Release|x86
		{04F6A3ED-3375-4375-A4E2-9B6C7A725427}.AppStore|iPhoneSimulator.Build.0 = Release|x86
		{04F6A3ED-3375-4375-A4E2-9B6C7A725427}.AppStore|iPhoneSimulator.Deploy.0 = Release|x86
		{04F6A3ED-3375-4375-A4E2-9B6C7A725427}.AppStore|x64.ActiveCfg = Release|x64
		{04F6A3ED-3375-4375-A4E2-9B6C7A725427}.AppStore|x64.Build.0 = Release|x64
		{04F6A3ED-3375-4375-A4E2-9B6C7A725427}.AppStore|x64.Deploy.0 = Release|x64
		{04F6A3ED-3375-4375-A4E2-9B6C7A725427}.AppStore|x86.ActiveCfg = Release|x86
		{04F6A3ED-3375-4375-A4E2-9B6C7A725427}.AppStore|x86.Build.0 = Release|x86
		{04F6A3ED-3375-4375-A4E2-9B6C7A725427}.AppStore|x86.Deploy.0 = Release|x86
		{04F6A3ED-3375-4375-A4E2-9B6C7A725427}.Debug|Any CPU.ActiveCfg = Debug|x86
		{04F6A3ED-3375-4375-A4E2-9B6C7A725427}.Debug|ARM.ActiveCfg = Debug|ARM
		{04F6A3ED-3375-4375-A4E2-9B6C7A725427}.Debug|ARM.Build.0 = Debug|ARM
		{04F6A3ED-3375-4375-A4E2-9B6C7A725427}.Debug|ARM.Deploy.0 = Debug|ARM
		{04F6A3ED-3375-4375-A4E2-9B6C7A725427}.Debug|iPhone.ActiveCfg = Debug|x86
		{04F6A3ED-3375-4375-A4E2-9B6C7A725427}.Debug|iPhoneSimulator.ActiveCfg = Debug|x86
		{04F6A3ED-3375-4375-A4E2-9B6C7A725427}.Debug|x64.ActiveCfg = Debug|x64
		{04F6A3ED-3375-4375-A4E2-9B6C7A725427}.Debug|x64.Build.0 = Debug|x64
		{04F6A3ED-3375-4375-A4E2-9B6C7A725427}.Debug|x64.Deploy.0 = Debug|x64
		{04F6A3ED-3375-4375-A4E2-9B6C7A725427}.Debug|x86.ActiveCfg = Debug|x86
		{04F6A3ED-3375-4375-A4E2-9B6C7A725427}.Debug|x86.Build.0 = Debug|x86
		{04F6A3ED-3375-4375-A4E2-9B6C7A725427}.Debug|x86.Deploy.0 = Debug|x86
		{04F6A3ED-3375-4375-A4E2-9B6C7A725427}.Release|Any CPU.ActiveCfg = Release|x86
		{04F6A3ED-3375-4375-A4E2-9B6C7A725427}.Release|ARM.ActiveCfg = Release|ARM
		{04F6A3ED-3375-4375-A4E2-9B6C7A725427}.Release|ARM.Build.0 = Release|ARM
		{04F6A3ED-3375-4375-A4E2-9B6C7A725427}.Release|ARM.Deploy.0 = Release|ARM
		{04F6A3ED-3375-4375-A4E2-9B6C7A725427}.Release|iPhone.ActiveCfg = Release|x86
		{04F6A3ED-3375-4375-A4E2-9B6C7A725427}.Release|iPhoneSimulator.ActiveCfg = Release|x86
		{04F6A3ED-3375-4375-A4E2-9B6C7A725427}.Release|x64.ActiveCfg = Release|x64
		{04F6A3ED-3375-4375-A4E2-9B6C7A725427}.Release|x64.Build.0 = Release|x64
		{04F6A3ED-3375-4375-A4E2-9B6C7A725427}.Release|x64.Deploy.0 = Release|x64
		{04F6A3ED-3375-4375-A4E2-9B6C7A725427}.Release|x86.ActiveCfg = Release|x86
		{04F6A3ED-3375-4375-A4E2-9B6C7A725427}.Release|x86.Build.0 = Release|x86
		{04F6A3ED-3375-4375-A4E2-9B6C7A725427}.Release|x86.Deploy.0 = Release|x86
		{EA9A5257-39AE-4344-A250-525E7D00B63C}.Ad-Hoc|Any CPU.ActiveCfg = Release|Any CPU
		{EA9A5257-39AE-4344-A250-525E7D00B63C}.Ad-Hoc|Any CPU.Build.0 = Release|Any CPU
		{EA9A5257-39AE-4344-A250-525E7D00B63C}.Ad-Hoc|ARM.ActiveCfg = Release|Any CPU
		{EA9A5257-39AE-4344-A250-525E7D00B63C}.Ad-Hoc|ARM.Build.0 = Release|Any CPU
		{EA9A5257-39AE-4344-A250-525E7D00B63C}.Ad-Hoc|iPhone.ActiveCfg = Release|Any CPU
		{EA9A5257-39AE-4344-A250-525E7D00B63C}.Ad-Hoc|iPhone.Build.0 = Release|Any CPU
		{EA9A5257-39AE-4344-A250-525E7D00B63C}.Ad-Hoc|iPhoneSimulator.ActiveCfg = Release|Any CPU
		{EA9A5257-39AE-4344-A250-525E7D00B63C}.Ad-Hoc|iPhoneSimulator.Build.0 = Release|Any CPU
		{EA9A5257-39AE-4344-A250-525E7D00B63C}.Ad-Hoc|x64.ActiveCfg = Release|Any CPU
		{EA9A5257-39AE-4344-A250-525E7D00B63C}.Ad-Hoc|x64.Build.0 = Release|Any CPU
		{EA9A5257-39AE-4344-A250-525E7D00B63C}.Ad-Hoc|x86.ActiveCfg = Release|Any CPU
		{EA9A5257-39AE-4344-A250-525E7D00B63C}.Ad-Hoc|x86.Build.0 = Release|Any CPU
		{EA9A5257-39AE-4344-A250-525E7D00B63C}.AppStore|Any CPU.ActiveCfg = Release|Any CPU
		{EA9A5257-39AE-4344-A250-525E7D00B63C}.AppStore|Any CPU.Build.0 = Release|Any CPU
		{EA9A5257-39AE-4344-A250-525E7D00B63C}.AppStore|ARM.ActiveCfg = Release|Any CPU
		{EA9A5257-39AE-4344-A250-525E7D00B63C}.AppStore|ARM.Build.0 = Release|Any CPU
		{EA9A5257-39AE-4344-A250-525E7D00B63C}.AppStore|iPhone.ActiveCfg = Release|Any CPU
		{EA9A5257-39AE-4344-A250-525E7D00B63C}.AppStore|iPhone.Build.0 = Release|Any CPU
		{EA9A5257-39AE-4344-A250-525E7D00B63C}.AppStore|iPhoneSimulator.ActiveCfg = Release|Any CPU
		{EA9A5257-39AE-4344-A250-525E7D00B63C}.AppStore|iPhoneSimulator.Build.0 = Release|Any CPU
		{EA9A5257-39AE-4344-A250-525E7D00B63C}.AppStore|x64.ActiveCfg = Release|Any CPU
		{EA9A5257-39AE-4344-A250-525E7D00B63C}.AppStore|x64.Build.0 = Release|Any CPU
		{EA9A5257-39AE-4344-A250-525E7D00B63C}.AppStore|x86.ActiveCfg = Release|Any CPU
		{EA9A5257-39AE-4344-A250-525E7D00B63C}.AppStore|x86.Build.0 = Release|Any CPU
		{EA9A5257-39AE-4344-A250-525E7D00B63C}.Debug|Any CPU.ActiveCfg = Debug|Any CPU
		{EA9A5257-39AE-4344-A250-525E7D00B63C}.Debug|Any CPU.Build.0 = Debug|Any CPU
		{EA9A5257-39AE-4344-A250-525E7D00B63C}.Debug|ARM.ActiveCfg = Debug|Any CPU
		{EA9A5257-39AE-4344-A250-525E7D00B63C}.Debug|ARM.Build.0 = Debug|Any CPU
		{EA9A5257-39AE-4344-A250-525E7D00B63C}.Debug|iPhone.ActiveCfg = Debug|Any CPU
		{EA9A5257-39AE-4344-A250-525E7D00B63C}.Debug|iPhone.Build.0 = Debug|Any CPU
		{EA9A5257-39AE-4344-A250-525E7D00B63C}.Debug|iPhoneSimulator.ActiveCfg = Debug|Any CPU
		{EA9A5257-39AE-4344-A250-525E7D00B63C}.Debug|iPhoneSimulator.Build.0 = Debug|Any CPU
		{EA9A5257-39AE-4344-A250-525E7D00B63C}.Debug|x64.ActiveCfg = Debug|Any CPU
		{EA9A5257-39AE-4344-A250-525E7D00B63C}.Debug|x64.Build.0 = Debug|Any CPU
		{EA9A5257-39AE-4344-A250-525E7D00B63C}.Debug|x86.ActiveCfg = Debug|Any CPU
		{EA9A5257-39AE-4344-A250-525E7D00B63C}.Debug|x86.Build.0 = Debug|Any CPU
		{EA9A5257-39AE-4344-A250-525E7D00B63C}.Release|Any CPU.ActiveCfg = Release|Any CPU
		{EA9A5257-39AE-4344-A250-525E7D00B63C}.Release|Any CPU.Build.0 = Release|Any CPU
		{EA9A5257-39AE-4344-A250-525E7D00B63C}.Release|ARM.ActiveCfg = Release|Any CPU
		{EA9A5257-39AE-4344-A250-525E7D00B63C}.Release|ARM.Build.0 = Release|Any CPU
		{EA9A5257-39AE-4344-A250-525E7D00B63C}.Release|iPhone.ActiveCfg = Release|Any CPU
		{EA9A5257-39AE-4344-A250-525E7D00B63C}.Release|iPhone.Build.0 = Release|Any CPU
		{EA9A5257-39AE-4344-A250-525E7D00B63C}.Release|iPhoneSimulator.ActiveCfg = Release|Any CPU
		{EA9A5257-39AE-4344-A250-525E7D00B63C}.Release|iPhoneSimulator.Build.0 = Release|Any CPU
		{EA9A5257-39AE-4344-A250-525E7D00B63C}.Release|x64.ActiveCfg = Release|Any CPU
		{EA9A5257-39AE-4344-A250-525E7D00B63C}.Release|x64.Build.0 = Release|Any CPU
		{EA9A5257-39AE-4344-A250-525E7D00B63C}.Release|x86.ActiveCfg = Release|Any CPU
		{EA9A5257-39AE-4344-A250-525E7D00B63C}.Release|x86.Build.0 = Release|Any CPU
		{AFCD117E-44AE-499D-AAA3-3B9AEA26C3D9}.Ad-Hoc|Any CPU.ActiveCfg = Release|Any CPU
		{AFCD117E-44AE-499D-AAA3-3B9AEA26C3D9}.Ad-Hoc|Any CPU.Build.0 = Release|Any CPU
		{AFCD117E-44AE-499D-AAA3-3B9AEA26C3D9}.Ad-Hoc|ARM.ActiveCfg = Release|Any CPU
		{AFCD117E-44AE-499D-AAA3-3B9AEA26C3D9}.Ad-Hoc|ARM.Build.0 = Release|Any CPU
		{AFCD117E-44AE-499D-AAA3-3B9AEA26C3D9}.Ad-Hoc|iPhone.ActiveCfg = Release|Any CPU
		{AFCD117E-44AE-499D-AAA3-3B9AEA26C3D9}.Ad-Hoc|iPhone.Build.0 = Release|Any CPU
		{AFCD117E-44AE-499D-AAA3-3B9AEA26C3D9}.Ad-Hoc|iPhoneSimulator.ActiveCfg = Release|Any CPU
		{AFCD117E-44AE-499D-AAA3-3B9AEA26C3D9}.Ad-Hoc|iPhoneSimulator.Build.0 = Release|Any CPU
		{AFCD117E-44AE-499D-AAA3-3B9AEA26C3D9}.Ad-Hoc|x64.ActiveCfg = Release|Any CPU
		{AFCD117E-44AE-499D-AAA3-3B9AEA26C3D9}.Ad-Hoc|x64.Build.0 = Release|Any CPU
		{AFCD117E-44AE-499D-AAA3-3B9AEA26C3D9}.Ad-Hoc|x86.ActiveCfg = Release|Any CPU
		{AFCD117E-44AE-499D-AAA3-3B9AEA26C3D9}.Ad-Hoc|x86.Build.0 = Release|Any CPU
		{AFCD117E-44AE-499D-AAA3-3B9AEA26C3D9}.AppStore|Any CPU.ActiveCfg = Release|Any CPU
		{AFCD117E-44AE-499D-AAA3-3B9AEA26C3D9}.AppStore|Any CPU.Build.0 = Release|Any CPU
		{AFCD117E-44AE-499D-AAA3-3B9AEA26C3D9}.AppStore|ARM.ActiveCfg = Release|Any CPU
		{AFCD117E-44AE-499D-AAA3-3B9AEA26C3D9}.AppStore|ARM.Build.0 = Release|Any CPU
		{AFCD117E-44AE-499D-AAA3-3B9AEA26C3D9}.AppStore|iPhone.ActiveCfg = Release|Any CPU
		{AFCD117E-44AE-499D-AAA3-3B9AEA26C3D9}.AppStore|iPhone.Build.0 = Release|Any CPU
		{AFCD117E-44AE-499D-AAA3-3B9AEA26C3D9}.AppStore|iPhoneSimulator.ActiveCfg = Release|Any CPU
		{AFCD117E-44AE-499D-AAA3-3B9AEA26C3D9}.AppStore|iPhoneSimulator.Build.0 = Release|Any CPU
		{AFCD117E-44AE-499D-AAA3-3B9AEA26C3D9}.AppStore|x64.ActiveCfg = Release|Any CPU
		{AFCD117E-44AE-499D-AAA3-3B9AEA26C3D9}.AppStore|x64.Build.0 = Release|Any CPU
		{AFCD117E-44AE-499D-AAA3-3B9AEA26C3D9}.AppStore|x86.ActiveCfg = Release|Any CPU
		{AFCD117E-44AE-499D-AAA3-3B9AEA26C3D9}.AppStore|x86.Build.0 = Release|Any CPU
		{AFCD117E-44AE-499D-AAA3-3B9AEA26C3D9}.Debug|Any CPU.ActiveCfg = Debug|Any CPU
		{AFCD117E-44AE-499D-AAA3-3B9AEA26C3D9}.Debug|Any CPU.Build.0 = Debug|Any CPU
		{AFCD117E-44AE-499D-AAA3-3B9AEA26C3D9}.Debug|ARM.ActiveCfg = Debug|Any CPU
		{AFCD117E-44AE-499D-AAA3-3B9AEA26C3D9}.Debug|ARM.Build.0 = Debug|Any CPU
		{AFCD117E-44AE-499D-AAA3-3B9AEA26C3D9}.Debug|iPhone.ActiveCfg = Debug|Any CPU
		{AFCD117E-44AE-499D-AAA3-3B9AEA26C3D9}.Debug|iPhone.Build.0 = Debug|Any CPU
		{AFCD117E-44AE-499D-AAA3-3B9AEA26C3D9}.Debug|iPhoneSimulator.ActiveCfg = Debug|Any CPU
		{AFCD117E-44AE-499D-AAA3-3B9AEA26C3D9}.Debug|iPhoneSimulator.Build.0 = Debug|Any CPU
		{AFCD117E-44AE-499D-AAA3-3B9AEA26C3D9}.Debug|x64.ActiveCfg = Debug|Any CPU
		{AFCD117E-44AE-499D-AAA3-3B9AEA26C3D9}.Debug|x64.Build.0 = Debug|Any CPU
		{AFCD117E-44AE-499D-AAA3-3B9AEA26C3D9}.Debug|x86.ActiveCfg = Debug|Any CPU
		{AFCD117E-44AE-499D-AAA3-3B9AEA26C3D9}.Debug|x86.Build.0 = Debug|Any CPU
		{AFCD117E-44AE-499D-AAA3-3B9AEA26C3D9}.Release|Any CPU.ActiveCfg = Release|Any CPU
		{AFCD117E-44AE-499D-AAA3-3B9AEA26C3D9}.Release|Any CPU.Build.0 = Release|Any CPU
		{AFCD117E-44AE-499D-AAA3-3B9AEA26C3D9}.Release|ARM.ActiveCfg = Release|Any CPU
		{AFCD117E-44AE-499D-AAA3-3B9AEA26C3D9}.Release|ARM.Build.0 = Release|Any CPU
		{AFCD117E-44AE-499D-AAA3-3B9AEA26C3D9}.Release|iPhone.ActiveCfg = Release|Any CPU
		{AFCD117E-44AE-499D-AAA3-3B9AEA26C3D9}.Release|iPhone.Build.0 = Release|Any CPU
		{AFCD117E-44AE-499D-AAA3-3B9AEA26C3D9}.Release|iPhoneSimulator.ActiveCfg = Release|Any CPU
		{AFCD117E-44AE-499D-AAA3-3B9AEA26C3D9}.Release|iPhoneSimulator.Build.0 = Release|Any CPU
		{AFCD117E-44AE-499D-AAA3-3B9AEA26C3D9}.Release|x64.ActiveCfg = Release|Any CPU
		{AFCD117E-44AE-499D-AAA3-3B9AEA26C3D9}.Release|x64.Build.0 = Release|Any CPU
		{AFCD117E-44AE-499D-AAA3-3B9AEA26C3D9}.Release|x86.ActiveCfg = Release|Any CPU
		{AFCD117E-44AE-499D-AAA3-3B9AEA26C3D9}.Release|x86.Build.0 = Release|Any CPU
		{5F2DB149-3C76-4DC5-85C1-430340DEDAF2}.Ad-Hoc|Any CPU.ActiveCfg = Release|Any CPU
		{5F2DB149-3C76-4DC5-85C1-430340DEDAF2}.Ad-Hoc|Any CPU.Build.0 = Release|Any CPU
		{5F2DB149-3C76-4DC5-85C1-430340DEDAF2}.Ad-Hoc|ARM.ActiveCfg = Release|Any CPU
		{5F2DB149-3C76-4DC5-85C1-430340DEDAF2}.Ad-Hoc|ARM.Build.0 = Release|Any CPU
		{5F2DB149-3C76-4DC5-85C1-430340DEDAF2}.Ad-Hoc|iPhone.ActiveCfg = Release|Any CPU
		{5F2DB149-3C76-4DC5-85C1-430340DEDAF2}.Ad-Hoc|iPhone.Build.0 = Release|Any CPU
		{5F2DB149-3C76-4DC5-85C1-430340DEDAF2}.Ad-Hoc|iPhoneSimulator.ActiveCfg = Release|Any CPU
		{5F2DB149-3C76-4DC5-85C1-430340DEDAF2}.Ad-Hoc|iPhoneSimulator.Build.0 = Release|Any CPU
		{5F2DB149-3C76-4DC5-85C1-430340DEDAF2}.Ad-Hoc|x64.ActiveCfg = Release|Any CPU
		{5F2DB149-3C76-4DC5-85C1-430340DEDAF2}.Ad-Hoc|x64.Build.0 = Release|Any CPU
		{5F2DB149-3C76-4DC5-85C1-430340DEDAF2}.Ad-Hoc|x86.ActiveCfg = Release|Any CPU
		{5F2DB149-3C76-4DC5-85C1-430340DEDAF2}.Ad-Hoc|x86.Build.0 = Release|Any CPU
		{5F2DB149-3C76-4DC5-85C1-430340DEDAF2}.AppStore|Any CPU.ActiveCfg = Release|Any CPU
		{5F2DB149-3C76-4DC5-85C1-430340DEDAF2}.AppStore|Any CPU.Build.0 = Release|Any CPU
		{5F2DB149-3C76-4DC5-85C1-430340DEDAF2}.AppStore|ARM.ActiveCfg = Release|Any CPU
		{5F2DB149-3C76-4DC5-85C1-430340DEDAF2}.AppStore|ARM.Build.0 = Release|Any CPU
		{5F2DB149-3C76-4DC5-85C1-430340DEDAF2}.AppStore|iPhone.ActiveCfg = Release|Any CPU
		{5F2DB149-3C76-4DC5-85C1-430340DEDAF2}.AppStore|iPhone.Build.0 = Release|Any CPU
		{5F2DB149-3C76-4DC5-85C1-430340DEDAF2}.AppStore|iPhoneSimulator.ActiveCfg = Release|Any CPU
		{5F2DB149-3C76-4DC5-85C1-430340DEDAF2}.AppStore|iPhoneSimulator.Build.0 = Release|Any CPU
		{5F2DB149-3C76-4DC5-85C1-430340DEDAF2}.AppStore|x64.ActiveCfg = Release|Any CPU
		{5F2DB149-3C76-4DC5-85C1-430340DEDAF2}.AppStore|x64.Build.0 = Release|Any CPU
		{5F2DB149-3C76-4DC5-85C1-430340DEDAF2}.AppStore|x86.ActiveCfg = Release|Any CPU
		{5F2DB149-3C76-4DC5-85C1-430340DEDAF2}.AppStore|x86.Build.0 = Release|Any CPU
		{5F2DB149-3C76-4DC5-85C1-430340DEDAF2}.Debug|Any CPU.ActiveCfg = Debug|Any CPU
		{5F2DB149-3C76-4DC5-85C1-430340DEDAF2}.Debug|Any CPU.Build.0 = Debug|Any CPU
		{5F2DB149-3C76-4DC5-85C1-430340DEDAF2}.Debug|Any CPU.Deploy.0 = Debug|Any CPU
		{5F2DB149-3C76-4DC5-85C1-430340DEDAF2}.Debug|ARM.ActiveCfg = Debug|Any CPU
		{5F2DB149-3C76-4DC5-85C1-430340DEDAF2}.Debug|ARM.Build.0 = Debug|Any CPU
		{5F2DB149-3C76-4DC5-85C1-430340DEDAF2}.Debug|iPhone.ActiveCfg = Debug|Any CPU
		{5F2DB149-3C76-4DC5-85C1-430340DEDAF2}.Debug|iPhone.Build.0 = Debug|Any CPU
		{5F2DB149-3C76-4DC5-85C1-430340DEDAF2}.Debug|iPhoneSimulator.ActiveCfg = Debug|Any CPU
		{5F2DB149-3C76-4DC5-85C1-430340DEDAF2}.Debug|iPhoneSimulator.Build.0 = Debug|Any CPU
		{5F2DB149-3C76-4DC5-85C1-430340DEDAF2}.Debug|x64.ActiveCfg = Debug|Any CPU
		{5F2DB149-3C76-4DC5-85C1-430340DEDAF2}.Debug|x64.Build.0 = Debug|Any CPU
		{5F2DB149-3C76-4DC5-85C1-430340DEDAF2}.Debug|x86.ActiveCfg = Debug|Any CPU
		{5F2DB149-3C76-4DC5-85C1-430340DEDAF2}.Debug|x86.Build.0 = Debug|Any CPU
		{5F2DB149-3C76-4DC5-85C1-430340DEDAF2}.Release|Any CPU.ActiveCfg = Release|Any CPU
		{5F2DB149-3C76-4DC5-85C1-430340DEDAF2}.Release|Any CPU.Build.0 = Release|Any CPU
		{5F2DB149-3C76-4DC5-85C1-430340DEDAF2}.Release|Any CPU.Deploy.0 = Release|Any CPU
		{5F2DB149-3C76-4DC5-85C1-430340DEDAF2}.Release|ARM.ActiveCfg = Release|Any CPU
		{5F2DB149-3C76-4DC5-85C1-430340DEDAF2}.Release|ARM.Build.0 = Release|Any CPU
		{5F2DB149-3C76-4DC5-85C1-430340DEDAF2}.Release|iPhone.ActiveCfg = Release|Any CPU
		{5F2DB149-3C76-4DC5-85C1-430340DEDAF2}.Release|iPhone.Build.0 = Release|Any CPU
		{5F2DB149-3C76-4DC5-85C1-430340DEDAF2}.Release|iPhoneSimulator.ActiveCfg = Release|Any CPU
		{5F2DB149-3C76-4DC5-85C1-430340DEDAF2}.Release|iPhoneSimulator.Build.0 = Release|Any CPU
		{5F2DB149-3C76-4DC5-85C1-430340DEDAF2}.Release|x64.ActiveCfg = Release|Any CPU
		{5F2DB149-3C76-4DC5-85C1-430340DEDAF2}.Release|x64.Build.0 = Release|Any CPU
		{5F2DB149-3C76-4DC5-85C1-430340DEDAF2}.Release|x86.ActiveCfg = Release|Any CPU
		{5F2DB149-3C76-4DC5-85C1-430340DEDAF2}.Release|x86.Build.0 = Release|Any CPU
		{DEBE66D9-5B47-45A1-84D2-76C0F9AE38DA}.Ad-Hoc|Any CPU.ActiveCfg = Release|Any CPU
		{DEBE66D9-5B47-45A1-84D2-76C0F9AE38DA}.Ad-Hoc|Any CPU.Build.0 = Release|Any CPU
		{DEBE66D9-5B47-45A1-84D2-76C0F9AE38DA}.Ad-Hoc|ARM.ActiveCfg = Release|Any CPU
		{DEBE66D9-5B47-45A1-84D2-76C0F9AE38DA}.Ad-Hoc|ARM.Build.0 = Release|Any CPU
		{DEBE66D9-5B47-45A1-84D2-76C0F9AE38DA}.Ad-Hoc|iPhone.ActiveCfg = Release|Any CPU
		{DEBE66D9-5B47-45A1-84D2-76C0F9AE38DA}.Ad-Hoc|iPhone.Build.0 = Release|Any CPU
		{DEBE66D9-5B47-45A1-84D2-76C0F9AE38DA}.Ad-Hoc|iPhoneSimulator.ActiveCfg = Release|Any CPU
		{DEBE66D9-5B47-45A1-84D2-76C0F9AE38DA}.Ad-Hoc|iPhoneSimulator.Build.0 = Release|Any CPU
		{DEBE66D9-5B47-45A1-84D2-76C0F9AE38DA}.Ad-Hoc|x64.ActiveCfg = Release|Any CPU
		{DEBE66D9-5B47-45A1-84D2-76C0F9AE38DA}.Ad-Hoc|x64.Build.0 = Release|Any CPU
		{DEBE66D9-5B47-45A1-84D2-76C0F9AE38DA}.Ad-Hoc|x86.ActiveCfg = Release|Any CPU
		{DEBE66D9-5B47-45A1-84D2-76C0F9AE38DA}.Ad-Hoc|x86.Build.0 = Release|Any CPU
		{DEBE66D9-5B47-45A1-84D2-76C0F9AE38DA}.AppStore|Any CPU.ActiveCfg = Release|Any CPU
		{DEBE66D9-5B47-45A1-84D2-76C0F9AE38DA}.AppStore|Any CPU.Build.0 = Release|Any CPU
		{DEBE66D9-5B47-45A1-84D2-76C0F9AE38DA}.AppStore|ARM.ActiveCfg = Release|Any CPU
		{DEBE66D9-5B47-45A1-84D2-76C0F9AE38DA}.AppStore|ARM.Build.0 = Release|Any CPU
		{DEBE66D9-5B47-45A1-84D2-76C0F9AE38DA}.AppStore|iPhone.ActiveCfg = Release|Any CPU
		{DEBE66D9-5B47-45A1-84D2-76C0F9AE38DA}.AppStore|iPhone.Build.0 = Release|Any CPU
		{DEBE66D9-5B47-45A1-84D2-76C0F9AE38DA}.AppStore|iPhoneSimulator.ActiveCfg = Release|Any CPU
		{DEBE66D9-5B47-45A1-84D2-76C0F9AE38DA}.AppStore|iPhoneSimulator.Build.0 = Release|Any CPU
		{DEBE66D9-5B47-45A1-84D2-76C0F9AE38DA}.AppStore|x64.ActiveCfg = Release|Any CPU
		{DEBE66D9-5B47-45A1-84D2-76C0F9AE38DA}.AppStore|x64.Build.0 = Release|Any CPU
		{DEBE66D9-5B47-45A1-84D2-76C0F9AE38DA}.AppStore|x86.ActiveCfg = Release|Any CPU
		{DEBE66D9-5B47-45A1-84D2-76C0F9AE38DA}.AppStore|x86.Build.0 = Release|Any CPU
		{DEBE66D9-5B47-45A1-84D2-76C0F9AE38DA}.Debug|Any CPU.ActiveCfg = Debug|Any CPU
		{DEBE66D9-5B47-45A1-84D2-76C0F9AE38DA}.Debug|Any CPU.Build.0 = Debug|Any CPU
		{DEBE66D9-5B47-45A1-84D2-76C0F9AE38DA}.Debug|ARM.ActiveCfg = Debug|Any CPU
		{DEBE66D9-5B47-45A1-84D2-76C0F9AE38DA}.Debug|ARM.Build.0 = Debug|Any CPU
		{DEBE66D9-5B47-45A1-84D2-76C0F9AE38DA}.Debug|iPhone.ActiveCfg = Debug|Any CPU
		{DEBE66D9-5B47-45A1-84D2-76C0F9AE38DA}.Debug|iPhone.Build.0 = Debug|Any CPU
		{DEBE66D9-5B47-45A1-84D2-76C0F9AE38DA}.Debug|iPhoneSimulator.ActiveCfg = Debug|Any CPU
		{DEBE66D9-5B47-45A1-84D2-76C0F9AE38DA}.Debug|iPhoneSimulator.Build.0 = Debug|Any CPU
		{DEBE66D9-5B47-45A1-84D2-76C0F9AE38DA}.Debug|x64.ActiveCfg = Debug|Any CPU
		{DEBE66D9-5B47-45A1-84D2-76C0F9AE38DA}.Debug|x64.Build.0 = Debug|Any CPU
		{DEBE66D9-5B47-45A1-84D2-76C0F9AE38DA}.Debug|x86.ActiveCfg = Debug|Any CPU
		{DEBE66D9-5B47-45A1-84D2-76C0F9AE38DA}.Debug|x86.Build.0 = Debug|Any CPU
		{DEBE66D9-5B47-45A1-84D2-76C0F9AE38DA}.Release|Any CPU.ActiveCfg = Release|Any CPU
		{DEBE66D9-5B47-45A1-84D2-76C0F9AE38DA}.Release|Any CPU.Build.0 = Release|Any CPU
		{DEBE66D9-5B47-45A1-84D2-76C0F9AE38DA}.Release|ARM.ActiveCfg = Release|Any CPU
		{DEBE66D9-5B47-45A1-84D2-76C0F9AE38DA}.Release|ARM.Build.0 = Release|Any CPU
		{DEBE66D9-5B47-45A1-84D2-76C0F9AE38DA}.Release|iPhone.ActiveCfg = Release|Any CPU
		{DEBE66D9-5B47-45A1-84D2-76C0F9AE38DA}.Release|iPhone.Build.0 = Release|Any CPU
		{DEBE66D9-5B47-45A1-84D2-76C0F9AE38DA}.Release|iPhoneSimulator.ActiveCfg = Release|Any CPU
		{DEBE66D9-5B47-45A1-84D2-76C0F9AE38DA}.Release|iPhoneSimulator.Build.0 = Release|Any CPU
		{DEBE66D9-5B47-45A1-84D2-76C0F9AE38DA}.Release|x64.ActiveCfg = Release|Any CPU
		{DEBE66D9-5B47-45A1-84D2-76C0F9AE38DA}.Release|x64.Build.0 = Release|Any CPU
		{DEBE66D9-5B47-45A1-84D2-76C0F9AE38DA}.Release|x86.ActiveCfg = Release|Any CPU
		{DEBE66D9-5B47-45A1-84D2-76C0F9AE38DA}.Release|x86.Build.0 = Release|Any CPU
		{B9D70A93-2C6D-4F9B-84B3-C55355572105}.Ad-Hoc|Any CPU.ActiveCfg = Release|x64
		{B9D70A93-2C6D-4F9B-84B3-C55355572105}.Ad-Hoc|Any CPU.Build.0 = Release|x64
		{B9D70A93-2C6D-4F9B-84B3-C55355572105}.Ad-Hoc|Any CPU.Deploy.0 = Release|x64
		{B9D70A93-2C6D-4F9B-84B3-C55355572105}.Ad-Hoc|ARM.ActiveCfg = Release|ARM
		{B9D70A93-2C6D-4F9B-84B3-C55355572105}.Ad-Hoc|ARM.Build.0 = Release|ARM
		{B9D70A93-2C6D-4F9B-84B3-C55355572105}.Ad-Hoc|ARM.Deploy.0 = Release|ARM
		{B9D70A93-2C6D-4F9B-84B3-C55355572105}.Ad-Hoc|ARM64.ActiveCfg = Release|ARM64
		{B9D70A93-2C6D-4F9B-84B3-C55355572105}.Ad-Hoc|ARM64.Build.0 = Release|ARM64
		{B9D70A93-2C6D-4F9B-84B3-C55355572105}.Ad-Hoc|ARM64.Deploy.0 = Release|ARM64
		{B9D70A93-2C6D-4F9B-84B3-C55355572105}.Ad-Hoc|iPhone.ActiveCfg = Release|x64
		{B9D70A93-2C6D-4F9B-84B3-C55355572105}.Ad-Hoc|iPhone.Build.0 = Release|x64
		{B9D70A93-2C6D-4F9B-84B3-C55355572105}.Ad-Hoc|iPhone.Deploy.0 = Release|x64
		{B9D70A93-2C6D-4F9B-84B3-C55355572105}.Ad-Hoc|iPhoneSimulator.ActiveCfg = Release|x64
		{B9D70A93-2C6D-4F9B-84B3-C55355572105}.Ad-Hoc|iPhoneSimulator.Build.0 = Release|x64
		{B9D70A93-2C6D-4F9B-84B3-C55355572105}.Ad-Hoc|iPhoneSimulator.Deploy.0 = Release|x64
		{B9D70A93-2C6D-4F9B-84B3-C55355572105}.Ad-Hoc|x64.ActiveCfg = Release|x64
		{B9D70A93-2C6D-4F9B-84B3-C55355572105}.Ad-Hoc|x64.Build.0 = Release|x64
		{B9D70A93-2C6D-4F9B-84B3-C55355572105}.Ad-Hoc|x64.Deploy.0 = Release|x64
		{B9D70A93-2C6D-4F9B-84B3-C55355572105}.Ad-Hoc|x86.ActiveCfg = Release|x86
		{B9D70A93-2C6D-4F9B-84B3-C55355572105}.Ad-Hoc|x86.Build.0 = Release|x86
		{B9D70A93-2C6D-4F9B-84B3-C55355572105}.Ad-Hoc|x86.Deploy.0 = Release|x86
		{B9D70A93-2C6D-4F9B-84B3-C55355572105}.AppStore|Any CPU.ActiveCfg = Release|x64
		{B9D70A93-2C6D-4F9B-84B3-C55355572105}.AppStore|Any CPU.Build.0 = Release|x64
		{B9D70A93-2C6D-4F9B-84B3-C55355572105}.AppStore|Any CPU.Deploy.0 = Release|x64
		{B9D70A93-2C6D-4F9B-84B3-C55355572105}.AppStore|ARM.ActiveCfg = Release|ARM
		{B9D70A93-2C6D-4F9B-84B3-C55355572105}.AppStore|ARM.Build.0 = Release|ARM
		{B9D70A93-2C6D-4F9B-84B3-C55355572105}.AppStore|ARM.Deploy.0 = Release|ARM
		{B9D70A93-2C6D-4F9B-84B3-C55355572105}.AppStore|ARM64.ActiveCfg = Release|ARM64
		{B9D70A93-2C6D-4F9B-84B3-C55355572105}.AppStore|ARM64.Build.0 = Release|ARM64
		{B9D70A93-2C6D-4F9B-84B3-C55355572105}.AppStore|ARM64.Deploy.0 = Release|ARM64
		{B9D70A93-2C6D-4F9B-84B3-C55355572105}.AppStore|iPhone.ActiveCfg = Release|x64
		{B9D70A93-2C6D-4F9B-84B3-C55355572105}.AppStore|iPhone.Build.0 = Release|x64
		{B9D70A93-2C6D-4F9B-84B3-C55355572105}.AppStore|iPhone.Deploy.0 = Release|x64
		{B9D70A93-2C6D-4F9B-84B3-C55355572105}.AppStore|iPhoneSimulator.ActiveCfg = Release|x64
		{B9D70A93-2C6D-4F9B-84B3-C55355572105}.AppStore|iPhoneSimulator.Build.0 = Release|x64
		{B9D70A93-2C6D-4F9B-84B3-C55355572105}.AppStore|iPhoneSimulator.Deploy.0 = Release|x64
		{B9D70A93-2C6D-4F9B-84B3-C55355572105}.AppStore|x64.ActiveCfg = Release|x64
		{B9D70A93-2C6D-4F9B-84B3-C55355572105}.AppStore|x64.Build.0 = Release|x64
		{B9D70A93-2C6D-4F9B-84B3-C55355572105}.AppStore|x64.Deploy.0 = Release|x64
		{B9D70A93-2C6D-4F9B-84B3-C55355572105}.AppStore|x86.ActiveCfg = Release|x86
		{B9D70A93-2C6D-4F9B-84B3-C55355572105}.AppStore|x86.Build.0 = Release|x86
		{B9D70A93-2C6D-4F9B-84B3-C55355572105}.AppStore|x86.Deploy.0 = Release|x86
		{B9D70A93-2C6D-4F9B-84B3-C55355572105}.Debug|Any CPU.ActiveCfg = Debug|x86
		{B9D70A93-2C6D-4F9B-84B3-C55355572105}.Debug|ARM.ActiveCfg = Debug|ARM
		{B9D70A93-2C6D-4F9B-84B3-C55355572105}.Debug|ARM.Build.0 = Debug|ARM
		{B9D70A93-2C6D-4F9B-84B3-C55355572105}.Debug|ARM.Deploy.0 = Debug|ARM
		{B9D70A93-2C6D-4F9B-84B3-C55355572105}.Debug|ARM64.ActiveCfg = Debug|ARM64
		{B9D70A93-2C6D-4F9B-84B3-C55355572105}.Debug|ARM64.Build.0 = Debug|ARM64
		{B9D70A93-2C6D-4F9B-84B3-C55355572105}.Debug|ARM64.Deploy.0 = Debug|ARM64
		{B9D70A93-2C6D-4F9B-84B3-C55355572105}.Debug|iPhone.ActiveCfg = Debug|x86
		{B9D70A93-2C6D-4F9B-84B3-C55355572105}.Debug|iPhoneSimulator.ActiveCfg = Debug|x86
		{B9D70A93-2C6D-4F9B-84B3-C55355572105}.Debug|x64.ActiveCfg = Debug|x64
		{B9D70A93-2C6D-4F9B-84B3-C55355572105}.Debug|x64.Build.0 = Debug|x64
		{B9D70A93-2C6D-4F9B-84B3-C55355572105}.Debug|x64.Deploy.0 = Debug|x64
		{B9D70A93-2C6D-4F9B-84B3-C55355572105}.Debug|x86.ActiveCfg = Debug|x86
		{B9D70A93-2C6D-4F9B-84B3-C55355572105}.Debug|x86.Build.0 = Debug|x86
		{B9D70A93-2C6D-4F9B-84B3-C55355572105}.Debug|x86.Deploy.0 = Debug|x86
		{B9D70A93-2C6D-4F9B-84B3-C55355572105}.Release|Any CPU.ActiveCfg = Release|x86
		{B9D70A93-2C6D-4F9B-84B3-C55355572105}.Release|ARM.ActiveCfg = Release|ARM
		{B9D70A93-2C6D-4F9B-84B3-C55355572105}.Release|ARM.Build.0 = Release|ARM
		{B9D70A93-2C6D-4F9B-84B3-C55355572105}.Release|ARM.Deploy.0 = Release|ARM
		{B9D70A93-2C6D-4F9B-84B3-C55355572105}.Release|ARM64.ActiveCfg = Release|ARM64
		{B9D70A93-2C6D-4F9B-84B3-C55355572105}.Release|ARM64.Build.0 = Release|ARM64
		{B9D70A93-2C6D-4F9B-84B3-C55355572105}.Release|ARM64.Deploy.0 = Release|ARM64
		{B9D70A93-2C6D-4F9B-84B3-C55355572105}.Release|iPhone.ActiveCfg = Release|x86
		{B9D70A93-2C6D-4F9B-84B3-C55355572105}.Release|iPhoneSimulator.ActiveCfg = Release|x86
		{B9D70A93-2C6D-4F9B-84B3-C55355572105}.Release|x64.ActiveCfg = Release|x64
		{B9D70A93-2C6D-4F9B-84B3-C55355572105}.Release|x64.Build.0 = Release|x64
		{B9D70A93-2C6D-4F9B-84B3-C55355572105}.Release|x64.Deploy.0 = Release|x64
		{B9D70A93-2C6D-4F9B-84B3-C55355572105}.Release|x86.ActiveCfg = Release|x86
		{B9D70A93-2C6D-4F9B-84B3-C55355572105}.Release|x86.Build.0 = Release|x86
		{B9D70A93-2C6D-4F9B-84B3-C55355572105}.Release|x86.Deploy.0 = Release|x86
	EndGlobalSection
	GlobalSection(SolutionProperties) = preSolution
		HideSolutionNode = FALSE
	EndGlobalSection
	GlobalSection(ExtensibilityGlobals) = postSolution
		SolutionGuid = {F6D05029-56B8-4E45-AF2D-0E76295DDBA2}
	EndGlobalSection
EndGlobal
